
Microsoft Visual Studio Solution File, Format Version 12.00
# Visual Studio Version 16
VisualStudioVersion = 16.0.30804.86
MinimumVisualStudioVersion = 10.0.40219.1
Project("{2150E333-8FDC-42A3-9474-1A3956D46DE8}") = "Encryption", "Encryption", "{1F85F7EC-C1D3-4CBA-ABB6-7B2E6DF4C7C8}"
EndProject
Project("{2150E333-8FDC-42A3-9474-1A3956D46DE8}") = "Authentication", "Authentication", "{7ADA842A-AD65-46CD-9C93-FAC62EEF2ABD}"
EndProject
Project("{2150E333-8FDC-42A3-9474-1A3956D46DE8}") = "Solution Items", "Solution Items", "{A35FE1F4-8975-4135-BE02-F9F837630E1F}"
EndProject
Project("{9A19103F-16F7-4668-BE54-9A1E7A4F7556}") = "SecureTransfer", "SecureTransfer\SecureTransfer.csproj", "{6A910532-BD39-4B4A-877C-B462D7EFBA3D}"
EndProject
Project("{9A19103F-16F7-4668-BE54-9A1E7A4F7556}") = "SigningDemo", "SigningDemo\SigningDemo.csproj", "{63B72EA7-8985-4E0D-A96D-4E89DF5FCF70}"
EndProject
Project("{2150E333-8FDC-42A3-9474-1A3956D46DE8}") = "WebSecurity", "WebSecurity", "{6152D28C-CB31-410A-90BB-6150ED580420}"
EndProject
Project("{9A19103F-16F7-4668-BE54-9A1E7A4F7556}") = "IdentitySample", "IdentitySample\IdentitySample.csproj", "{B82E0FB6-CC7E-4BA4-A711-3FA4A8DFFA02}"
EndProject
Project("{9A19103F-16F7-4668-BE54-9A1E7A4F7556}") = "ASPNETCoreMVCSecurity", "ASPNETCoreMVCSecurity\ASPNETCoreMVCSecurity.csproj", "{5780C810-75D3-46F6-9D33-EE89E8BD1D93}"
EndProject
Project("{9A19103F-16F7-4668-BE54-9A1E7A4F7556}") = "HackingSite", "HackingSite\HackingSite.csproj", "{0B05C3A7-3D6B-4F0B-B697-C8D3B05AAC7C}"
EndProject
Project("{9A19103F-16F7-4668-BE54-9A1E7A4F7556}") = "X509CertificateSample", "X509CertificateSample\X509CertificateSample.csproj", "{78FF1055-AAB5-4C49-A264-E8FA3D34CF06}"
EndProject
Project("{9A19103F-16F7-4668-BE54-9A1E7A4F7556}") = "WebAppWithADSample", "WebAppWithADSample\WebAppWithADSample.csproj", "{3488B290-287C-4455-9DF3-E7FBFE2E4CB8}"
EndProject
Global
	GlobalSection(SolutionConfigurationPlatforms) = preSolution
		Debug|Any CPU = Debug|Any CPU
		Debug|ARM = Debug|ARM
		Debug|x64 = Debug|x64
		Debug|x86 = Debug|x86
		Release|Any CPU = Release|Any CPU
		Release|ARM = Release|ARM
		Release|x64 = Release|x64
		Release|x86 = Release|x86
	EndGlobalSection
	GlobalSection(ProjectConfigurationPlatforms) = postSolution
		{6A910532-BD39-4B4A-877C-B462D7EFBA3D}.Debug|Any CPU.ActiveCfg = Debug|Any CPU
		{6A910532-BD39-4B4A-877C-B462D7EFBA3D}.Debug|Any CPU.Build.0 = Debug|Any CPU
		{6A910532-BD39-4B4A-877C-B462D7EFBA3D}.Debug|ARM.ActiveCfg = Debug|Any CPU
		{6A910532-BD39-4B4A-877C-B462D7EFBA3D}.Debug|ARM.Build.0 = Debug|Any CPU
		{6A910532-BD39-4B4A-877C-B462D7EFBA3D}.Debug|x64.ActiveCfg = Debug|Any CPU
		{6A910532-BD39-4B4A-877C-B462D7EFBA3D}.Debug|x64.Build.0 = Debug|Any CPU
		{6A910532-BD39-4B4A-877C-B462D7EFBA3D}.Debug|x86.ActiveCfg = Debug|Any CPU
		{6A910532-BD39-4B4A-877C-B462D7EFBA3D}.Debug|x86.Build.0 = Debug|Any CPU
		{6A910532-BD39-4B4A-877C-B462D7EFBA3D}.Release|Any CPU.ActiveCfg = Release|Any CPU
		{6A910532-BD39-4B4A-877C-B462D7EFBA3D}.Release|Any CPU.Build.0 = Release|Any CPU
		{6A910532-BD39-4B4A-877C-B462D7EFBA3D}.Release|ARM.ActiveCfg = Release|Any CPU
		{6A910532-BD39-4B4A-877C-B462D7EFBA3D}.Release|ARM.Build.0 = Release|Any CPU
		{6A910532-BD39-4B4A-877C-B462D7EFBA3D}.Release|x64.ActiveCfg = Release|Any CPU
		{6A910532-BD39-4B4A-877C-B462D7EFBA3D}.Release|x64.Build.0 = Release|Any CPU
		{6A910532-BD39-4B4A-877C-B462D7EFBA3D}.Release|x86.ActiveCfg = Release|Any CPU
		{6A910532-BD39-4B4A-877C-B462D7EFBA3D}.Release|x86.Build.0 = Release|Any CPU
		{63B72EA7-8985-4E0D-A96D-4E89DF5FCF70}.Debug|Any CPU.ActiveCfg = Debug|Any CPU
		{63B72EA7-8985-4E0D-A96D-4E89DF5FCF70}.Debug|Any CPU.Build.0 = Debug|Any CPU
		{63B72EA7-8985-4E0D-A96D-4E89DF5FCF70}.Debug|ARM.ActiveCfg = Debug|Any CPU
		{63B72EA7-8985-4E0D-A96D-4E89DF5FCF70}.Debug|ARM.Build.0 = Debug|Any CPU
		{63B72EA7-8985-4E0D-A96D-4E89DF5FCF70}.Debug|x64.ActiveCfg = Debug|Any CPU
		{63B72EA7-8985-4E0D-A96D-4E89DF5FCF70}.Debug|x64.Build.0 = Debug|Any CPU
		{63B72EA7-8985-4E0D-A96D-4E89DF5FCF70}.Debug|x86.ActiveCfg = Debug|Any CPU
		{63B72EA7-8985-4E0D-A96D-4E89DF5FCF70}.Debug|x86.Build.0 = Debug|Any CPU
		{63B72EA7-8985-4E0D-A96D-4E89DF5FCF70}.Release|Any CPU.ActiveCfg = Release|Any CPU
		{63B72EA7-8985-4E0D-A96D-4E89DF5FCF70}.Release|Any CPU.Build.0 = Release|Any CPU
		{63B72EA7-8985-4E0D-A96D-4E89DF5FCF70}.Release|ARM.ActiveCfg = Release|Any CPU
		{63B72EA7-8985-4E0D-A96D-4E89DF5FCF70}.Release|ARM.Build.0 = Release|Any CPU
		{63B72EA7-8985-4E0D-A96D-4E89DF5FCF70}.Release|x64.ActiveCfg = Release|Any CPU
		{63B72EA7-8985-4E0D-A96D-4E89DF5FCF70}.Release|x64.Build.0 = Release|Any CPU
		{63B72EA7-8985-4E0D-A96D-4E89DF5FCF70}.Release|x86.ActiveCfg = Release|Any CPU
		{63B72EA7-8985-4E0D-A96D-4E89DF5FCF70}.Release|x86.Build.0 = Release|Any CPU
		{B82E0FB6-CC7E-4BA4-A711-3FA4A8DFFA02}.Debug|Any CPU.ActiveCfg = Debug|Any CPU
		{B82E0FB6-CC7E-4BA4-A711-3FA4A8DFFA02}.Debug|Any CPU.Build.0 = Debug|Any CPU
		{B82E0FB6-CC7E-4BA4-A711-3FA4A8DFFA02}.Debug|ARM.ActiveCfg = Debug|Any CPU
		{B82E0FB6-CC7E-4BA4-A711-3FA4A8DFFA02}.Debug|ARM.Build.0 = Debug|Any CPU
		{B82E0FB6-CC7E-4BA4-A711-3FA4A8DFFA02}.Debug|x64.ActiveCfg = Debug|Any CPU
		{B82E0FB6-CC7E-4BA4-A711-3FA4A8DFFA02}.Debug|x64.Build.0 = Debug|Any CPU
		{B82E0FB6-CC7E-4BA4-A711-3FA4A8DFFA02}.Debug|x86.ActiveCfg = Debug|Any CPU
		{B82E0FB6-CC7E-4BA4-A711-3FA4A8DFFA02}.Debug|x86.Build.0 = Debug|Any CPU
		{B82E0FB6-CC7E-4BA4-A711-3FA4A8DFFA02}.Release|Any CPU.ActiveCfg = Release|Any CPU
		{B82E0FB6-CC7E-4BA4-A711-3FA4A8DFFA02}.Release|Any CPU.Build.0 = Release|Any CPU
		{B82E0FB6-CC7E-4BA4-A711-3FA4A8DFFA02}.Release|ARM.ActiveCfg = Release|Any CPU
		{B82E0FB6-CC7E-4BA4-A711-3FA4A8DFFA02}.Release|ARM.Build.0 = Release|Any CPU
		{B82E0FB6-CC7E-4BA4-A711-3FA4A8DFFA02}.Release|x64.ActiveCfg = Release|Any CPU
		{B82E0FB6-CC7E-4BA4-A711-3FA4A8DFFA02}.Release|x64.Build.0 = Release|Any CPU
		{B82E0FB6-CC7E-4BA4-A711-3FA4A8DFFA02}.Release|x86.ActiveCfg = Release|Any CPU
		{B82E0FB6-CC7E-4BA4-A711-3FA4A8DFFA02}.Release|x86.Build.0 = Release|Any CPU
		{5780C810-75D3-46F6-9D33-EE89E8BD1D93}.Debug|Any CPU.ActiveCfg = Debug|Any CPU
		{5780C810-75D3-46F6-9D33-EE89E8BD1D93}.Debug|Any CPU.Build.0 = Debug|Any CPU
		{5780C810-75D3-46F6-9D33-EE89E8BD1D93}.Debug|ARM.ActiveCfg = Debug|Any CPU
		{5780C810-75D3-46F6-9D33-EE89E8BD1D93}.Debug|ARM.Build.0 = Debug|Any CPU
		{5780C810-75D3-46F6-9D33-EE89E8BD1D93}.Debug|x64.ActiveCfg = Debug|Any CPU
		{5780C810-75D3-46F6-9D33-EE89E8BD1D93}.Debug|x64.Build.0 = Debug|Any CPU
		{5780C810-75D3-46F6-9D33-EE89E8BD1D93}.Debug|x86.ActiveCfg = Debug|Any CPU
		{5780C810-75D3-46F6-9D33-EE89E8BD1D93}.Debug|x86.Build.0 = Debug|Any CPU
		{5780C810-75D3-46F6-9D33-EE89E8BD1D93}.Release|Any CPU.ActiveCfg = Release|Any CPU
		{5780C810-75D3-46F6-9D33-EE89E8BD1D93}.Release|Any CPU.Build.0 = Release|Any CPU
		{5780C810-75D3-46F6-9D33-EE89E8BD1D93}.Release|ARM.ActiveCfg = Release|Any CPU
		{5780C810-75D3-46F6-9D33-EE89E8BD1D93}.Release|ARM.Build.0 = Release|Any CPU
		{5780C810-75D3-46F6-9D33-EE89E8BD1D93}.Release|x64.ActiveCfg = Release|Any CPU
		{5780C810-75D3-46F6-9D33-EE89E8BD1D93}.Release|x64.Build.0 = Release|Any CPU
		{5780C810-75D3-46F6-9D33-EE89E8BD1D93}.Release|x86.ActiveCfg = Release|Any CPU
		{5780C810-75D3-46F6-9D33-EE89E8BD1D93}.Release|x86.Build.0 = Release|Any CPU
		{0B05C3A7-3D6B-4F0B-B697-C8D3B05AAC7C}.Debug|Any CPU.ActiveCfg = Debug|Any CPU
		{0B05C3A7-3D6B-4F0B-B697-C8D3B05AAC7C}.Debug|Any CPU.Build.0 = Debug|Any CPU
		{0B05C3A7-3D6B-4F0B-B697-C8D3B05AAC7C}.Debug|ARM.ActiveCfg = Debug|Any CPU
		{0B05C3A7-3D6B-4F0B-B697-C8D3B05AAC7C}.Debug|ARM.Build.0 = Debug|Any CPU
		{0B05C3A7-3D6B-4F0B-B697-C8D3B05AAC7C}.Debug|x64.ActiveCfg = Debug|Any CPU
		{0B05C3A7-3D6B-4F0B-B697-C8D3B05AAC7C}.Debug|x64.Build.0 = Debug|Any CPU
		{0B05C3A7-3D6B-4F0B-B697-C8D3B05AAC7C}.Debug|x86.ActiveCfg = Debug|Any CPU
		{0B05C3A7-3D6B-4F0B-B697-C8D3B05AAC7C}.Debug|x86.Build.0 = Debug|Any CPU
		{0B05C3A7-3D6B-4F0B-B697-C8D3B05AAC7C}.Release|Any CPU.ActiveCfg = Release|Any CPU
		{0B05C3A7-3D6B-4F0B-B697-C8D3B05AAC7C}.Release|Any CPU.Build.0 = Release|Any CPU
		{0B05C3A7-3D6B-4F0B-B697-C8D3B05AAC7C}.Release|ARM.ActiveCfg = Release|Any CPU
		{0B05C3A7-3D6B-4F0B-B697-C8D3B05AAC7C}.Release|ARM.Build.0 = Release|Any CPU
		{0B05C3A7-3D6B-4F0B-B697-C8D3B05AAC7C}.Release|x64.ActiveCfg = Release|Any CPU
		{0B05C3A7-3D6B-4F0B-B697-C8D3B05AAC7C}.Release|x64.Build.0 = Release|Any CPU
		{0B05C3A7-3D6B-4F0B-B697-C8D3B05AAC7C}.Release|x86.ActiveCfg = Release|Any CPU
		{0B05C3A7-3D6B-4F0B-B697-C8D3B05AAC7C}.Release|x86.Build.0 = Release|Any CPU
		{78FF1055-AAB5-4C49-A264-E8FA3D34CF06}.Debug|Any CPU.ActiveCfg = Debug|Any CPU
		{78FF1055-AAB5-4C49-A264-E8FA3D34CF06}.Debug|Any CPU.Build.0 = Debug|Any CPU
		{78FF1055-AAB5-4C49-A264-E8FA3D34CF06}.Debug|ARM.ActiveCfg = Debug|Any CPU
		{78FF1055-AAB5-4C49-A264-E8FA3D34CF06}.Debug|ARM.Build.0 = Debug|Any CPU
		{78FF1055-AAB5-4C49-A264-E8FA3D34CF06}.Debug|x64.ActiveCfg = Debug|Any CPU
		{78FF1055-AAB5-4C49-A264-E8FA3D34CF06}.Debug|x64.Build.0 = Debug|Any CPU
		{78FF1055-AAB5-4C49-A264-E8FA3D34CF06}.Debug|x86.ActiveCfg = Debug|Any CPU
		{78FF1055-AAB5-4C49-A264-E8FA3D34CF06}.Debug|x86.Build.0 = Debug|Any CPU
		{78FF1055-AAB5-4C49-A264-E8FA3D34CF06}.Release|Any CPU.ActiveCfg = Release|Any CPU
		{78FF1055-AAB5-4C49-A264-E8FA3D34CF06}.Release|Any CPU.Build.0 = Release|Any CPU
		{78FF1055-AAB5-4C49-A264-E8FA3D34CF06}.Release|ARM.ActiveCfg = Release|Any CPU
		{78FF1055-AAB5-4C49-A264-E8FA3D34CF06}.Release|ARM.Build.0 = Release|Any CPU
		{78FF1055-AAB5-4C49-A264-E8FA3D34CF06}.Release|x64.ActiveCfg = Release|Any CPU
		{78FF1055-AAB5-4C49-A264-E8FA3D34CF06}.Release|x64.Build.0 = Release|Any CPU
		{78FF1055-AAB5-4C49-A264-E8FA3D34CF06}.Release|x86.ActiveCfg = Release|Any CPU
		{78FF1055-AAB5-4C49-A264-E8FA3D34CF06}.Release|x86.Build.0 = Release|Any CPU
		{3488B290-287C-4455-9DF3-E7FBFE2E4CB8}.Debug|Any CPU.ActiveCfg = Debug|Any CPU
		{3488B290-287C-4455-9DF3-E7FBFE2E4CB8}.Debug|Any CPU.Build.0 = Debug|Any CPU
		{3488B290-287C-4455-9DF3-E7FBFE2E4CB8}.Debug|ARM.ActiveCfg = Debug|Any CPU
		{3488B290-287C-4455-9DF3-E7FBFE2E4CB8}.Debug|ARM.Build.0 = Debug|Any CPU
		{3488B290-287C-4455-9DF3-E7FBFE2E4CB8}.Debug|x64.ActiveCfg = Debug|Any CPU
		{3488B290-287C-4455-9DF3-E7FBFE2E4CB8}.Debug|x64.Build.0 = Debug|Any CPU
		{3488B290-287C-4455-9DF3-E7FBFE2E4CB8}.Debug|x86.ActiveCfg = Debug|Any CPU
		{3488B290-287C-4455-9DF3-E7FBFE2E4CB8}.Debug|x86.Build.0 = Debug|Any CPU
		{3488B290-287C-4455-9DF3-E7FBFE2E4CB8}.Release|Any CPU.ActiveCfg = Release|Any CPU
		{3488B290-287C-4455-9DF3-E7FBFE2E4CB8}.Release|Any CPU.Build.0 = Release|Any CPU
		{3488B290-287C-4455-9DF3-E7FBFE2E4CB8}.Release|ARM.ActiveCfg = Release|Any CPU
		{3488B290-287C-4455-9DF3-E7FBFE2E4CB8}.Release|ARM.Build.0 = Release|Any CPU
		{3488B290-287C-4455-9DF3-E7FBFE2E4CB8}.Release|x64.ActiveCfg = Release|Any CPU
		{3488B290-287C-4455-9DF3-E7FBFE2E4CB8}.Release|x64.Build.0 = Release|Any CPU
		{3488B290-287C-4455-9DF3-E7FBFE2E4CB8}.Release|x86.ActiveCfg = Release|Any CPU
		{3488B290-287C-4455-9DF3-E7FBFE2E4CB8}.Release|x86.Build.0 = Release|Any CPU
	EndGlobalSection
	GlobalSection(SolutionProperties) = preSolution
		HideSolutionNode = FALSE
	EndGlobalSection
	GlobalSection(NestedProjects) = preSolution
		{6A910532-BD39-4B4A-877C-B462D7EFBA3D} = {1F85F7EC-C1D3-4CBA-ABB6-7B2E6DF4C7C8}
		{63B72EA7-8985-4E0D-A96D-4E89DF5FCF70} = {1F85F7EC-C1D3-4CBA-ABB6-7B2E6DF4C7C8}
		{B82E0FB6-CC7E-4BA4-A711-3FA4A8DFFA02} = {7ADA842A-AD65-46CD-9C93-FAC62EEF2ABD}
		{5780C810-75D3-46F6-9D33-EE89E8BD1D93} = {6152D28C-CB31-410A-90BB-6150ED580420}
		{0B05C3A7-3D6B-4F0B-B697-C8D3B05AAC7C} = {6152D28C-CB31-410A-90BB-6150ED580420}
		{78FF1055-AAB5-4C49-A264-E8FA3D34CF06} = {1F85F7EC-C1D3-4CBA-ABB6-7B2E6DF4C7C8}
		{3488B290-287C-4455-9DF3-E7FBFE2E4CB8} = {7ADA842A-AD65-46CD-9C93-FAC62EEF2ABD}
	EndGlobalSection
	GlobalSection(ExtensibilityGlobals) = postSolution
		SolutionGuid = {B4F24FA5-F349-4B1C-813C-FCFC674E9B98}
	EndGlobalSection
EndGlobal
