
Microsoft Visual Studio Solution File, Format Version 12.00
# Visual Studio Version 16
VisualStudioVersion = 16.0.31004.235
MinimumVisualStudioVersion = 10.0.40219.1
Project("{9A19103F-16F7-4668-BE54-9A1E7A4F7556}") = "NumberAndDateFormatting", "NumberAndDateFormatting\NumberAndDateFormatting.csproj", "{E478078C-D393-4567-873B-22A9994F29C6}"
EndProject
Project("{9A19103F-16F7-4668-BE54-9A1E7A4F7556}") = "SortingDemo", "SortingDemo\SortingDemo.csproj", "{03D814A2-80C6-4B70-BAD7-EF20ED7DEE89}"
EndProject
Project("{9A19103F-16F7-4668-BE54-9A1E7A4F7556}") = "CreateResource", "CreateResource\CreateResource.csproj", "{DA737664-FCF1-4A0B-A749-D37B34D21563}"
EndProject
Project("{9A19103F-16F7-4668-BE54-9A1E7A4F7556}") = "ResourcesDemo", "ResourcesDemo\ResourcesDemo.csproj", "{87024A2B-5B7B-427D-BC57-334FCF5A0F90}"
EndProject
Project("{FAE04EC0-301F-11D3-BF4B-00C04F79EFBC}") = "UWPLocalization", "UWPLocalization\UWPLocalization.csproj", "{1D921237-B599-4401-A1ED-4923FC823859}"
EndProject
Project("{C7167F0D-BC9F-4E6E-AFE1-012C56B48DB5}") = "WinUICultureDemo (Package)", "WinUICultureDemo\WinUICultureDemo (Package)\WinUICultureDemo (Package).wapproj", "{4C932277-034D-418A-A3DD-D807113A0394}"
EndProject
Project("{9A19103F-16F7-4668-BE54-9A1E7A4F7556}") = "WinUICultureDemo", "WinUICultureDemo\WinUICultureDemo\WinUICultureDemo.csproj", "{8F3575A9-D783-4820-8BEB-5E33DF064EAA}"
EndProject
Project("{9A19103F-16F7-4668-BE54-9A1E7A4F7556}") = "ASPNETCoreLocalization", "ASPNETCoreLocalization\ASPNETCoreLocalization.csproj", "{47DDD398-C5DD-46D0-BDE6-E554D8C72B85}"
EndProject
Project("{C7167F0D-BC9F-4E6E-AFE1-012C56B48DB5}") = "rtest1 (Package)", "rtest1\rtest1 (Package)\rtest1 (Package).wapproj", "{407A553B-E8FD-4984-B1E7-9E2DE40D41CA}"
EndProject
Project("{FAE04EC0-301F-11D3-BF4B-00C04F79EFBC}") = "rtest1", "rtest1\rtest1\rtest1.csproj", "{3251CFB7-C6C1-4338-8460-632E081D3A14}"
EndProject
Project("{C7167F0D-BC9F-4E6E-AFE1-012C56B48DB5}") = "WinUILocalization (Package)", "WinUILocalization\WinUILocalization (Package)\WinUILocalization (Package).wapproj", "{AD1843D9-91E7-4C83-B210-0BF5E51B6202}"
EndProject
Project("{FAE04EC0-301F-11D3-BF4B-00C04F79EFBC}") = "WinUILocalization", "WinUILocalization\WinUILocalization\WinUILocalization.csproj", "{107C9383-EDCA-470D-AE95-7636C25AA530}"
EndProject
Global
	GlobalSection(SolutionConfigurationPlatforms) = preSolution
		Debug|Any CPU = Debug|Any CPU
		Debug|ARM = Debug|ARM
		Debug|arm64 = Debug|arm64
		Debug|x64 = Debug|x64
		Debug|x86 = Debug|x86
		Release|Any CPU = Release|Any CPU
		Release|ARM = Release|ARM
		Release|arm64 = Release|arm64
		Release|x64 = Release|x64
		Release|x86 = Release|x86
	EndGlobalSection
	GlobalSection(ProjectConfigurationPlatforms) = postSolution
		{E478078C-D393-4567-873B-22A9994F29C6}.Debug|Any CPU.ActiveCfg = Debug|Any CPU
		{E478078C-D393-4567-873B-22A9994F29C6}.Debug|Any CPU.Build.0 = Debug|Any CPU
		{E478078C-D393-4567-873B-22A9994F29C6}.Debug|ARM.ActiveCfg = Debug|Any CPU
		{E478078C-D393-4567-873B-22A9994F29C6}.Debug|ARM.Build.0 = Debug|Any CPU
		{E478078C-D393-4567-873B-22A9994F29C6}.Debug|arm64.ActiveCfg = Debug|Any CPU
		{E478078C-D393-4567-873B-22A9994F29C6}.Debug|arm64.Build.0 = Debug|Any CPU
		{E478078C-D393-4567-873B-22A9994F29C6}.Debug|x64.ActiveCfg = Debug|Any CPU
		{E478078C-D393-4567-873B-22A9994F29C6}.Debug|x64.Build.0 = Debug|Any CPU
		{E478078C-D393-4567-873B-22A9994F29C6}.Debug|x86.ActiveCfg = Debug|Any CPU
		{E478078C-D393-4567-873B-22A9994F29C6}.Debug|x86.Build.0 = Debug|Any CPU
		{E478078C-D393-4567-873B-22A9994F29C6}.Release|Any CPU.ActiveCfg = Release|Any CPU
		{E478078C-D393-4567-873B-22A9994F29C6}.Release|Any CPU.Build.0 = Release|Any CPU
		{E478078C-D393-4567-873B-22A9994F29C6}.Release|ARM.ActiveCfg = Release|Any CPU
		{E478078C-D393-4567-873B-22A9994F29C6}.Release|ARM.Build.0 = Release|Any CPU
		{E478078C-D393-4567-873B-22A9994F29C6}.Release|arm64.ActiveCfg = Release|Any CPU
		{E478078C-D393-4567-873B-22A9994F29C6}.Release|arm64.Build.0 = Release|Any CPU
		{E478078C-D393-4567-873B-22A9994F29C6}.Release|x64.ActiveCfg = Release|Any CPU
		{E478078C-D393-4567-873B-22A9994F29C6}.Release|x64.Build.0 = Release|Any CPU
		{E478078C-D393-4567-873B-22A9994F29C6}.Release|x86.ActiveCfg = Release|Any CPU
		{E478078C-D393-4567-873B-22A9994F29C6}.Release|x86.Build.0 = Release|Any CPU
		{03D814A2-80C6-4B70-BAD7-EF20ED7DEE89}.Debug|Any CPU.ActiveCfg = Debug|Any CPU
		{03D814A2-80C6-4B70-BAD7-EF20ED7DEE89}.Debug|Any CPU.Build.0 = Debug|Any CPU
		{03D814A2-80C6-4B70-BAD7-EF20ED7DEE89}.Debug|ARM.ActiveCfg = Debug|Any CPU
		{03D814A2-80C6-4B70-BAD7-EF20ED7DEE89}.Debug|ARM.Build.0 = Debug|Any CPU
		{03D814A2-80C6-4B70-BAD7-EF20ED7DEE89}.Debug|arm64.ActiveCfg = Debug|Any CPU
		{03D814A2-80C6-4B70-BAD7-EF20ED7DEE89}.Debug|arm64.Build.0 = Debug|Any CPU
		{03D814A2-80C6-4B70-BAD7-EF20ED7DEE89}.Debug|x64.ActiveCfg = Debug|Any CPU
		{03D814A2-80C6-4B70-BAD7-EF20ED7DEE89}.Debug|x64.Build.0 = Debug|Any CPU
		{03D814A2-80C6-4B70-BAD7-EF20ED7DEE89}.Debug|x86.ActiveCfg = Debug|Any CPU
		{03D814A2-80C6-4B70-BAD7-EF20ED7DEE89}.Debug|x86.Build.0 = Debug|Any CPU
		{03D814A2-80C6-4B70-BAD7-EF20ED7DEE89}.Release|Any CPU.ActiveCfg = Release|Any CPU
		{03D814A2-80C6-4B70-BAD7-EF20ED7DEE89}.Release|Any CPU.Build.0 = Release|Any CPU
		{03D814A2-80C6-4B70-BAD7-EF20ED7DEE89}.Release|ARM.ActiveCfg = Release|Any CPU
		{03D814A2-80C6-4B70-BAD7-EF20ED7DEE89}.Release|ARM.Build.0 = Release|Any CPU
		{03D814A2-80C6-4B70-BAD7-EF20ED7DEE89}.Release|arm64.ActiveCfg = Release|Any CPU
		{03D814A2-80C6-4B70-BAD7-EF20ED7DEE89}.Release|arm64.Build.0 = Release|Any CPU
		{03D814A2-80C6-4B70-BAD7-EF20ED7DEE89}.Release|x64.ActiveCfg = Release|Any CPU
		{03D814A2-80C6-4B70-BAD7-EF20ED7DEE89}.Release|x64.Build.0 = Release|Any CPU
		{03D814A2-80C6-4B70-BAD7-EF20ED7DEE89}.Release|x86.ActiveCfg = Release|Any CPU
		{03D814A2-80C6-4B70-BAD7-EF20ED7DEE89}.Release|x86.Build.0 = Release|Any CPU
		{DA737664-FCF1-4A0B-A749-D37B34D21563}.Debug|Any CPU.ActiveCfg = Debug|Any CPU
		{DA737664-FCF1-4A0B-A749-D37B34D21563}.Debug|Any CPU.Build.0 = Debug|Any CPU
		{DA737664-FCF1-4A0B-A749-D37B34D21563}.Debug|ARM.ActiveCfg = Debug|Any CPU
		{DA737664-FCF1-4A0B-A749-D37B34D21563}.Debug|ARM.Build.0 = Debug|Any CPU
		{DA737664-FCF1-4A0B-A749-D37B34D21563}.Debug|arm64.ActiveCfg = Debug|Any CPU
		{DA737664-FCF1-4A0B-A749-D37B34D21563}.Debug|arm64.Build.0 = Debug|Any CPU
		{DA737664-FCF1-4A0B-A749-D37B34D21563}.Debug|x64.ActiveCfg = Debug|Any CPU
		{DA737664-FCF1-4A0B-A749-D37B34D21563}.Debug|x64.Build.0 = Debug|Any CPU
		{DA737664-FCF1-4A0B-A749-D37B34D21563}.Debug|x86.ActiveCfg = Debug|Any CPU
		{DA737664-FCF1-4A0B-A749-D37B34D21563}.Debug|x86.Build.0 = Debug|Any CPU
		{DA737664-FCF1-4A0B-A749-D37B34D21563}.Release|Any CPU.ActiveCfg = Release|Any CPU
		{DA737664-FCF1-4A0B-A749-D37B34D21563}.Release|Any CPU.Build.0 = Release|Any CPU
		{DA737664-FCF1-4A0B-A749-D37B34D21563}.Release|ARM.ActiveCfg = Release|Any CPU
		{DA737664-FCF1-4A0B-A749-D37B34D21563}.Release|ARM.Build.0 = Release|Any CPU
		{DA737664-FCF1-4A0B-A749-D37B34D21563}.Release|arm64.ActiveCfg = Release|Any CPU
		{DA737664-FCF1-4A0B-A749-D37B34D21563}.Release|arm64.Build.0 = Release|Any CPU
		{DA737664-FCF1-4A0B-A749-D37B34D21563}.Release|x64.ActiveCfg = Release|Any CPU
		{DA737664-FCF1-4A0B-A749-D37B34D21563}.Release|x64.Build.0 = Release|Any CPU
		{DA737664-FCF1-4A0B-A749-D37B34D21563}.Release|x86.ActiveCfg = Release|Any CPU
		{DA737664-FCF1-4A0B-A749-D37B34D21563}.Release|x86.Build.0 = Release|Any CPU
		{87024A2B-5B7B-427D-BC57-334FCF5A0F90}.Debug|Any CPU.ActiveCfg = Debug|Any CPU
		{87024A2B-5B7B-427D-BC57-334FCF5A0F90}.Debug|Any CPU.Build.0 = Debug|Any CPU
		{87024A2B-5B7B-427D-BC57-334FCF5A0F90}.Debug|ARM.ActiveCfg = Debug|Any CPU
		{87024A2B-5B7B-427D-BC57-334FCF5A0F90}.Debug|ARM.Build.0 = Debug|Any CPU
		{87024A2B-5B7B-427D-BC57-334FCF5A0F90}.Debug|arm64.ActiveCfg = Debug|Any CPU
		{87024A2B-5B7B-427D-BC57-334FCF5A0F90}.Debug|arm64.Build.0 = Debug|Any CPU
		{87024A2B-5B7B-427D-BC57-334FCF5A0F90}.Debug|x64.ActiveCfg = Debug|Any CPU
		{87024A2B-5B7B-427D-BC57-334FCF5A0F90}.Debug|x64.Build.0 = Debug|Any CPU
		{87024A2B-5B7B-427D-BC57-334FCF5A0F90}.Debug|x86.ActiveCfg = Debug|Any CPU
		{87024A2B-5B7B-427D-BC57-334FCF5A0F90}.Debug|x86.Build.0 = Debug|Any CPU
		{87024A2B-5B7B-427D-BC57-334FCF5A0F90}.Release|Any CPU.ActiveCfg = Release|Any CPU
		{87024A2B-5B7B-427D-BC57-334FCF5A0F90}.Release|Any CPU.Build.0 = Release|Any CPU
		{87024A2B-5B7B-427D-BC57-334FCF5A0F90}.Release|ARM.ActiveCfg = Release|Any CPU
		{87024A2B-5B7B-427D-BC57-334FCF5A0F90}.Release|ARM.Build.0 = Release|Any CPU
		{87024A2B-5B7B-427D-BC57-334FCF5A0F90}.Release|arm64.ActiveCfg = Release|Any CPU
		{87024A2B-5B7B-427D-BC57-334FCF5A0F90}.Release|arm64.Build.0 = Release|Any CPU
		{87024A2B-5B7B-427D-BC57-334FCF5A0F90}.Release|x64.ActiveCfg = Release|Any CPU
		{87024A2B-5B7B-427D-BC57-334FCF5A0F90}.Release|x64.Build.0 = Release|Any CPU
		{87024A2B-5B7B-427D-BC57-334FCF5A0F90}.Release|x86.ActiveCfg = Release|Any CPU
		{87024A2B-5B7B-427D-BC57-334FCF5A0F90}.Release|x86.Build.0 = Release|Any CPU
		{1D921237-B599-4401-A1ED-4923FC823859}.Debug|Any CPU.ActiveCfg = Debug|x86
		{1D921237-B599-4401-A1ED-4923FC823859}.Debug|ARM.ActiveCfg = Debug|ARM
		{1D921237-B599-4401-A1ED-4923FC823859}.Debug|ARM.Build.0 = Debug|ARM
		{1D921237-B599-4401-A1ED-4923FC823859}.Debug|ARM.Deploy.0 = Debug|ARM
		{1D921237-B599-4401-A1ED-4923FC823859}.Debug|arm64.ActiveCfg = Debug|x86
		{1D921237-B599-4401-A1ED-4923FC823859}.Debug|x64.ActiveCfg = Debug|x64
		{1D921237-B599-4401-A1ED-4923FC823859}.Debug|x64.Build.0 = Debug|x64
		{1D921237-B599-4401-A1ED-4923FC823859}.Debug|x64.Deploy.0 = Debug|x64
		{1D921237-B599-4401-A1ED-4923FC823859}.Debug|x86.ActiveCfg = Debug|x86
		{1D921237-B599-4401-A1ED-4923FC823859}.Debug|x86.Build.0 = Debug|x86
		{1D921237-B599-4401-A1ED-4923FC823859}.Debug|x86.Deploy.0 = Debug|x86
		{1D921237-B599-4401-A1ED-4923FC823859}.Release|Any CPU.ActiveCfg = Release|x86
		{1D921237-B599-4401-A1ED-4923FC823859}.Release|ARM.ActiveCfg = Release|ARM
		{1D921237-B599-4401-A1ED-4923FC823859}.Release|ARM.Build.0 = Release|ARM
		{1D921237-B599-4401-A1ED-4923FC823859}.Release|ARM.Deploy.0 = Release|ARM
		{1D921237-B599-4401-A1ED-4923FC823859}.Release|arm64.ActiveCfg = Release|x86
		{1D921237-B599-4401-A1ED-4923FC823859}.Release|x64.ActiveCfg = Release|x64
		{1D921237-B599-4401-A1ED-4923FC823859}.Release|x64.Build.0 = Release|x64
		{1D921237-B599-4401-A1ED-4923FC823859}.Release|x64.Deploy.0 = Release|x64
		{1D921237-B599-4401-A1ED-4923FC823859}.Release|x86.ActiveCfg = Release|x86
		{1D921237-B599-4401-A1ED-4923FC823859}.Release|x86.Build.0 = Release|x86
		{1D921237-B599-4401-A1ED-4923FC823859}.Release|x86.Deploy.0 = Release|x86
		{4C932277-034D-418A-A3DD-D807113A0394}.Debug|Any CPU.ActiveCfg = Debug|x86
		{4C932277-034D-418A-A3DD-D807113A0394}.Debug|Any CPU.Build.0 = Debug|x86
		{4C932277-034D-418A-A3DD-D807113A0394}.Debug|Any CPU.Deploy.0 = Debug|x86
		{4C932277-034D-418A-A3DD-D807113A0394}.Debug|ARM.ActiveCfg = Debug|x86
		{4C932277-034D-418A-A3DD-D807113A0394}.Debug|arm64.ActiveCfg = Debug|arm64
		{4C932277-034D-418A-A3DD-D807113A0394}.Debug|arm64.Build.0 = Debug|arm64
		{4C932277-034D-418A-A3DD-D807113A0394}.Debug|arm64.Deploy.0 = Debug|arm64
		{4C932277-034D-418A-A3DD-D807113A0394}.Debug|x64.ActiveCfg = Debug|x64
		{4C932277-034D-418A-A3DD-D807113A0394}.Debug|x64.Build.0 = Debug|x64
		{4C932277-034D-418A-A3DD-D807113A0394}.Debug|x64.Deploy.0 = Debug|x64
		{4C932277-034D-418A-A3DD-D807113A0394}.Debug|x86.ActiveCfg = Debug|x86
		{4C932277-034D-418A-A3DD-D807113A0394}.Debug|x86.Build.0 = Debug|x86
		{4C932277-034D-418A-A3DD-D807113A0394}.Debug|x86.Deploy.0 = Debug|x86
		{4C932277-034D-418A-A3DD-D807113A0394}.Release|Any CPU.ActiveCfg = Release|x86
		{4C932277-034D-418A-A3DD-D807113A0394}.Release|ARM.ActiveCfg = Release|x86
		{4C932277-034D-418A-A3DD-D807113A0394}.Release|arm64.ActiveCfg = Release|arm64
		{4C932277-034D-418A-A3DD-D807113A0394}.Release|arm64.Build.0 = Release|arm64
		{4C932277-034D-418A-A3DD-D807113A0394}.Release|arm64.Deploy.0 = Release|arm64
		{4C932277-034D-418A-A3DD-D807113A0394}.Release|x64.ActiveCfg = Release|x64
		{4C932277-034D-418A-A3DD-D807113A0394}.Release|x64.Build.0 = Release|x64
		{4C932277-034D-418A-A3DD-D807113A0394}.Release|x64.Deploy.0 = Release|x64
		{4C932277-034D-418A-A3DD-D807113A0394}.Release|x86.ActiveCfg = Release|x86
		{4C932277-034D-418A-A3DD-D807113A0394}.Release|x86.Build.0 = Release|x86
		{4C932277-034D-418A-A3DD-D807113A0394}.Release|x86.Deploy.0 = Release|x86
		{8F3575A9-D783-4820-8BEB-5E33DF064EAA}.Debug|Any CPU.ActiveCfg = Debug|x86
		{8F3575A9-D783-4820-8BEB-5E33DF064EAA}.Debug|Any CPU.Build.0 = Debug|x86
		{8F3575A9-D783-4820-8BEB-5E33DF064EAA}.Debug|ARM.ActiveCfg = Debug|x86
		{8F3575A9-D783-4820-8BEB-5E33DF064EAA}.Debug|arm64.ActiveCfg = Debug|arm64
		{8F3575A9-D783-4820-8BEB-5E33DF064EAA}.Debug|arm64.Build.0 = Debug|arm64
		{8F3575A9-D783-4820-8BEB-5E33DF064EAA}.Debug|x64.ActiveCfg = Debug|x64
		{8F3575A9-D783-4820-8BEB-5E33DF064EAA}.Debug|x64.Build.0 = Debug|x64
		{8F3575A9-D783-4820-8BEB-5E33DF064EAA}.Debug|x86.ActiveCfg = Debug|x86
		{8F3575A9-D783-4820-8BEB-5E33DF064EAA}.Debug|x86.Build.0 = Debug|x86
		{8F3575A9-D783-4820-8BEB-5E33DF064EAA}.Release|Any CPU.ActiveCfg = Release|x86
		{8F3575A9-D783-4820-8BEB-5E33DF064EAA}.Release|ARM.ActiveCfg = Release|x86
		{8F3575A9-D783-4820-8BEB-5E33DF064EAA}.Release|arm64.ActiveCfg = Release|arm64
		{8F3575A9-D783-4820-8BEB-5E33DF064EAA}.Release|arm64.Build.0 = Release|arm64
		{8F3575A9-D783-4820-8BEB-5E33DF064EAA}.Release|x64.ActiveCfg = Release|x64
		{8F3575A9-D783-4820-8BEB-5E33DF064EAA}.Release|x64.Build.0 = Release|x64
		{8F3575A9-D783-4820-8BEB-5E33DF064EAA}.Release|x86.ActiveCfg = Release|x86
		{8F3575A9-D783-4820-8BEB-5E33DF064EAA}.Release|x86.Build.0 = Release|x86
		{47DDD398-C5DD-46D0-BDE6-E554D8C72B85}.Debug|Any CPU.ActiveCfg = Debug|Any CPU
		{47DDD398-C5DD-46D0-BDE6-E554D8C72B85}.Debug|Any CPU.Build.0 = Debug|Any CPU
		{47DDD398-C5DD-46D0-BDE6-E554D8C72B85}.Debug|ARM.ActiveCfg = Debug|Any CPU
		{47DDD398-C5DD-46D0-BDE6-E554D8C72B85}.Debug|ARM.Build.0 = Debug|Any CPU
		{47DDD398-C5DD-46D0-BDE6-E554D8C72B85}.Debug|arm64.ActiveCfg = Debug|Any CPU
		{47DDD398-C5DD-46D0-BDE6-E554D8C72B85}.Debug|arm64.Build.0 = Debug|Any CPU
		{47DDD398-C5DD-46D0-BDE6-E554D8C72B85}.Debug|x64.ActiveCfg = Debug|Any CPU
		{47DDD398-C5DD-46D0-BDE6-E554D8C72B85}.Debug|x64.Build.0 = Debug|Any CPU
		{47DDD398-C5DD-46D0-BDE6-E554D8C72B85}.Debug|x86.ActiveCfg = Debug|Any CPU
		{47DDD398-C5DD-46D0-BDE6-E554D8C72B85}.Debug|x86.Build.0 = Debug|Any CPU
		{47DDD398-C5DD-46D0-BDE6-E554D8C72B85}.Release|Any CPU.ActiveCfg = Release|Any CPU
		{47DDD398-C5DD-46D0-BDE6-E554D8C72B85}.Release|Any CPU.Build.0 = Release|Any CPU
		{47DDD398-C5DD-46D0-BDE6-E554D8C72B85}.Release|ARM.ActiveCfg = Release|Any CPU
		{47DDD398-C5DD-46D0-BDE6-E554D8C72B85}.Release|ARM.Build.0 = Release|Any CPU
		{47DDD398-C5DD-46D0-BDE6-E554D8C72B85}.Release|arm64.ActiveCfg = Release|Any CPU
		{47DDD398-C5DD-46D0-BDE6-E554D8C72B85}.Release|arm64.Build.0 = Release|Any CPU
		{47DDD398-C5DD-46D0-BDE6-E554D8C72B85}.Release|x64.ActiveCfg = Release|Any CPU
		{47DDD398-C5DD-46D0-BDE6-E554D8C72B85}.Release|x64.Build.0 = Release|Any CPU
		{47DDD398-C5DD-46D0-BDE6-E554D8C72B85}.Release|x86.ActiveCfg = Release|Any CPU
		{47DDD398-C5DD-46D0-BDE6-E554D8C72B85}.Release|x86.Build.0 = Release|Any CPU
		{407A553B-E8FD-4984-B1E7-9E2DE40D41CA}.Debug|Any CPU.ActiveCfg = Debug|x86
		{407A553B-E8FD-4984-B1E7-9E2DE40D41CA}.Debug|ARM.ActiveCfg = Debug|x86
		{407A553B-E8FD-4984-B1E7-9E2DE40D41CA}.Debug|arm64.ActiveCfg = Debug|arm64
		{407A553B-E8FD-4984-B1E7-9E2DE40D41CA}.Debug|arm64.Build.0 = Debug|arm64
		{407A553B-E8FD-4984-B1E7-9E2DE40D41CA}.Debug|arm64.Deploy.0 = Debug|arm64
		{407A553B-E8FD-4984-B1E7-9E2DE40D41CA}.Debug|x64.ActiveCfg = Debug|x64
		{407A553B-E8FD-4984-B1E7-9E2DE40D41CA}.Debug|x64.Build.0 = Debug|x64
		{407A553B-E8FD-4984-B1E7-9E2DE40D41CA}.Debug|x64.Deploy.0 = Debug|x64
		{407A553B-E8FD-4984-B1E7-9E2DE40D41CA}.Debug|x86.ActiveCfg = Debug|x86
		{407A553B-E8FD-4984-B1E7-9E2DE40D41CA}.Debug|x86.Build.0 = Debug|x86
		{407A553B-E8FD-4984-B1E7-9E2DE40D41CA}.Debug|x86.Deploy.0 = Debug|x86
		{407A553B-E8FD-4984-B1E7-9E2DE40D41CA}.Release|Any CPU.ActiveCfg = Release|x86
		{407A553B-E8FD-4984-B1E7-9E2DE40D41CA}.Release|ARM.ActiveCfg = Release|x86
		{407A553B-E8FD-4984-B1E7-9E2DE40D41CA}.Release|arm64.ActiveCfg = Release|arm64
		{407A553B-E8FD-4984-B1E7-9E2DE40D41CA}.Release|arm64.Build.0 = Release|arm64
		{407A553B-E8FD-4984-B1E7-9E2DE40D41CA}.Release|arm64.Deploy.0 = Release|arm64
		{407A553B-E8FD-4984-B1E7-9E2DE40D41CA}.Release|x64.ActiveCfg = Release|x64
		{407A553B-E8FD-4984-B1E7-9E2DE40D41CA}.Release|x64.Build.0 = Release|x64
		{407A553B-E8FD-4984-B1E7-9E2DE40D41CA}.Release|x64.Deploy.0 = Release|x64
		{407A553B-E8FD-4984-B1E7-9E2DE40D41CA}.Release|x86.ActiveCfg = Release|x86
		{407A553B-E8FD-4984-B1E7-9E2DE40D41CA}.Release|x86.Build.0 = Release|x86
		{407A553B-E8FD-4984-B1E7-9E2DE40D41CA}.Release|x86.Deploy.0 = Release|x86
		{3251CFB7-C6C1-4338-8460-632E081D3A14}.Debug|Any CPU.ActiveCfg = Debug|x86
		{3251CFB7-C6C1-4338-8460-632E081D3A14}.Debug|ARM.ActiveCfg = Debug|x86
		{3251CFB7-C6C1-4338-8460-632E081D3A14}.Debug|arm64.ActiveCfg = Debug|arm64
		{3251CFB7-C6C1-4338-8460-632E081D3A14}.Debug|arm64.Build.0 = Debug|arm64
		{3251CFB7-C6C1-4338-8460-632E081D3A14}.Debug|x64.ActiveCfg = Debug|x64
		{3251CFB7-C6C1-4338-8460-632E081D3A14}.Debug|x64.Build.0 = Debug|x64
		{3251CFB7-C6C1-4338-8460-632E081D3A14}.Debug|x86.ActiveCfg = Debug|x86
		{3251CFB7-C6C1-4338-8460-632E081D3A14}.Debug|x86.Build.0 = Debug|x86
		{3251CFB7-C6C1-4338-8460-632E081D3A14}.Release|Any CPU.ActiveCfg = Release|x86
		{3251CFB7-C6C1-4338-8460-632E081D3A14}.Release|ARM.ActiveCfg = Release|x86
		{3251CFB7-C6C1-4338-8460-632E081D3A14}.Release|arm64.ActiveCfg = Release|arm64
		{3251CFB7-C6C1-4338-8460-632E081D3A14}.Release|arm64.Build.0 = Release|arm64
		{3251CFB7-C6C1-4338-8460-632E081D3A14}.Release|x64.ActiveCfg = Release|x64
		{3251CFB7-C6C1-4338-8460-632E081D3A14}.Release|x64.Build.0 = Release|x64
		{3251CFB7-C6C1-4338-8460-632E081D3A14}.Release|x86.ActiveCfg = Release|x86
		{3251CFB7-C6C1-4338-8460-632E081D3A14}.Release|x86.Build.0 = Release|x86
		{AD1843D9-91E7-4C83-B210-0BF5E51B6202}.Debug|Any CPU.ActiveCfg = Debug|x86
		{AD1843D9-91E7-4C83-B210-0BF5E51B6202}.Debug|ARM.ActiveCfg = Debug|x86
		{AD1843D9-91E7-4C83-B210-0BF5E51B6202}.Debug|arm64.ActiveCfg = Debug|arm64
		{AD1843D9-91E7-4C83-B210-0BF5E51B6202}.Debug|arm64.Build.0 = Debug|arm64
		{AD1843D9-91E7-4C83-B210-0BF5E51B6202}.Debug|arm64.Deploy.0 = Debug|arm64
		{AD1843D9-91E7-4C83-B210-0BF5E51B6202}.Debug|x64.ActiveCfg = Debug|x64
		{AD1843D9-91E7-4C83-B210-0BF5E51B6202}.Debug|x64.Build.0 = Debug|x64
		{AD1843D9-91E7-4C83-B210-0BF5E51B6202}.Debug|x64.Deploy.0 = Debug|x64
		{AD1843D9-91E7-4C83-B210-0BF5E51B6202}.Debug|x86.ActiveCfg = Debug|x86
		{AD1843D9-91E7-4C83-B210-0BF5E51B6202}.Debug|x86.Build.0 = Debug|x86
		{AD1843D9-91E7-4C83-B210-0BF5E51B6202}.Debug|x86.Deploy.0 = Debug|x86
		{AD1843D9-91E7-4C83-B210-0BF5E51B6202}.Release|Any CPU.ActiveCfg = Release|x86
		{AD1843D9-91E7-4C83-B210-0BF5E51B6202}.Release|ARM.ActiveCfg = Release|x86
		{AD1843D9-91E7-4C83-B210-0BF5E51B6202}.Release|arm64.ActiveCfg = Release|arm64
		{AD1843D9-91E7-4C83-B210-0BF5E51B6202}.Release|arm64.Build.0 = Release|arm64
		{AD1843D9-91E7-4C83-B210-0BF5E51B6202}.Release|arm64.Deploy.0 = Release|arm64
		{AD1843D9-91E7-4C83-B210-0BF5E51B6202}.Release|x64.ActiveCfg = Release|x64
		{AD1843D9-91E7-4C83-B210-0BF5E51B6202}.Release|x64.Build.0 = Release|x64
		{AD1843D9-91E7-4C83-B210-0BF5E51B6202}.Release|x64.Deploy.0 = Release|x64
		{AD1843D9-91E7-4C83-B210-0BF5E51B6202}.Release|x86.ActiveCfg = Release|x86
		{AD1843D9-91E7-4C83-B210-0BF5E51B6202}.Release|x86.Build.0 = Release|x86
		{AD1843D9-91E7-4C83-B210-0BF5E51B6202}.Release|x86.Deploy.0 = Release|x86
		{107C9383-EDCA-470D-AE95-7636C25AA530}.Debug|Any CPU.ActiveCfg = Debug|x86
		{107C9383-EDCA-470D-AE95-7636C25AA530}.Debug|ARM.ActiveCfg = Debug|x86
		{107C9383-EDCA-470D-AE95-7636C25AA530}.Debug|arm64.ActiveCfg = Debug|arm64
		{107C9383-EDCA-470D-AE95-7636C25AA530}.Debug|arm64.Build.0 = Debug|arm64
		{107C9383-EDCA-470D-AE95-7636C25AA530}.Debug|x64.ActiveCfg = Debug|x64
		{107C9383-EDCA-470D-AE95-7636C25AA530}.Debug|x64.Build.0 = Debug|x64
		{107C9383-EDCA-470D-AE95-7636C25AA530}.Debug|x86.ActiveCfg = Debug|x86
		{107C9383-EDCA-470D-AE95-7636C25AA530}.Debug|x86.Build.0 = Debug|x86
		{107C9383-EDCA-470D-AE95-7636C25AA530}.Release|Any CPU.ActiveCfg = Release|x86
		{107C9383-EDCA-470D-AE95-7636C25AA530}.Release|ARM.ActiveCfg = Release|x86
		{107C9383-EDCA-470D-AE95-7636C25AA530}.Release|arm64.ActiveCfg = Release|arm64
		{107C9383-EDCA-470D-AE95-7636C25AA530}.Release|arm64.Build.0 = Release|arm64
		{107C9383-EDCA-470D-AE95-7636C25AA530}.Release|x64.ActiveCfg = Release|x64
		{107C9383-EDCA-470D-AE95-7636C25AA530}.Release|x64.Build.0 = Release|x64
		{107C9383-EDCA-470D-AE95-7636C25AA530}.Release|x86.ActiveCfg = Release|x86
		{107C9383-EDCA-470D-AE95-7636C25AA530}.Release|x86.Build.0 = Release|x86
	EndGlobalSection
	GlobalSection(SolutionProperties) = preSolution
		HideSolutionNode = FALSE
	EndGlobalSection
	GlobalSection(ExtensibilityGlobals) = postSolution
		SolutionGuid = {F598FF46-ED87-4FD9-99D9-3258658A1781}
	EndGlobalSection
EndGlobal
