
Microsoft Visual Studio Solution File, Format Version 12.00
# Visual Studio Version 17
VisualStudioVersion = 17.2.32317.152
MinimumVisualStudioVersion = 10.0.40219.1
Project("{9A19103F-16F7-4668-BE54-9A1E7A4F7556}") = "JsonSample", "JsonSample.csproj", "{0F4A1BB7-0FDB-4D97-8DB5-67A452AA2B32}"
EndProject
Global
	GlobalSection(SolutionConfigurationPlatforms) = preSolution
		Debug|Any CPU = Debug|Any CPU
		Release|Any CPU = Release|Any CPU
	EndGlobalSection
	GlobalSection(ProjectConfigurationPlatforms) = postSolution
		{0F4A1BB7-0FDB-4D97-8DB5-67A452AA2B32}.Debug|Any CPU.ActiveCfg = Debug|Any CPU
		{0F4A1BB7-0FDB-4D97-8DB5-67A452AA2B32}.Debug|Any CPU.Build.0 = Debug|Any CPU
		{0F4A1BB7-0FDB-4D97-8DB5-67A452AA2B32}.Release|Any CPU.ActiveCfg = Release|Any CPU
		{0F4A1BB7-0FDB-4D97-8DB5-67A452AA2B32}.Release|Any CPU.Build.0 = Release|Any CPU
	EndGlobalSection
	GlobalSection(SolutionProperties) = preSolution
		HideSolutionNode = FALSE
	EndGlobalSection
	GlobalSection(ExtensibilityGlobals) = postSolution
		SolutionGuid = {CD403CF1-D005-4F30-A9ED-A17FAD7024B2}
	EndGlobalSection
EndGlobal
