
Microsoft Visual Studio Solution File, Format Version 12.00
# Visual Studio Version 16
VisualStudioVersion = 16.0.31306.274
MinimumVisualStudioVersion = 10.0.40219.1
Project("{9A19103F-16F7-4668-BE54-9A1E7A4F7556}") = "OpenTelemetrySample", "OpenTelemetrySample.csproj", "{79D8559B-5C4A-4B10-AE07-674D4161C3CB}"
EndProject
Global
	GlobalSection(SolutionConfigurationPlatforms) = preSolution
		Debug|Any CPU = Debug|Any CPU
		Release|Any CPU = Release|Any CPU
	EndGlobalSection
	GlobalSection(ProjectConfigurationPlatforms) = postSolution
		{79D8559B-5C4A-4B10-AE07-674D4161C3CB}.Debug|Any CPU.ActiveCfg = Debug|Any CPU
		{79D8559B-5C4A-4B10-AE07-674D4161C3CB}.Debug|Any CPU.Build.0 = Debug|Any CPU
		{79D8559B-5C4A-4B10-AE07-674D4161C3CB}.Release|Any CPU.ActiveCfg = Release|Any CPU
		{79D8559B-5C4A-4B10-AE07-674D4161C3CB}.Release|Any CPU.Build.0 = Release|Any CPU
	EndGlobalSection
	GlobalSection(SolutionProperties) = preSolution
		HideSolutionNode = FALSE
	EndGlobalSection
	GlobalSection(ExtensibilityGlobals) = postSolution
		SolutionGuid = {D6F165A1-D807-480D-AA30-5D86FF03A341}
	EndGlobalSection
EndGlobal
