
Microsoft Visual Studio Solution File, Format Version 12.00
# Visual Studio Version 16
VisualStudioVersion = 16.0.30804.86
MinimumVisualStudioVersion = 10.0.40219.1
Project("{9A19103F-16F7-4668-BE54-9A1E7A4F7556}") = "ParallelSamples", "ParallelSamples\ParallelSamples.csproj", "{4C4AE31B-0FA7-4A55-BA04-DD81B19BC497}"
EndProject
Project("{9A19103F-16F7-4668-BE54-9A1E7A4F7556}") = "TaskSamples", "TaskSamples\TaskSamples.csproj", "{15CF720A-70DE-4EE1-BE88-5107A395BCEE}"
EndProject
Project("{9A19103F-16F7-4668-BE54-9A1E7A4F7556}") = "CancellationSamples", "CancellationSamples\CancellationSamples.csproj", "{FCE39447-75E5-4ED4-BEE2-CF4FCD30C449}"
EndProject
Project("{9A19103F-16F7-4668-BE54-9A1E7A4F7556}") = "ValueTaskSample", "ValueTaskSample\ValueTaskSample.csproj", "{D359C2F3-3205-4422-BDA0-DFA1DFD1181E}"
EndProject
Project("{9A19103F-16F7-4668-BE54-9A1E7A4F7556}") = "TimersSample", "TimersSample\TimersSample.csproj", "{8B1F79BC-6545-4677-9707-75FCAAFC1B1F}"
EndProject
Project("{9A19103F-16F7-4668-BE54-9A1E7A4F7556}") = "ChannelSample", "ChannelSample\ChannelSample.csproj", "{C78FD4CE-A6A8-478E-A62A-CFDA8227E551}"
EndProject
Project("{C7167F0D-BC9F-4E6E-AFE1-012C56B48DB5}") = "WindowsAppTimer (Package)", "WindowsAppTimer\WindowsAppTimer (Package)\WindowsAppTimer (Package).wapproj", "{24786032-8777-48AA-8941-BD60AE4A1D61}"
EndProject
Project("{9A19103F-16F7-4668-BE54-9A1E7A4F7556}") = "WindowsAppTimer", "WindowsAppTimer\WindowsAppTimer\WindowsAppTimer.csproj", "{2A3173D5-02D5-4C0F-BBED-396FB91EEBBC}"
EndProject
Global
	GlobalSection(SolutionConfigurationPlatforms) = preSolution
		Debug|Any CPU = Debug|Any CPU
		Debug|ARM = Debug|ARM
		Debug|arm64 = Debug|arm64
		Debug|x64 = Debug|x64
		Debug|x86 = Debug|x86
		Release|Any CPU = Release|Any CPU
		Release|ARM = Release|ARM
		Release|arm64 = Release|arm64
		Release|x64 = Release|x64
		Release|x86 = Release|x86
	EndGlobalSection
	GlobalSection(ProjectConfigurationPlatforms) = postSolution
		{4C4AE31B-0FA7-4A55-BA04-DD81B19BC497}.Debug|Any CPU.ActiveCfg = Debug|Any CPU
		{4C4AE31B-0FA7-4A55-BA04-DD81B19BC497}.Debug|Any CPU.Build.0 = Debug|Any CPU
		{4C4AE31B-0FA7-4A55-BA04-DD81B19BC497}.Debug|ARM.ActiveCfg = Debug|Any CPU
		{4C4AE31B-0FA7-4A55-BA04-DD81B19BC497}.Debug|ARM.Build.0 = Debug|Any CPU
		{4C4AE31B-0FA7-4A55-BA04-DD81B19BC497}.Debug|arm64.ActiveCfg = Debug|Any CPU
		{4C4AE31B-0FA7-4A55-BA04-DD81B19BC497}.Debug|arm64.Build.0 = Debug|Any CPU
		{4C4AE31B-0FA7-4A55-BA04-DD81B19BC497}.Debug|x64.ActiveCfg = Debug|Any CPU
		{4C4AE31B-0FA7-4A55-BA04-DD81B19BC497}.Debug|x64.Build.0 = Debug|Any CPU
		{4C4AE31B-0FA7-4A55-BA04-DD81B19BC497}.Debug|x86.ActiveCfg = Debug|Any CPU
		{4C4AE31B-0FA7-4A55-BA04-DD81B19BC497}.Debug|x86.Build.0 = Debug|Any CPU
		{4C4AE31B-0FA7-4A55-BA04-DD81B19BC497}.Release|Any CPU.ActiveCfg = Release|Any CPU
		{4C4AE31B-0FA7-4A55-BA04-DD81B19BC497}.Release|Any CPU.Build.0 = Release|Any CPU
		{4C4AE31B-0FA7-4A55-BA04-DD81B19BC497}.Release|ARM.ActiveCfg = Release|Any CPU
		{4C4AE31B-0FA7-4A55-BA04-DD81B19BC497}.Release|ARM.Build.0 = Release|Any CPU
		{4C4AE31B-0FA7-4A55-BA04-DD81B19BC497}.Release|arm64.ActiveCfg = Release|Any CPU
		{4C4AE31B-0FA7-4A55-BA04-DD81B19BC497}.Release|arm64.Build.0 = Release|Any CPU
		{4C4AE31B-0FA7-4A55-BA04-DD81B19BC497}.Release|x64.ActiveCfg = Release|Any CPU
		{4C4AE31B-0FA7-4A55-BA04-DD81B19BC497}.Release|x64.Build.0 = Release|Any CPU
		{4C4AE31B-0FA7-4A55-BA04-DD81B19BC497}.Release|x86.ActiveCfg = Release|Any CPU
		{4C4AE31B-0FA7-4A55-BA04-DD81B19BC497}.Release|x86.Build.0 = Release|Any CPU
		{15CF720A-70DE-4EE1-BE88-5107A395BCEE}.Debug|Any CPU.ActiveCfg = Debug|Any CPU
		{15CF720A-70DE-4EE1-BE88-5107A395BCEE}.Debug|Any CPU.Build.0 = Debug|Any CPU
		{15CF720A-70DE-4EE1-BE88-5107A395BCEE}.Debug|ARM.ActiveCfg = Debug|Any CPU
		{15CF720A-70DE-4EE1-BE88-5107A395BCEE}.Debug|ARM.Build.0 = Debug|Any CPU
		{15CF720A-70DE-4EE1-BE88-5107A395BCEE}.Debug|arm64.ActiveCfg = Debug|Any CPU
		{15CF720A-70DE-4EE1-BE88-5107A395BCEE}.Debug|arm64.Build.0 = Debug|Any CPU
		{15CF720A-70DE-4EE1-BE88-5107A395BCEE}.Debug|x64.ActiveCfg = Debug|Any CPU
		{15CF720A-70DE-4EE1-BE88-5107A395BCEE}.Debug|x64.Build.0 = Debug|Any CPU
		{15CF720A-70DE-4EE1-BE88-5107A395BCEE}.Debug|x86.ActiveCfg = Debug|Any CPU
		{15CF720A-70DE-4EE1-BE88-5107A395BCEE}.Debug|x86.Build.0 = Debug|Any CPU
		{15CF720A-70DE-4EE1-BE88-5107A395BCEE}.Release|Any CPU.ActiveCfg = Release|Any CPU
		{15CF720A-70DE-4EE1-BE88-5107A395BCEE}.Release|Any CPU.Build.0 = Release|Any CPU
		{15CF720A-70DE-4EE1-BE88-5107A395BCEE}.Release|ARM.ActiveCfg = Release|Any CPU
		{15CF720A-70DE-4EE1-BE88-5107A395BCEE}.Release|ARM.Build.0 = Release|Any CPU
		{15CF720A-70DE-4EE1-BE88-5107A395BCEE}.Release|arm64.ActiveCfg = Release|Any CPU
		{15CF720A-70DE-4EE1-BE88-5107A395BCEE}.Release|arm64.Build.0 = Release|Any CPU
		{15CF720A-70DE-4EE1-BE88-5107A395BCEE}.Release|x64.ActiveCfg = Release|Any CPU
		{15CF720A-70DE-4EE1-BE88-5107A395BCEE}.Release|x64.Build.0 = Release|Any CPU
		{15CF720A-70DE-4EE1-BE88-5107A395BCEE}.Release|x86.ActiveCfg = Release|Any CPU
		{15CF720A-70DE-4EE1-BE88-5107A395BCEE}.Release|x86.Build.0 = Release|Any CPU
		{FCE39447-75E5-4ED4-BEE2-CF4FCD30C449}.Debug|Any CPU.ActiveCfg = Debug|Any CPU
		{FCE39447-75E5-4ED4-BEE2-CF4FCD30C449}.Debug|Any CPU.Build.0 = Debug|Any CPU
		{FCE39447-75E5-4ED4-BEE2-CF4FCD30C449}.Debug|ARM.ActiveCfg = Debug|Any CPU
		{FCE39447-75E5-4ED4-BEE2-CF4FCD30C449}.Debug|ARM.Build.0 = Debug|Any CPU
		{FCE39447-75E5-4ED4-BEE2-CF4FCD30C449}.Debug|arm64.ActiveCfg = Debug|Any CPU
		{FCE39447-75E5-4ED4-BEE2-CF4FCD30C449}.Debug|arm64.Build.0 = Debug|Any CPU
		{FCE39447-75E5-4ED4-BEE2-CF4FCD30C449}.Debug|x64.ActiveCfg = Debug|Any CPU
		{FCE39447-75E5-4ED4-BEE2-CF4FCD30C449}.Debug|x64.Build.0 = Debug|Any CPU
		{FCE39447-75E5-4ED4-BEE2-CF4FCD30C449}.Debug|x86.ActiveCfg = Debug|Any CPU
		{FCE39447-75E5-4ED4-BEE2-CF4FCD30C449}.Debug|x86.Build.0 = Debug|Any CPU
		{FCE39447-75E5-4ED4-BEE2-CF4FCD30C449}.Release|Any CPU.ActiveCfg = Release|Any CPU
		{FCE39447-75E5-4ED4-BEE2-CF4FCD30C449}.Release|Any CPU.Build.0 = Release|Any CPU
		{FCE39447-75E5-4ED4-BEE2-CF4FCD30C449}.Release|ARM.ActiveCfg = Release|Any CPU
		{FCE39447-75E5-4ED4-BEE2-CF4FCD30C449}.Release|ARM.Build.0 = Release|Any CPU
		{FCE39447-75E5-4ED4-BEE2-CF4FCD30C449}.Release|arm64.ActiveCfg = Release|Any CPU
		{FCE39447-75E5-4ED4-BEE2-CF4FCD30C449}.Release|arm64.Build.0 = Release|Any CPU
		{FCE39447-75E5-4ED4-BEE2-CF4FCD30C449}.Release|x64.ActiveCfg = Release|Any CPU
		{FCE39447-75E5-4ED4-BEE2-CF4FCD30C449}.Release|x64.Build.0 = Release|Any CPU
		{FCE39447-75E5-4ED4-BEE2-CF4FCD30C449}.Release|x86.ActiveCfg = Release|Any CPU
		{FCE39447-75E5-4ED4-BEE2-CF4FCD30C449}.Release|x86.Build.0 = Release|Any CPU
		{D359C2F3-3205-4422-BDA0-DFA1DFD1181E}.Debug|Any CPU.ActiveCfg = Debug|Any CPU
		{D359C2F3-3205-4422-BDA0-DFA1DFD1181E}.Debug|Any CPU.Build.0 = Debug|Any CPU
		{D359C2F3-3205-4422-BDA0-DFA1DFD1181E}.Debug|ARM.ActiveCfg = Debug|Any CPU
		{D359C2F3-3205-4422-BDA0-DFA1DFD1181E}.Debug|ARM.Build.0 = Debug|Any CPU
		{D359C2F3-3205-4422-BDA0-DFA1DFD1181E}.Debug|arm64.ActiveCfg = Debug|Any CPU
		{D359C2F3-3205-4422-BDA0-DFA1DFD1181E}.Debug|arm64.Build.0 = Debug|Any CPU
		{D359C2F3-3205-4422-BDA0-DFA1DFD1181E}.Debug|x64.ActiveCfg = Debug|Any CPU
		{D359C2F3-3205-4422-BDA0-DFA1DFD1181E}.Debug|x64.Build.0 = Debug|Any CPU
		{D359C2F3-3205-4422-BDA0-DFA1DFD1181E}.Debug|x86.ActiveCfg = Debug|Any CPU
		{D359C2F3-3205-4422-BDA0-DFA1DFD1181E}.Debug|x86.Build.0 = Debug|Any CPU
		{D359C2F3-3205-4422-BDA0-DFA1DFD1181E}.Release|Any CPU.ActiveCfg = Release|Any CPU
		{D359C2F3-3205-4422-BDA0-DFA1DFD1181E}.Release|Any CPU.Build.0 = Release|Any CPU
		{D359C2F3-3205-4422-BDA0-DFA1DFD1181E}.Release|ARM.ActiveCfg = Release|Any CPU
		{D359C2F3-3205-4422-BDA0-DFA1DFD1181E}.Release|ARM.Build.0 = Release|Any CPU
		{D359C2F3-3205-4422-BDA0-DFA1DFD1181E}.Release|arm64.ActiveCfg = Release|Any CPU
		{D359C2F3-3205-4422-BDA0-DFA1DFD1181E}.Release|arm64.Build.0 = Release|Any CPU
		{D359C2F3-3205-4422-BDA0-DFA1DFD1181E}.Release|x64.ActiveCfg = Release|Any CPU
		{D359C2F3-3205-4422-BDA0-DFA1DFD1181E}.Release|x64.Build.0 = Release|Any CPU
		{D359C2F3-3205-4422-BDA0-DFA1DFD1181E}.Release|x86.ActiveCfg = Release|Any CPU
		{D359C2F3-3205-4422-BDA0-DFA1DFD1181E}.Release|x86.Build.0 = Release|Any CPU
		{8B1F79BC-6545-4677-9707-75FCAAFC1B1F}.Debug|Any CPU.ActiveCfg = Debug|Any CPU
		{8B1F79BC-6545-4677-9707-75FCAAFC1B1F}.Debug|Any CPU.Build.0 = Debug|Any CPU
		{8B1F79BC-6545-4677-9707-75FCAAFC1B1F}.Debug|ARM.ActiveCfg = Debug|Any CPU
		{8B1F79BC-6545-4677-9707-75FCAAFC1B1F}.Debug|ARM.Build.0 = Debug|Any CPU
		{8B1F79BC-6545-4677-9707-75FCAAFC1B1F}.Debug|arm64.ActiveCfg = Debug|Any CPU
		{8B1F79BC-6545-4677-9707-75FCAAFC1B1F}.Debug|arm64.Build.0 = Debug|Any CPU
		{8B1F79BC-6545-4677-9707-75FCAAFC1B1F}.Debug|x64.ActiveCfg = Debug|Any CPU
		{8B1F79BC-6545-4677-9707-75FCAAFC1B1F}.Debug|x64.Build.0 = Debug|Any CPU
		{8B1F79BC-6545-4677-9707-75FCAAFC1B1F}.Debug|x86.ActiveCfg = Debug|Any CPU
		{8B1F79BC-6545-4677-9707-75FCAAFC1B1F}.Debug|x86.Build.0 = Debug|Any CPU
		{8B1F79BC-6545-4677-9707-75FCAAFC1B1F}.Release|Any CPU.ActiveCfg = Release|Any CPU
		{8B1F79BC-6545-4677-9707-75FCAAFC1B1F}.Release|Any CPU.Build.0 = Release|Any CPU
		{8B1F79BC-6545-4677-9707-75FCAAFC1B1F}.Release|ARM.ActiveCfg = Release|Any CPU
		{8B1F79BC-6545-4677-9707-75FCAAFC1B1F}.Release|ARM.Build.0 = Release|Any CPU
		{8B1F79BC-6545-4677-9707-75FCAAFC1B1F}.Release|arm64.ActiveCfg = Release|Any CPU
		{8B1F79BC-6545-4677-9707-75FCAAFC1B1F}.Release|arm64.Build.0 = Release|Any CPU
		{8B1F79BC-6545-4677-9707-75FCAAFC1B1F}.Release|x64.ActiveCfg = Release|Any CPU
		{8B1F79BC-6545-4677-9707-75FCAAFC1B1F}.Release|x64.Build.0 = Release|Any CPU
		{8B1F79BC-6545-4677-9707-75FCAAFC1B1F}.Release|x86.ActiveCfg = Release|Any CPU
		{8B1F79BC-6545-4677-9707-75FCAAFC1B1F}.Release|x86.Build.0 = Release|Any CPU
		{C78FD4CE-A6A8-478E-A62A-CFDA8227E551}.Debug|Any CPU.ActiveCfg = Debug|Any CPU
		{C78FD4CE-A6A8-478E-A62A-CFDA8227E551}.Debug|Any CPU.Build.0 = Debug|Any CPU
		{C78FD4CE-A6A8-478E-A62A-CFDA8227E551}.Debug|ARM.ActiveCfg = Debug|Any CPU
		{C78FD4CE-A6A8-478E-A62A-CFDA8227E551}.Debug|ARM.Build.0 = Debug|Any CPU
		{C78FD4CE-A6A8-478E-A62A-CFDA8227E551}.Debug|arm64.ActiveCfg = Debug|Any CPU
		{C78FD4CE-A6A8-478E-A62A-CFDA8227E551}.Debug|arm64.Build.0 = Debug|Any CPU
		{C78FD4CE-A6A8-478E-A62A-CFDA8227E551}.Debug|x64.ActiveCfg = Debug|Any CPU
		{C78FD4CE-A6A8-478E-A62A-CFDA8227E551}.Debug|x64.Build.0 = Debug|Any CPU
		{C78FD4CE-A6A8-478E-A62A-CFDA8227E551}.Debug|x86.ActiveCfg = Debug|Any CPU
		{C78FD4CE-A6A8-478E-A62A-CFDA8227E551}.Debug|x86.Build.0 = Debug|Any CPU
		{C78FD4CE-A6A8-478E-A62A-CFDA8227E551}.Release|Any CPU.ActiveCfg = Release|Any CPU
		{C78FD4CE-A6A8-478E-A62A-CFDA8227E551}.Release|Any CPU.Build.0 = Release|Any CPU
		{C78FD4CE-A6A8-478E-A62A-CFDA8227E551}.Release|ARM.ActiveCfg = Release|Any CPU
		{C78FD4CE-A6A8-478E-A62A-CFDA8227E551}.Release|ARM.Build.0 = Release|Any CPU
		{C78FD4CE-A6A8-478E-A62A-CFDA8227E551}.Release|arm64.ActiveCfg = Release|Any CPU
		{C78FD4CE-A6A8-478E-A62A-CFDA8227E551}.Release|arm64.Build.0 = Release|Any CPU
		{C78FD4CE-A6A8-478E-A62A-CFDA8227E551}.Release|x64.ActiveCfg = Release|Any CPU
		{C78FD4CE-A6A8-478E-A62A-CFDA8227E551}.Release|x64.Build.0 = Release|Any CPU
		{C78FD4CE-A6A8-478E-A62A-CFDA8227E551}.Release|x86.ActiveCfg = Release|Any CPU
		{C78FD4CE-A6A8-478E-A62A-CFDA8227E551}.Release|x86.Build.0 = Release|Any CPU
		{24786032-8777-48AA-8941-BD60AE4A1D61}.Debug|Any CPU.ActiveCfg = Debug|x86
		{24786032-8777-48AA-8941-BD60AE4A1D61}.Debug|ARM.ActiveCfg = Debug|x86
		{24786032-8777-48AA-8941-BD60AE4A1D61}.Debug|arm64.ActiveCfg = Debug|arm64
		{24786032-8777-48AA-8941-BD60AE4A1D61}.Debug|arm64.Build.0 = Debug|arm64
		{24786032-8777-48AA-8941-BD60AE4A1D61}.Debug|arm64.Deploy.0 = Debug|arm64
		{24786032-8777-48AA-8941-BD60AE4A1D61}.Debug|x64.ActiveCfg = Debug|x64
		{24786032-8777-48AA-8941-BD60AE4A1D61}.Debug|x64.Build.0 = Debug|x64
		{24786032-8777-48AA-8941-BD60AE4A1D61}.Debug|x64.Deploy.0 = Debug|x64
		{24786032-8777-48AA-8941-BD60AE4A1D61}.Debug|x86.ActiveCfg = Debug|x86
		{24786032-8777-48AA-8941-BD60AE4A1D61}.Debug|x86.Build.0 = Debug|x86
		{24786032-8777-48AA-8941-BD60AE4A1D61}.Debug|x86.Deploy.0 = Debug|x86
		{24786032-8777-48AA-8941-BD60AE4A1D61}.Release|Any CPU.ActiveCfg = Release|x86
		{24786032-8777-48AA-8941-BD60AE4A1D61}.Release|ARM.ActiveCfg = Release|x86
		{24786032-8777-48AA-8941-BD60AE4A1D61}.Release|arm64.ActiveCfg = Release|arm64
		{24786032-8777-48AA-8941-BD60AE4A1D61}.Release|arm64.Build.0 = Release|arm64
		{24786032-8777-48AA-8941-BD60AE4A1D61}.Release|arm64.Deploy.0 = Release|arm64
		{24786032-8777-48AA-8941-BD60AE4A1D61}.Release|x64.ActiveCfg = Release|x64
		{24786032-8777-48AA-8941-BD60AE4A1D61}.Release|x64.Build.0 = Release|x64
		{24786032-8777-48AA-8941-BD60AE4A1D61}.Release|x64.Deploy.0 = Release|x64
		{24786032-8777-48AA-8941-BD60AE4A1D61}.Release|x86.ActiveCfg = Release|x86
		{24786032-8777-48AA-8941-BD60AE4A1D61}.Release|x86.Build.0 = Release|x86
		{24786032-8777-48AA-8941-BD60AE4A1D61}.Release|x86.Deploy.0 = Release|x86
		{2A3173D5-02D5-4C0F-BBED-396FB91EEBBC}.Debug|Any CPU.ActiveCfg = Debug|x86
		{2A3173D5-02D5-4C0F-BBED-396FB91EEBBC}.Debug|ARM.ActiveCfg = Debug|x86
		{2A3173D5-02D5-4C0F-BBED-396FB91EEBBC}.Debug|arm64.ActiveCfg = Debug|arm64
		{2A3173D5-02D5-4C0F-BBED-396FB91EEBBC}.Debug|arm64.Build.0 = Debug|arm64
		{2A3173D5-02D5-4C0F-BBED-396FB91EEBBC}.Debug|x64.ActiveCfg = Debug|x64
		{2A3173D5-02D5-4C0F-BBED-396FB91EEBBC}.Debug|x64.Build.0 = Debug|x64
		{2A3173D5-02D5-4C0F-BBED-396FB91EEBBC}.Debug|x86.ActiveCfg = Debug|x86
		{2A3173D5-02D5-4C0F-BBED-396FB91EEBBC}.Debug|x86.Build.0 = Debug|x86
		{2A3173D5-02D5-4C0F-BBED-396FB91EEBBC}.Release|Any CPU.ActiveCfg = Release|x86
		{2A3173D5-02D5-4C0F-BBED-396FB91EEBBC}.Release|ARM.ActiveCfg = Release|x86
		{2A3173D5-02D5-4C0F-BBED-396FB91EEBBC}.Release|arm64.ActiveCfg = Release|arm64
		{2A3173D5-02D5-4C0F-BBED-396FB91EEBBC}.Release|arm64.Build.0 = Release|arm64
		{2A3173D5-02D5-4C0F-BBED-396FB91EEBBC}.Release|x64.ActiveCfg = Release|x64
		{2A3173D5-02D5-4C0F-BBED-396FB91EEBBC}.Release|x64.Build.0 = Release|x64
		{2A3173D5-02D5-4C0F-BBED-396FB91EEBBC}.Release|x86.ActiveCfg = Release|x86
		{2A3173D5-02D5-4C0F-BBED-396FB91EEBBC}.Release|x86.Build.0 = Release|x86
	EndGlobalSection
	GlobalSection(SolutionProperties) = preSolution
		HideSolutionNode = FALSE
	EndGlobalSection
	GlobalSection(ExtensibilityGlobals) = postSolution
		SolutionGuid = {BFE3E970-8C28-4B16-96E1-8726F3FC34F4}
	EndGlobalSection
EndGlobal
