
Microsoft Visual Studio Solution File, Format Version 12.00
# Visual Studio Version 17
VisualStudioVersion = 17.6.33417.168
MinimumVisualStudioVersion = 10.0.40219.1
Project("{9A19103F-16F7-4668-BE54-9A1E7A4F7556}") = "InhertianceMappingTpCAndJSON", "InhertianceMappingTpCAndJSON.csproj", "{5B9E0356-B162-453B-BE10-6DFB20D78E02}"
EndProject
Global
	GlobalSection(SolutionConfigurationPlatforms) = preSolution
		Debug|Any CPU = Debug|Any CPU
		Release|Any CPU = Release|Any CPU
	EndGlobalSection
	GlobalSection(ProjectConfigurationPlatforms) = postSolution
		{5B9E0356-B162-453B-BE10-6DFB20D78E02}.Debug|Any CPU.ActiveCfg = Debug|Any CPU
		{5B9E0356-B162-453B-BE10-6DFB20D78E02}.Debug|Any CPU.Build.0 = Debug|Any CPU
		{5B9E0356-B162-453B-BE10-6DFB20D78E02}.Release|Any CPU.ActiveCfg = Release|Any CPU
		{5B9E0356-B162-453B-BE10-6DFB20D78E02}.Release|Any CPU.Build.0 = Release|Any CPU
	EndGlobalSection
	GlobalSection(SolutionProperties) = preSolution
		HideSolutionNode = FALSE
	EndGlobalSection
	GlobalSection(ExtensibilityGlobals) = postSolution
		SolutionGuid = {0FA2CB84-F84F-496B-A464-F1DA72B5E5E8}
	EndGlobalSection
EndGlobal
