
Microsoft Visual Studio Solution File, Format Version 12.00
# Visual Studio Version 16
VisualStudioVersion = 16.0.30804.86
MinimumVisualStudioVersion = 10.0.40219.1
Project("{9A19103F-16F7-4668-BE54-9A1E7A4F7556}") = "InheritanceWithConstructors", "InheritanceWithConstructors\InheritanceWithConstructors.csproj", "{9ECE18EA-254C-4612-A707-CADFDB72C7BE}"
EndProject
Project("{9A19103F-16F7-4668-BE54-9A1E7A4F7556}") = "UsingInterfaces", "UsingInterfaces\UsingInterfaces.csproj", "{F001FAAE-8D5A-42DD-A462-2DF34388824F}"
EndProject
Project("{9A19103F-16F7-4668-BE54-9A1E7A4F7556}") = "VirtualMethods", "VirtualMethods\VirtualMethods.csproj", "{4201F568-F58B-49B3-B184-B0E4F14F8724}"
EndProject
Project("{9A19103F-16F7-4668-BE54-9A1E7A4F7556}") = "DefaultInterfaceMethods", "DefauultInterfaceMethods\DefaultInterfaceMethods.csproj", "{658D5074-F5BF-4BC1-801A-CA732A2C1FAE}"
EndProject
Project("{9A19103F-16F7-4668-BE54-9A1E7A4F7556}") = "AbstractClasses", "AbstractClasses\AbstractClasses.csproj", "{AB34B1E1-0EB7-4067-98F5-2311EC12970D}"
EndProject
Project("{FAE04EC0-301F-11D3-BF4B-00C04F79EFBC}") = "GenericTypes", "GenericTypes\GenericTypes.csproj", "{CB864788-74B5-4A76-A6A9-905567B8EA86}"
EndProject
Project("{9A19103F-16F7-4668-BE54-9A1E7A4F7556}") = "GerneicTypesWithConstraints", "GerneicTypesWithConstraints\GerneicTypesWithConstraints.csproj", "{6573128D-C913-4764-BB9D-6EB4017791E8}"
EndProject
Project("{9A19103F-16F7-4668-BE54-9A1E7A4F7556}") = "RecordsInheritance", "RecordsInheritance\RecordsInheritance.csproj", "{A53F718E-2331-41D8-90FD-2BF6606FC1EC}"
EndProject
Global
	GlobalSection(SolutionConfigurationPlatforms) = preSolution
		Debug|Any CPU = Debug|Any CPU
		Release|Any CPU = Release|Any CPU
	EndGlobalSection
	GlobalSection(ProjectConfigurationPlatforms) = postSolution
		{9ECE18EA-254C-4612-A707-CADFDB72C7BE}.Debug|Any CPU.ActiveCfg = Debug|Any CPU
		{9ECE18EA-254C-4612-A707-CADFDB72C7BE}.Debug|Any CPU.Build.0 = Debug|Any CPU
		{9ECE18EA-254C-4612-A707-CADFDB72C7BE}.Release|Any CPU.ActiveCfg = Debug|Any CPU
		{9ECE18EA-254C-4612-A707-CADFDB72C7BE}.Release|Any CPU.Build.0 = Debug|Any CPU
		{F001FAAE-8D5A-42DD-A462-2DF34388824F}.Debug|Any CPU.ActiveCfg = Debug|Any CPU
		{F001FAAE-8D5A-42DD-A462-2DF34388824F}.Debug|Any CPU.Build.0 = Debug|Any CPU
		{F001FAAE-8D5A-42DD-A462-2DF34388824F}.Release|Any CPU.ActiveCfg = Debug|Any CPU
		{F001FAAE-8D5A-42DD-A462-2DF34388824F}.Release|Any CPU.Build.0 = Debug|Any CPU
		{4201F568-F58B-49B3-B184-B0E4F14F8724}.Debug|Any CPU.ActiveCfg = Debug|Any CPU
		{4201F568-F58B-49B3-B184-B0E4F14F8724}.Debug|Any CPU.Build.0 = Debug|Any CPU
		{4201F568-F58B-49B3-B184-B0E4F14F8724}.Release|Any CPU.ActiveCfg = Debug|Any CPU
		{4201F568-F58B-49B3-B184-B0E4F14F8724}.Release|Any CPU.Build.0 = Debug|Any CPU
		{658D5074-F5BF-4BC1-801A-CA732A2C1FAE}.Debug|Any CPU.ActiveCfg = Debug|Any CPU
		{658D5074-F5BF-4BC1-801A-CA732A2C1FAE}.Debug|Any CPU.Build.0 = Debug|Any CPU
		{658D5074-F5BF-4BC1-801A-CA732A2C1FAE}.Release|Any CPU.ActiveCfg = Release|Any CPU
		{658D5074-F5BF-4BC1-801A-CA732A2C1FAE}.Release|Any CPU.Build.0 = Release|Any CPU
		{AB34B1E1-0EB7-4067-98F5-2311EC12970D}.Debug|Any CPU.ActiveCfg = Debug|Any CPU
		{AB34B1E1-0EB7-4067-98F5-2311EC12970D}.Debug|Any CPU.Build.0 = Debug|Any CPU
		{AB34B1E1-0EB7-4067-98F5-2311EC12970D}.Release|Any CPU.ActiveCfg = Release|Any CPU
		{AB34B1E1-0EB7-4067-98F5-2311EC12970D}.Release|Any CPU.Build.0 = Release|Any CPU
		{CB864788-74B5-4A76-A6A9-905567B8EA86}.Debug|Any CPU.ActiveCfg = Debug|Any CPU
		{CB864788-74B5-4A76-A6A9-905567B8EA86}.Debug|Any CPU.Build.0 = Debug|Any CPU
		{CB864788-74B5-4A76-A6A9-905567B8EA86}.Release|Any CPU.ActiveCfg = Release|Any CPU
		{CB864788-74B5-4A76-A6A9-905567B8EA86}.Release|Any CPU.Build.0 = Release|Any CPU
		{6573128D-C913-4764-BB9D-6EB4017791E8}.Debug|Any CPU.ActiveCfg = Debug|Any CPU
		{6573128D-C913-4764-BB9D-6EB4017791E8}.Debug|Any CPU.Build.0 = Debug|Any CPU
		{6573128D-C913-4764-BB9D-6EB4017791E8}.Release|Any CPU.ActiveCfg = Release|Any CPU
		{6573128D-C913-4764-BB9D-6EB4017791E8}.Release|Any CPU.Build.0 = Release|Any CPU
		{A53F718E-2331-41D8-90FD-2BF6606FC1EC}.Debug|Any CPU.ActiveCfg = Debug|Any CPU
		{A53F718E-2331-41D8-90FD-2BF6606FC1EC}.Debug|Any CPU.Build.0 = Debug|Any CPU
		{A53F718E-2331-41D8-90FD-2BF6606FC1EC}.Release|Any CPU.ActiveCfg = Release|Any CPU
		{A53F718E-2331-41D8-90FD-2BF6606FC1EC}.Release|Any CPU.Build.0 = Release|Any CPU
	EndGlobalSection
	GlobalSection(SolutionProperties) = preSolution
		HideSolutionNode = FALSE
	EndGlobalSection
	GlobalSection(ExtensibilityGlobals) = postSolution
		SolutionGuid = {F9F8A07A-CFE5-4375-BAC8-CB273645E569}
	EndGlobalSection
EndGlobal
