
Microsoft Visual Studio Solution File, Format Version 12.00
# Visual Studio Version 16
VisualStudioVersion = 16.0.30420.98
MinimumVisualStudioVersion = 10.0.40219.1
Project("{FAE04EC0-301F-11D3-BF4B-00C04F79EFBC}") = "CodeGenerationSample", "CodeGenerationSample\CodeGenerationSample.csproj", "{10C6EFC7-3FDA-463B-A021-885CA27A5740}"
EndProject
Project("{FAE04EC0-301F-11D3-BF4B-00C04F79EFBC}") = "SampleApp", "SampleApp\SampleApp.csproj", "{73EE5445-D0BB-48A7-960B-611C450197B6}"
EndProject
Global
	GlobalSection(SolutionConfigurationPlatforms) = preSolution
		Debug|Any CPU = Debug|Any CPU
		Release|Any CPU = Release|Any CPU
	EndGlobalSection
	GlobalSection(ProjectConfigurationPlatforms) = postSolution
		{10C6EFC7-3FDA-463B-A021-885CA27A5740}.Debug|Any CPU.ActiveCfg = Debug|Any CPU
		{10C6EFC7-3FDA-463B-A021-885CA27A5740}.Debug|Any CPU.Build.0 = Debug|Any CPU
		{10C6EFC7-3FDA-463B-A021-885CA27A5740}.Release|Any CPU.ActiveCfg = Release|Any CPU
		{10C6EFC7-3FDA-463B-A021-885CA27A5740}.Release|Any CPU.Build.0 = Release|Any CPU
		{73EE5445-D0BB-48A7-960B-611C450197B6}.Debug|Any CPU.ActiveCfg = Debug|Any CPU
		{73EE5445-D0BB-48A7-960B-611C450197B6}.Debug|Any CPU.Build.0 = Debug|Any CPU
		{73EE5445-D0BB-48A7-960B-611C450197B6}.Release|Any CPU.ActiveCfg = Release|Any CPU
		{73EE5445-D0BB-48A7-960B-611C450197B6}.Release|Any CPU.Build.0 = Release|Any CPU
	EndGlobalSection
	GlobalSection(SolutionProperties) = preSolution
		HideSolutionNode = FALSE
	EndGlobalSection
	GlobalSection(ExtensibilityGlobals) = postSolution
		SolutionGuid = {99BA8AD8-A39D-437B-8C6A-07B6127FA830}
	EndGlobalSection
EndGlobal
