
Microsoft Visual Studio Solution File, Format Version 12.00
# Visual Studio Version 17
VisualStudioVersion = 17.6.33417.168
MinimumVisualStudioVersion = 10.0.40219.1
Project("{FAE04EC0-301F-11D3-BF4B-00C04F79EFBC}") = "InhertianceMappingWithConversion", "InhertianceMappingWithConversion.csproj", "{BD8916E2-753E-45BA-8EA3-922C637D377E}"
EndProject
Global
	GlobalSection(SolutionConfigurationPlatforms) = preSolution
		Debug|Any CPU = Debug|Any CPU
		Release|Any CPU = Release|Any CPU
	EndGlobalSection
	GlobalSection(ProjectConfigurationPlatforms) = postSolution
		{BD8916E2-753E-45BA-8EA3-922C637D377E}.Debug|Any CPU.ActiveCfg = Debug|Any CPU
		{BD8916E2-753E-45BA-8EA3-922C637D377E}.Debug|Any CPU.Build.0 = Debug|Any CPU
		{BD8916E2-753E-45BA-8EA3-922C637D377E}.Release|Any CPU.ActiveCfg = Release|Any CPU
		{BD8916E2-753E-45BA-8EA3-922C637D377E}.Release|Any CPU.Build.0 = Release|Any CPU
	EndGlobalSection
	GlobalSection(SolutionProperties) = preSolution
		HideSolutionNode = FALSE
	EndGlobalSection
	GlobalSection(ExtensibilityGlobals) = postSolution
		SolutionGuid = {8368F8E5-F6E7-4123-976D-8CD510CEB05F}
	EndGlobalSection
EndGlobal
