
Microsoft Visual Studio Solution File, Format Version 12.00
# Visual Studio Version 17
VisualStudioVersion = 17.1.32203.90
MinimumVisualStudioVersion = 10.0.40219.1
Project("{FAE04EC0-301F-11D3-BF4B-00C04F79EFBC}") = "BooksAPI", "BooksAPI\BooksAPI.csproj", "{1F271B73-37DF-4B79-94D7-9EA50B69B2E3}"
EndProject
Global
	GlobalSection(SolutionConfigurationPlatforms) = preSolution
		Debug|Any CPU = Debug|Any CPU
		Release|Any CPU = Release|Any CPU
	EndGlobalSection
	GlobalSection(ProjectConfigurationPlatforms) = postSolution
		{1F271B73-37DF-4B79-94D7-9EA50B69B2E3}.Debug|Any CPU.ActiveCfg = Debug|Any CPU
		{1F271B73-37DF-4B79-94D7-9EA50B69B2E3}.Debug|Any CPU.Build.0 = Debug|Any CPU
		{1F271B73-37DF-4B79-94D7-9EA50B69B2E3}.Release|Any CPU.ActiveCfg = Release|Any CPU
		{1F271B73-37DF-4B79-94D7-9EA50B69B2E3}.Release|Any CPU.Build.0 = Release|Any CPU
	EndGlobalSection
	GlobalSection(SolutionProperties) = preSolution
		HideSolutionNode = FALSE
	EndGlobalSection
	GlobalSection(ExtensibilityGlobals) = postSolution
		SolutionGuid = {CF430D71-0291-42A7-B194-1F1B6D97B355}
	EndGlobalSection
EndGlobal
