
Microsoft Visual Studio Solution File, Format Version 12.00
# Visual Studio Version 16
VisualStudioVersion = 16.0.30608.117
MinimumVisualStudioVersion = 15.0.26124.0
Project("{9A19103F-16F7-4668-BE54-9A1E7A4F7556}") = "ConfigurationSample", "ConfigurationSample\ConfigurationSample.csproj", "{E2538064-0319-405E-A5CF-7FDBC971EE52}"
EndProject
Project("{9A19103F-16F7-4668-BE54-9A1E7A4F7556}") = "testweb", "testweb\testweb.csproj", "{C2736AF9-0F9B-4883-8E1A-79ABC2AC01E9}"
EndProject
Project("{9A19103F-16F7-4668-BE54-9A1E7A4F7556}") = "AzureAppConfigWebApp", "AzureAppConfigWebApp\AzureAppConfigWebApp.csproj", "{A73C80BB-2744-411D-A6D0-839A5E7DB770}"
EndProject
Global
	GlobalSection(SolutionConfigurationPlatforms) = preSolution
		Debug|Any CPU = Debug|Any CPU
		Debug|x64 = Debug|x64
		Debug|x86 = Debug|x86
		Release|Any CPU = Release|Any CPU
		Release|x64 = Release|x64
		Release|x86 = Release|x86
	EndGlobalSection
	GlobalSection(ProjectConfigurationPlatforms) = postSolution
		{E2538064-0319-405E-A5CF-7FDBC971EE52}.Debug|Any CPU.ActiveCfg = Debug|Any CPU
		{E2538064-0319-405E-A5CF-7FDBC971EE52}.Debug|Any CPU.Build.0 = Debug|Any CPU
		{E2538064-0319-405E-A5CF-7FDBC971EE52}.Debug|x64.ActiveCfg = Debug|Any CPU
		{E2538064-0319-405E-A5CF-7FDBC971EE52}.Debug|x64.Build.0 = Debug|Any CPU
		{E2538064-0319-405E-A5CF-7FDBC971EE52}.Debug|x86.ActiveCfg = Debug|Any CPU
		{E2538064-0319-405E-A5CF-7FDBC971EE52}.Debug|x86.Build.0 = Debug|Any CPU
		{E2538064-0319-405E-A5CF-7FDBC971EE52}.Release|Any CPU.ActiveCfg = Release|Any CPU
		{E2538064-0319-405E-A5CF-7FDBC971EE52}.Release|Any CPU.Build.0 = Release|Any CPU
		{E2538064-0319-405E-A5CF-7FDBC971EE52}.Release|x64.ActiveCfg = Release|Any CPU
		{E2538064-0319-405E-A5CF-7FDBC971EE52}.Release|x64.Build.0 = Release|Any CPU
		{E2538064-0319-405E-A5CF-7FDBC971EE52}.Release|x86.ActiveCfg = Release|Any CPU
		{E2538064-0319-405E-A5CF-7FDBC971EE52}.Release|x86.Build.0 = Release|Any CPU
		{C2736AF9-0F9B-4883-8E1A-79ABC2AC01E9}.Debug|Any CPU.ActiveCfg = Debug|Any CPU
		{C2736AF9-0F9B-4883-8E1A-79ABC2AC01E9}.Debug|Any CPU.Build.0 = Debug|Any CPU
		{C2736AF9-0F9B-4883-8E1A-79ABC2AC01E9}.Debug|x64.ActiveCfg = Debug|Any CPU
		{C2736AF9-0F9B-4883-8E1A-79ABC2AC01E9}.Debug|x64.Build.0 = Debug|Any CPU
		{C2736AF9-0F9B-4883-8E1A-79ABC2AC01E9}.Debug|x86.ActiveCfg = Debug|Any CPU
		{C2736AF9-0F9B-4883-8E1A-79ABC2AC01E9}.Debug|x86.Build.0 = Debug|Any CPU
		{C2736AF9-0F9B-4883-8E1A-79ABC2AC01E9}.Release|Any CPU.ActiveCfg = Release|Any CPU
		{C2736AF9-0F9B-4883-8E1A-79ABC2AC01E9}.Release|Any CPU.Build.0 = Release|Any CPU
		{C2736AF9-0F9B-4883-8E1A-79ABC2AC01E9}.Release|x64.ActiveCfg = Release|Any CPU
		{C2736AF9-0F9B-4883-8E1A-79ABC2AC01E9}.Release|x64.Build.0 = Release|Any CPU
		{C2736AF9-0F9B-4883-8E1A-79ABC2AC01E9}.Release|x86.ActiveCfg = Release|Any CPU
		{C2736AF9-0F9B-4883-8E1A-79ABC2AC01E9}.Release|x86.Build.0 = Release|Any CPU
		{A73C80BB-2744-411D-A6D0-839A5E7DB770}.Debug|Any CPU.ActiveCfg = Debug|Any CPU
		{A73C80BB-2744-411D-A6D0-839A5E7DB770}.Debug|Any CPU.Build.0 = Debug|Any CPU
		{A73C80BB-2744-411D-A6D0-839A5E7DB770}.Debug|x64.ActiveCfg = Debug|Any CPU
		{A73C80BB-2744-411D-A6D0-839A5E7DB770}.Debug|x64.Build.0 = Debug|Any CPU
		{A73C80BB-2744-411D-A6D0-839A5E7DB770}.Debug|x86.ActiveCfg = Debug|Any CPU
		{A73C80BB-2744-411D-A6D0-839A5E7DB770}.Debug|x86.Build.0 = Debug|Any CPU
		{A73C80BB-2744-411D-A6D0-839A5E7DB770}.Release|Any CPU.ActiveCfg = Release|Any CPU
		{A73C80BB-2744-411D-A6D0-839A5E7DB770}.Release|Any CPU.Build.0 = Release|Any CPU
		{A73C80BB-2744-411D-A6D0-839A5E7DB770}.Release|x64.ActiveCfg = Release|Any CPU
		{A73C80BB-2744-411D-A6D0-839A5E7DB770}.Release|x64.Build.0 = Release|Any CPU
		{A73C80BB-2744-411D-A6D0-839A5E7DB770}.Release|x86.ActiveCfg = Release|Any CPU
		{A73C80BB-2744-411D-A6D0-839A5E7DB770}.Release|x86.Build.0 = Release|Any CPU
	EndGlobalSection
	GlobalSection(SolutionProperties) = preSolution
		HideSolutionNode = FALSE
	EndGlobalSection
	GlobalSection(ExtensibilityGlobals) = postSolution
		SolutionGuid = {37693CD4-D776-48FB-B8A1-522499BBF8D2}
	EndGlobalSection
EndGlobal
