
Microsoft Visual Studio Solution File, Format Version 12.00
# Visual Studio Version 16
VisualStudioVersion = 16.0.30803.129
MinimumVisualStudioVersion = 10.0.40219.1
Project("{C7167F0D-BC9F-4E6E-AFE1-012C56B48DB5}") = "IntroXAML (Package)", "IntroXAML\IntroXAML (Package)\IntroXAML (Package).wapproj", "{1D96471A-AD14-4EE4-A9E2-A72F11B83958}"
EndProject
Project("{9A19103F-16F7-4668-BE54-9A1E7A4F7556}") = "IntroXAML", "IntroXAML\IntroXAML\IntroXAML.csproj", "{926BE89B-F789-4B95-8245-A00B5CE6A20A}"
EndProject
Project("{9A19103F-16F7-4668-BE54-9A1E7A4F7556}") = "DataLib", "DataLib\DataLib.csproj", "{228BDF8A-DC69-4167-8BDF-3EC233BC0F53}"
EndProject
Project("{C7167F0D-BC9F-4E6E-AFE1-012C56B48DB5}") = "AttachedProperty (Package)", "..\AttachedProperty\AttachedProperty (Package)\AttachedProperty (Package).wapproj", "{63FF6161-1044-4FCD-BE72-7B9166FB4587}"
EndProject
Project("{9A19103F-16F7-4668-BE54-9A1E7A4F7556}") = "AttachedProperty", "..\AttachedProperty\AttachedProperty\AttachedProperty.csproj", "{B5D77686-D016-41CB-82F7-A82AC1369A0F}"
EndProject
Project("{9A19103F-16F7-4668-BE54-9A1E7A4F7556}") = "HelloWindows", "..\HelloWindows\HelloWindows\HelloWindows.csproj", "{B78171AB-BD8C-443D-B40A-83D95EB0F58E}"
EndProject
Project("{C7167F0D-BC9F-4E6E-AFE1-012C56B48DB5}") = "HelloWindows (Package)", "..\HelloWindows\HelloWindows (Package)\HelloWindows (Package).wapproj", "{834766A5-27F1-415D-9DA7-1F0185D13858}"
EndProject
Project("{9A19103F-16F7-4668-BE54-9A1E7A4F7556}") = "CustomMarkupExtensions", "..\CustomMarkupExtensions\CustomMarkupExtensions\CustomMarkupExtensions.csproj", "{721E3E0E-AD54-487A-88E3-A9337EC2694F}"
EndProject
Project("{C7167F0D-BC9F-4E6E-AFE1-012C56B48DB5}") = "CustomMarkupExtensions (Package)", "..\CustomMarkupExtensions\CustomMarkupExtensions (Package)\CustomMarkupExtensions (Package).wapproj", "{6CB5C797-F526-4C69-846A-228DEE5246D9}"
EndProject
Project("{9A19103F-16F7-4668-BE54-9A1E7A4F7556}") = "DependencyObjectSample", "..\DependencyObjectSample\DependencyObjectSample\DependencyObjectSample.csproj", "{DDD7F7C3-0681-4864-BA4C-F4058BEAD71F}"
EndProject
Project("{C7167F0D-BC9F-4E6E-AFE1-012C56B48DB5}") = "DependencyObjectSample (Package)", "..\DependencyObjectSample\DependencyObjectSample (Package)\DependencyObjectSample (Package).wapproj", "{7E56C99F-D417-4C37-9C27-B30A5B233443}"
EndProject
Project("{9A19103F-16F7-4668-BE54-9A1E7A4F7556}") = "MarkupExtensions", "..\MarkupExtensions\MarkupExtensions\MarkupExtensions.csproj", "{1F8BAE71-B29E-41F5-9B71-0309F5F01C65}"
EndProject
Project("{C7167F0D-BC9F-4E6E-AFE1-012C56B48DB5}") = "MarkupExtensions (Package)", "..\MarkupExtensions\MarkupExtensions (Package)\MarkupExtensions (Package).wapproj", "{A14881FD-A60C-4896-9C3F-357A04474051}"
EndProject
Project("{9A19103F-16F7-4668-BE54-9A1E7A4F7556}") = "RoutedEvents", "..\RoutedEvents\RoutedEvents\RoutedEvents.csproj", "{6FE35373-16BD-4040-A8F8-28752302755D}"
EndProject
Project("{C7167F0D-BC9F-4E6E-AFE1-012C56B48DB5}") = "RoutedEvents (Package)", "..\RoutedEvents\RoutedEvents (Package)\RoutedEvents (Package).wapproj", "{EDD4B74D-92F0-401A-A4CA-9E4937AE71A0}"
EndProject
Global
	GlobalSection(SolutionConfigurationPlatforms) = preSolution
		Debug|Any CPU = Debug|Any CPU
		Debug|arm64 = Debug|arm64
		Debug|x64 = Debug|x64
		Debug|x86 = Debug|x86
		Release|Any CPU = Release|Any CPU
		Release|arm64 = Release|arm64
		Release|x64 = Release|x64
		Release|x86 = Release|x86
	EndGlobalSection
	GlobalSection(ProjectConfigurationPlatforms) = postSolution
		{1D96471A-AD14-4EE4-A9E2-A72F11B83958}.Debug|Any CPU.ActiveCfg = Debug|x86
		{1D96471A-AD14-4EE4-A9E2-A72F11B83958}.Debug|Any CPU.Build.0 = Debug|x86
		{1D96471A-AD14-4EE4-A9E2-A72F11B83958}.Debug|Any CPU.Deploy.0 = Debug|x86
		{1D96471A-AD14-4EE4-A9E2-A72F11B83958}.Debug|arm64.ActiveCfg = Debug|arm64
		{1D96471A-AD14-4EE4-A9E2-A72F11B83958}.Debug|arm64.Build.0 = Debug|arm64
		{1D96471A-AD14-4EE4-A9E2-A72F11B83958}.Debug|arm64.Deploy.0 = Debug|arm64
		{1D96471A-AD14-4EE4-A9E2-A72F11B83958}.Debug|x64.ActiveCfg = Debug|x64
		{1D96471A-AD14-4EE4-A9E2-A72F11B83958}.Debug|x64.Build.0 = Debug|x64
		{1D96471A-AD14-4EE4-A9E2-A72F11B83958}.Debug|x64.Deploy.0 = Debug|x64
		{1D96471A-AD14-4EE4-A9E2-A72F11B83958}.Debug|x86.ActiveCfg = Debug|x86
		{1D96471A-AD14-4EE4-A9E2-A72F11B83958}.Debug|x86.Build.0 = Debug|x86
		{1D96471A-AD14-4EE4-A9E2-A72F11B83958}.Debug|x86.Deploy.0 = Debug|x86
		{1D96471A-AD14-4EE4-A9E2-A72F11B83958}.Release|Any CPU.ActiveCfg = Release|x86
		{1D96471A-AD14-4EE4-A9E2-A72F11B83958}.Release|arm64.ActiveCfg = Release|arm64
		{1D96471A-AD14-4EE4-A9E2-A72F11B83958}.Release|arm64.Build.0 = Release|arm64
		{1D96471A-AD14-4EE4-A9E2-A72F11B83958}.Release|arm64.Deploy.0 = Release|arm64
		{1D96471A-AD14-4EE4-A9E2-A72F11B83958}.Release|x64.ActiveCfg = Release|x64
		{1D96471A-AD14-4EE4-A9E2-A72F11B83958}.Release|x64.Build.0 = Release|x64
		{1D96471A-AD14-4EE4-A9E2-A72F11B83958}.Release|x64.Deploy.0 = Release|x64
		{1D96471A-AD14-4EE4-A9E2-A72F11B83958}.Release|x86.ActiveCfg = Release|x86
		{1D96471A-AD14-4EE4-A9E2-A72F11B83958}.Release|x86.Build.0 = Release|x86
		{1D96471A-AD14-4EE4-A9E2-A72F11B83958}.Release|x86.Deploy.0 = Release|x86
		{926BE89B-F789-4B95-8245-A00B5CE6A20A}.Debug|Any CPU.ActiveCfg = Debug|x86
		{926BE89B-F789-4B95-8245-A00B5CE6A20A}.Debug|Any CPU.Build.0 = Debug|x86
		{926BE89B-F789-4B95-8245-A00B5CE6A20A}.Debug|arm64.ActiveCfg = Debug|arm64
		{926BE89B-F789-4B95-8245-A00B5CE6A20A}.Debug|arm64.Build.0 = Debug|arm64
		{926BE89B-F789-4B95-8245-A00B5CE6A20A}.Debug|x64.ActiveCfg = Debug|x64
		{926BE89B-F789-4B95-8245-A00B5CE6A20A}.Debug|x64.Build.0 = Debug|x64
		{926BE89B-F789-4B95-8245-A00B5CE6A20A}.Debug|x86.ActiveCfg = Debug|x86
		{926BE89B-F789-4B95-8245-A00B5CE6A20A}.Debug|x86.Build.0 = Debug|x86
		{926BE89B-F789-4B95-8245-A00B5CE6A20A}.Release|Any CPU.ActiveCfg = Release|x86
		{926BE89B-F789-4B95-8245-A00B5CE6A20A}.Release|arm64.ActiveCfg = Release|arm64
		{926BE89B-F789-4B95-8245-A00B5CE6A20A}.Release|arm64.Build.0 = Release|arm64
		{926BE89B-F789-4B95-8245-A00B5CE6A20A}.Release|x64.ActiveCfg = Release|x64
		{926BE89B-F789-4B95-8245-A00B5CE6A20A}.Release|x64.Build.0 = Release|x64
		{926BE89B-F789-4B95-8245-A00B5CE6A20A}.Release|x86.ActiveCfg = Release|x86
		{926BE89B-F789-4B95-8245-A00B5CE6A20A}.Release|x86.Build.0 = Release|x86
		{228BDF8A-DC69-4167-8BDF-3EC233BC0F53}.Debug|Any CPU.ActiveCfg = Debug|Any CPU
		{228BDF8A-DC69-4167-8BDF-3EC233BC0F53}.Debug|Any CPU.Build.0 = Debug|Any CPU
		{228BDF8A-DC69-4167-8BDF-3EC233BC0F53}.Debug|arm64.ActiveCfg = Debug|Any CPU
		{228BDF8A-DC69-4167-8BDF-3EC233BC0F53}.Debug|arm64.Build.0 = Debug|Any CPU
		{228BDF8A-DC69-4167-8BDF-3EC233BC0F53}.Debug|x64.ActiveCfg = Debug|Any CPU
		{228BDF8A-DC69-4167-8BDF-3EC233BC0F53}.Debug|x64.Build.0 = Debug|Any CPU
		{228BDF8A-DC69-4167-8BDF-3EC233BC0F53}.Debug|x86.ActiveCfg = Debug|Any CPU
		{228BDF8A-DC69-4167-8BDF-3EC233BC0F53}.Debug|x86.Build.0 = Debug|Any CPU
		{228BDF8A-DC69-4167-8BDF-3EC233BC0F53}.Release|Any CPU.ActiveCfg = Release|Any CPU
		{228BDF8A-DC69-4167-8BDF-3EC233BC0F53}.Release|Any CPU.Build.0 = Release|Any CPU
		{228BDF8A-DC69-4167-8BDF-3EC233BC0F53}.Release|arm64.ActiveCfg = Release|Any CPU
		{228BDF8A-DC69-4167-8BDF-3EC233BC0F53}.Release|arm64.Build.0 = Release|Any CPU
		{228BDF8A-DC69-4167-8BDF-3EC233BC0F53}.Release|x64.ActiveCfg = Release|Any CPU
		{228BDF8A-DC69-4167-8BDF-3EC233BC0F53}.Release|x64.Build.0 = Release|Any CPU
		{228BDF8A-DC69-4167-8BDF-3EC233BC0F53}.Release|x86.ActiveCfg = Release|Any CPU
		{228BDF8A-DC69-4167-8BDF-3EC233BC0F53}.Release|x86.Build.0 = Release|Any CPU
		{63FF6161-1044-4FCD-BE72-7B9166FB4587}.Debug|Any CPU.ActiveCfg = Debug|x86
		{63FF6161-1044-4FCD-BE72-7B9166FB4587}.Debug|Any CPU.Build.0 = Debug|x86
		{63FF6161-1044-4FCD-BE72-7B9166FB4587}.Debug|Any CPU.Deploy.0 = Debug|x86
		{63FF6161-1044-4FCD-BE72-7B9166FB4587}.Debug|arm64.ActiveCfg = Debug|arm64
		{63FF6161-1044-4FCD-BE72-7B9166FB4587}.Debug|arm64.Build.0 = Debug|arm64
		{63FF6161-1044-4FCD-BE72-7B9166FB4587}.Debug|arm64.Deploy.0 = Debug|arm64
		{63FF6161-1044-4FCD-BE72-7B9166FB4587}.Debug|x64.ActiveCfg = Debug|x64
		{63FF6161-1044-4FCD-BE72-7B9166FB4587}.Debug|x64.Build.0 = Debug|x64
		{63FF6161-1044-4FCD-BE72-7B9166FB4587}.Debug|x64.Deploy.0 = Debug|x64
		{63FF6161-1044-4FCD-BE72-7B9166FB4587}.Debug|x86.ActiveCfg = Debug|x86
		{63FF6161-1044-4FCD-BE72-7B9166FB4587}.Debug|x86.Build.0 = Debug|x86
		{63FF6161-1044-4FCD-BE72-7B9166FB4587}.Debug|x86.Deploy.0 = Debug|x86
		{63FF6161-1044-4FCD-BE72-7B9166FB4587}.Release|Any CPU.ActiveCfg = Release|x86
		{63FF6161-1044-4FCD-BE72-7B9166FB4587}.Release|arm64.ActiveCfg = Release|arm64
		{63FF6161-1044-4FCD-BE72-7B9166FB4587}.Release|arm64.Build.0 = Release|arm64
		{63FF6161-1044-4FCD-BE72-7B9166FB4587}.Release|arm64.Deploy.0 = Release|arm64
		{63FF6161-1044-4FCD-BE72-7B9166FB4587}.Release|x64.ActiveCfg = Release|x64
		{63FF6161-1044-4FCD-BE72-7B9166FB4587}.Release|x64.Build.0 = Release|x64
		{63FF6161-1044-4FCD-BE72-7B9166FB4587}.Release|x64.Deploy.0 = Release|x64
		{63FF6161-1044-4FCD-BE72-7B9166FB4587}.Release|x86.ActiveCfg = Release|x86
		{63FF6161-1044-4FCD-BE72-7B9166FB4587}.Release|x86.Build.0 = Release|x86
		{63FF6161-1044-4FCD-BE72-7B9166FB4587}.Release|x86.Deploy.0 = Release|x86
		{B5D77686-D016-41CB-82F7-A82AC1369A0F}.Debug|Any CPU.ActiveCfg = Debug|x86
		{B5D77686-D016-41CB-82F7-A82AC1369A0F}.Debug|Any CPU.Build.0 = Debug|x86
		{B5D77686-D016-41CB-82F7-A82AC1369A0F}.Debug|arm64.ActiveCfg = Debug|arm64
		{B5D77686-D016-41CB-82F7-A82AC1369A0F}.Debug|arm64.Build.0 = Debug|arm64
		{B5D77686-D016-41CB-82F7-A82AC1369A0F}.Debug|x64.ActiveCfg = Debug|x64
		{B5D77686-D016-41CB-82F7-A82AC1369A0F}.Debug|x64.Build.0 = Debug|x64
		{B5D77686-D016-41CB-82F7-A82AC1369A0F}.Debug|x86.ActiveCfg = Debug|x86
		{B5D77686-D016-41CB-82F7-A82AC1369A0F}.Debug|x86.Build.0 = Debug|x86
		{B5D77686-D016-41CB-82F7-A82AC1369A0F}.Release|Any CPU.ActiveCfg = Release|x86
		{B5D77686-D016-41CB-82F7-A82AC1369A0F}.Release|arm64.ActiveCfg = Release|arm64
		{B5D77686-D016-41CB-82F7-A82AC1369A0F}.Release|arm64.Build.0 = Release|arm64
		{B5D77686-D016-41CB-82F7-A82AC1369A0F}.Release|x64.ActiveCfg = Release|x64
		{B5D77686-D016-41CB-82F7-A82AC1369A0F}.Release|x64.Build.0 = Release|x64
		{B5D77686-D016-41CB-82F7-A82AC1369A0F}.Release|x86.ActiveCfg = Release|x86
		{B5D77686-D016-41CB-82F7-A82AC1369A0F}.Release|x86.Build.0 = Release|x86
		{B78171AB-BD8C-443D-B40A-83D95EB0F58E}.Debug|Any CPU.ActiveCfg = Debug|x86
		{B78171AB-BD8C-443D-B40A-83D95EB0F58E}.Debug|Any CPU.Build.0 = Debug|x86
		{B78171AB-BD8C-443D-B40A-83D95EB0F58E}.Debug|arm64.ActiveCfg = Debug|arm64
		{B78171AB-BD8C-443D-B40A-83D95EB0F58E}.Debug|arm64.Build.0 = Debug|arm64
		{B78171AB-BD8C-443D-B40A-83D95EB0F58E}.Debug|x64.ActiveCfg = Debug|x64
		{B78171AB-BD8C-443D-B40A-83D95EB0F58E}.Debug|x64.Build.0 = Debug|x64
		{B78171AB-BD8C-443D-B40A-83D95EB0F58E}.Debug|x86.ActiveCfg = Debug|x86
		{B78171AB-BD8C-443D-B40A-83D95EB0F58E}.Debug|x86.Build.0 = Debug|x86
		{B78171AB-BD8C-443D-B40A-83D95EB0F58E}.Release|Any CPU.ActiveCfg = Release|x86
		{B78171AB-BD8C-443D-B40A-83D95EB0F58E}.Release|arm64.ActiveCfg = Release|arm64
		{B78171AB-BD8C-443D-B40A-83D95EB0F58E}.Release|arm64.Build.0 = Release|arm64
		{B78171AB-BD8C-443D-B40A-83D95EB0F58E}.Release|x64.ActiveCfg = Release|x64
		{B78171AB-BD8C-443D-B40A-83D95EB0F58E}.Release|x64.Build.0 = Release|x64
		{B78171AB-BD8C-443D-B40A-83D95EB0F58E}.Release|x86.ActiveCfg = Release|x86
		{B78171AB-BD8C-443D-B40A-83D95EB0F58E}.Release|x86.Build.0 = Release|x86
		{834766A5-27F1-415D-9DA7-1F0185D13858}.Debug|Any CPU.ActiveCfg = Debug|x86
		{834766A5-27F1-415D-9DA7-1F0185D13858}.Debug|Any CPU.Build.0 = Debug|x86
		{834766A5-27F1-415D-9DA7-1F0185D13858}.Debug|Any CPU.Deploy.0 = Debug|x86
		{834766A5-27F1-415D-9DA7-1F0185D13858}.Debug|arm64.ActiveCfg = Debug|arm64
		{834766A5-27F1-415D-9DA7-1F0185D13858}.Debug|arm64.Build.0 = Debug|arm64
		{834766A5-27F1-415D-9DA7-1F0185D13858}.Debug|arm64.Deploy.0 = Debug|arm64
		{834766A5-27F1-415D-9DA7-1F0185D13858}.Debug|x64.ActiveCfg = Debug|x64
		{834766A5-27F1-415D-9DA7-1F0185D13858}.Debug|x64.Build.0 = Debug|x64
		{834766A5-27F1-415D-9DA7-1F0185D13858}.Debug|x64.Deploy.0 = Debug|x64
		{834766A5-27F1-415D-9DA7-1F0185D13858}.Debug|x86.ActiveCfg = Debug|x86
		{834766A5-27F1-415D-9DA7-1F0185D13858}.Debug|x86.Build.0 = Debug|x86
		{834766A5-27F1-415D-9DA7-1F0185D13858}.Debug|x86.Deploy.0 = Debug|x86
		{834766A5-27F1-415D-9DA7-1F0185D13858}.Release|Any CPU.ActiveCfg = Release|x86
		{834766A5-27F1-415D-9DA7-1F0185D13858}.Release|arm64.ActiveCfg = Release|arm64
		{834766A5-27F1-415D-9DA7-1F0185D13858}.Release|arm64.Build.0 = Release|arm64
		{834766A5-27F1-415D-9DA7-1F0185D13858}.Release|arm64.Deploy.0 = Release|arm64
		{834766A5-27F1-415D-9DA7-1F0185D13858}.Release|x64.ActiveCfg = Release|x64
		{834766A5-27F1-415D-9DA7-1F0185D13858}.Release|x64.Build.0 = Release|x64
		{834766A5-27F1-415D-9DA7-1F0185D13858}.Release|x64.Deploy.0 = Release|x64
		{834766A5-27F1-415D-9DA7-1F0185D13858}.Release|x86.ActiveCfg = Release|x86
		{834766A5-27F1-415D-9DA7-1F0185D13858}.Release|x86.Build.0 = Release|x86
		{834766A5-27F1-415D-9DA7-1F0185D13858}.Release|x86.Deploy.0 = Release|x86
		{721E3E0E-AD54-487A-88E3-A9337EC2694F}.Debug|Any CPU.ActiveCfg = Debug|x86
		{721E3E0E-AD54-487A-88E3-A9337EC2694F}.Debug|arm64.ActiveCfg = Debug|arm64
		{721E3E0E-AD54-487A-88E3-A9337EC2694F}.Debug|arm64.Build.0 = Debug|arm64
		{721E3E0E-AD54-487A-88E3-A9337EC2694F}.Debug|x64.ActiveCfg = Debug|x64
		{721E3E0E-AD54-487A-88E3-A9337EC2694F}.Debug|x64.Build.0 = Debug|x64
		{721E3E0E-AD54-487A-88E3-A9337EC2694F}.Debug|x86.ActiveCfg = Debug|x86
		{721E3E0E-AD54-487A-88E3-A9337EC2694F}.Debug|x86.Build.0 = Debug|x86
		{721E3E0E-AD54-487A-88E3-A9337EC2694F}.Release|Any CPU.ActiveCfg = Release|x86
		{721E3E0E-AD54-487A-88E3-A9337EC2694F}.Release|arm64.ActiveCfg = Release|arm64
		{721E3E0E-AD54-487A-88E3-A9337EC2694F}.Release|arm64.Build.0 = Release|arm64
		{721E3E0E-AD54-487A-88E3-A9337EC2694F}.Release|x64.ActiveCfg = Release|x64
		{721E3E0E-AD54-487A-88E3-A9337EC2694F}.Release|x64.Build.0 = Release|x64
		{721E3E0E-AD54-487A-88E3-A9337EC2694F}.Release|x86.ActiveCfg = Release|x86
		{721E3E0E-AD54-487A-88E3-A9337EC2694F}.Release|x86.Build.0 = Release|x86
		{6CB5C797-F526-4C69-846A-228DEE5246D9}.Debug|Any CPU.ActiveCfg = Debug|x86
		{6CB5C797-F526-4C69-846A-228DEE5246D9}.Debug|arm64.ActiveCfg = Debug|arm64
		{6CB5C797-F526-4C69-846A-228DEE5246D9}.Debug|arm64.Build.0 = Debug|arm64
		{6CB5C797-F526-4C69-846A-228DEE5246D9}.Debug|arm64.Deploy.0 = Debug|arm64
		{6CB5C797-F526-4C69-846A-228DEE5246D9}.Debug|x64.ActiveCfg = Debug|x64
		{6CB5C797-F526-4C69-846A-228DEE5246D9}.Debug|x64.Build.0 = Debug|x64
		{6CB5C797-F526-4C69-846A-228DEE5246D9}.Debug|x64.Deploy.0 = Debug|x64
		{6CB5C797-F526-4C69-846A-228DEE5246D9}.Debug|x86.ActiveCfg = Debug|x86
		{6CB5C797-F526-4C69-846A-228DEE5246D9}.Debug|x86.Build.0 = Debug|x86
		{6CB5C797-F526-4C69-846A-228DEE5246D9}.Debug|x86.Deploy.0 = Debug|x86
		{6CB5C797-F526-4C69-846A-228DEE5246D9}.Release|Any CPU.ActiveCfg = Release|x86
		{6CB5C797-F526-4C69-846A-228DEE5246D9}.Release|arm64.ActiveCfg = Release|arm64
		{6CB5C797-F526-4C69-846A-228DEE5246D9}.Release|arm64.Build.0 = Release|arm64
		{6CB5C797-F526-4C69-846A-228DEE5246D9}.Release|arm64.Deploy.0 = Release|arm64
		{6CB5C797-F526-4C69-846A-228DEE5246D9}.Release|x64.ActiveCfg = Release|x64
		{6CB5C797-F526-4C69-846A-228DEE5246D9}.Release|x64.Build.0 = Release|x64
		{6CB5C797-F526-4C69-846A-228DEE5246D9}.Release|x64.Deploy.0 = Release|x64
		{6CB5C797-F526-4C69-846A-228DEE5246D9}.Release|x86.ActiveCfg = Release|x86
		{6CB5C797-F526-4C69-846A-228DEE5246D9}.Release|x86.Build.0 = Release|x86
		{6CB5C797-F526-4C69-846A-228DEE5246D9}.Release|x86.Deploy.0 = Release|x86
		{DDD7F7C3-0681-4864-BA4C-F4058BEAD71F}.Debug|Any CPU.ActiveCfg = Debug|x86
		{DDD7F7C3-0681-4864-BA4C-F4058BEAD71F}.Debug|arm64.ActiveCfg = Debug|arm64
		{DDD7F7C3-0681-4864-BA4C-F4058BEAD71F}.Debug|arm64.Build.0 = Debug|arm64
		{DDD7F7C3-0681-4864-BA4C-F4058BEAD71F}.Debug|x64.ActiveCfg = Debug|x64
		{DDD7F7C3-0681-4864-BA4C-F4058BEAD71F}.Debug|x64.Build.0 = Debug|x64
		{DDD7F7C3-0681-4864-BA4C-F4058BEAD71F}.Debug|x86.ActiveCfg = Debug|x86
		{DDD7F7C3-0681-4864-BA4C-F4058BEAD71F}.Debug|x86.Build.0 = Debug|x86
		{DDD7F7C3-0681-4864-BA4C-F4058BEAD71F}.Release|Any CPU.ActiveCfg = Release|x86
		{DDD7F7C3-0681-4864-BA4C-F4058BEAD71F}.Release|arm64.ActiveCfg = Release|arm64
		{DDD7F7C3-0681-4864-BA4C-F4058BEAD71F}.Release|arm64.Build.0 = Release|arm64
		{DDD7F7C3-0681-4864-BA4C-F4058BEAD71F}.Release|x64.ActiveCfg = Release|x64
		{DDD7F7C3-0681-4864-BA4C-F4058BEAD71F}.Release|x64.Build.0 = Release|x64
		{DDD7F7C3-0681-4864-BA4C-F4058BEAD71F}.Release|x86.ActiveCfg = Release|x86
		{DDD7F7C3-0681-4864-BA4C-F4058BEAD71F}.Release|x86.Build.0 = Release|x86
		{7E56C99F-D417-4C37-9C27-B30A5B233443}.Debug|Any CPU.ActiveCfg = Debug|x86
		{7E56C99F-D417-4C37-9C27-B30A5B233443}.Debug|arm64.ActiveCfg = Debug|arm64
		{7E56C99F-D417-4C37-9C27-B30A5B233443}.Debug|arm64.Build.0 = Debug|arm64
		{7E56C99F-D417-4C37-9C27-B30A5B233443}.Debug|arm64.Deploy.0 = Debug|arm64
		{7E56C99F-D417-4C37-9C27-B30A5B233443}.Debug|x64.ActiveCfg = Debug|x64
		{7E56C99F-D417-4C37-9C27-B30A5B233443}.Debug|x64.Build.0 = Debug|x64
		{7E56C99F-D417-4C37-9C27-B30A5B233443}.Debug|x64.Deploy.0 = Debug|x64
		{7E56C99F-D417-4C37-9C27-B30A5B233443}.Debug|x86.ActiveCfg = Debug|x86
		{7E56C99F-D417-4C37-9C27-B30A5B233443}.Debug|x86.Build.0 = Debug|x86
		{7E56C99F-D417-4C37-9C27-B30A5B233443}.Debug|x86.Deploy.0 = Debug|x86
		{7E56C99F-D417-4C37-9C27-B30A5B233443}.Release|Any CPU.ActiveCfg = Release|x86
		{7E56C99F-D417-4C37-9C27-B30A5B233443}.Release|arm64.ActiveCfg = Release|arm64
		{7E56C99F-D417-4C37-9C27-B30A5B233443}.Release|arm64.Build.0 = Release|arm64
		{7E56C99F-D417-4C37-9C27-B30A5B233443}.Release|arm64.Deploy.0 = Release|arm64
		{7E56C99F-D417-4C37-9C27-B30A5B233443}.Release|x64.ActiveCfg = Release|x64
		{7E56C99F-D417-4C37-9C27-B30A5B233443}.Release|x64.Build.0 = Release|x64
		{7E56C99F-D417-4C37-9C27-B30A5B233443}.Release|x64.Deploy.0 = Release|x64
		{7E56C99F-D417-4C37-9C27-B30A5B233443}.Release|x86.ActiveCfg = Release|x86
		{7E56C99F-D417-4C37-9C27-B30A5B233443}.Release|x86.Build.0 = Release|x86
		{7E56C99F-D417-4C37-9C27-B30A5B233443}.Release|x86.Deploy.0 = Release|x86
		{1F8BAE71-B29E-41F5-9B71-0309F5F01C65}.Debug|Any CPU.ActiveCfg = Debug|x86
		{1F8BAE71-B29E-41F5-9B71-0309F5F01C65}.Debug|arm64.ActiveCfg = Debug|arm64
		{1F8BAE71-B29E-41F5-9B71-0309F5F01C65}.Debug|arm64.Build.0 = Debug|arm64
		{1F8BAE71-B29E-41F5-9B71-0309F5F01C65}.Debug|x64.ActiveCfg = Debug|x64
		{1F8BAE71-B29E-41F5-9B71-0309F5F01C65}.Debug|x64.Build.0 = Debug|x64
		{1F8BAE71-B29E-41F5-9B71-0309F5F01C65}.Debug|x86.ActiveCfg = Debug|x86
		{1F8BAE71-B29E-41F5-9B71-0309F5F01C65}.Debug|x86.Build.0 = Debug|x86
		{1F8BAE71-B29E-41F5-9B71-0309F5F01C65}.Release|Any CPU.ActiveCfg = Release|x86
		{1F8BAE71-B29E-41F5-9B71-0309F5F01C65}.Release|arm64.ActiveCfg = Release|arm64
		{1F8BAE71-B29E-41F5-9B71-0309F5F01C65}.Release|arm64.Build.0 = Release|arm64
		{1F8BAE71-B29E-41F5-9B71-0309F5F01C65}.Release|x64.ActiveCfg = Release|x64
		{1F8BAE71-B29E-41F5-9B71-0309F5F01C65}.Release|x64.Build.0 = Release|x64
		{1F8BAE71-B29E-41F5-9B71-0309F5F01C65}.Release|x86.ActiveCfg = Release|x86
		{1F8BAE71-B29E-41F5-9B71-0309F5F01C65}.Release|x86.Build.0 = Release|x86
		{A14881FD-A60C-4896-9C3F-357A04474051}.Debug|Any CPU.ActiveCfg = Debug|x86
		{A14881FD-A60C-4896-9C3F-357A04474051}.Debug|arm64.ActiveCfg = Debug|arm64
		{A14881FD-A60C-4896-9C3F-357A04474051}.Debug|arm64.Build.0 = Debug|arm64
		{A14881FD-A60C-4896-9C3F-357A04474051}.Debug|arm64.Deploy.0 = Debug|arm64
		{A14881FD-A60C-4896-9C3F-357A04474051}.Debug|x64.ActiveCfg = Debug|x64
		{A14881FD-A60C-4896-9C3F-357A04474051}.Debug|x64.Build.0 = Debug|x64
		{A14881FD-A60C-4896-9C3F-357A04474051}.Debug|x64.Deploy.0 = Debug|x64
		{A14881FD-A60C-4896-9C3F-357A04474051}.Debug|x86.ActiveCfg = Debug|x86
		{A14881FD-A60C-4896-9C3F-357A04474051}.Debug|x86.Build.0 = Debug|x86
		{A14881FD-A60C-4896-9C3F-357A04474051}.Debug|x86.Deploy.0 = Debug|x86
		{A14881FD-A60C-4896-9C3F-357A04474051}.Release|Any CPU.ActiveCfg = Release|x86
		{A14881FD-A60C-4896-9C3F-357A04474051}.Release|arm64.ActiveCfg = Release|arm64
		{A14881FD-A60C-4896-9C3F-357A04474051}.Release|arm64.Build.0 = Release|arm64
		{A14881FD-A60C-4896-9C3F-357A04474051}.Release|arm64.Deploy.0 = Release|arm64
		{A14881FD-A60C-4896-9C3F-357A04474051}.Release|x64.ActiveCfg = Release|x64
		{A14881FD-A60C-4896-9C3F-357A04474051}.Release|x64.Build.0 = Release|x64
		{A14881FD-A60C-4896-9C3F-357A04474051}.Release|x64.Deploy.0 = Release|x64
		{A14881FD-A60C-4896-9C3F-357A04474051}.Release|x86.ActiveCfg = Release|x86
		{A14881FD-A60C-4896-9C3F-357A04474051}.Release|x86.Build.0 = Release|x86
		{A14881FD-A60C-4896-9C3F-357A04474051}.Release|x86.Deploy.0 = Release|x86
		{6FE35373-16BD-4040-A8F8-28752302755D}.Debug|Any CPU.ActiveCfg = Debug|x86
		{6FE35373-16BD-4040-A8F8-28752302755D}.Debug|arm64.ActiveCfg = Debug|arm64
		{6FE35373-16BD-4040-A8F8-28752302755D}.Debug|arm64.Build.0 = Debug|arm64
		{6FE35373-16BD-4040-A8F8-28752302755D}.Debug|x64.ActiveCfg = Debug|x64
		{6FE35373-16BD-4040-A8F8-28752302755D}.Debug|x64.Build.0 = Debug|x64
		{6FE35373-16BD-4040-A8F8-28752302755D}.Debug|x86.ActiveCfg = Debug|x86
		{6FE35373-16BD-4040-A8F8-28752302755D}.Debug|x86.Build.0 = Debug|x86
		{6FE35373-16BD-4040-A8F8-28752302755D}.Release|Any CPU.ActiveCfg = Release|x86
		{6FE35373-16BD-4040-A8F8-28752302755D}.Release|arm64.ActiveCfg = Release|arm64
		{6FE35373-16BD-4040-A8F8-28752302755D}.Release|arm64.Build.0 = Release|arm64
		{6FE35373-16BD-4040-A8F8-28752302755D}.Release|x64.ActiveCfg = Release|x64
		{6FE35373-16BD-4040-A8F8-28752302755D}.Release|x64.Build.0 = Release|x64
		{6FE35373-16BD-4040-A8F8-28752302755D}.Release|x86.ActiveCfg = Release|x86
		{6FE35373-16BD-4040-A8F8-28752302755D}.Release|x86.Build.0 = Release|x86
		{EDD4B74D-92F0-401A-A4CA-9E4937AE71A0}.Debug|Any CPU.ActiveCfg = Debug|x86
		{EDD4B74D-92F0-401A-A4CA-9E4937AE71A0}.Debug|arm64.ActiveCfg = Debug|arm64
		{EDD4B74D-92F0-401A-A4CA-9E4937AE71A0}.Debug|arm64.Build.0 = Debug|arm64
		{EDD4B74D-92F0-401A-A4CA-9E4937AE71A0}.Debug|arm64.Deploy.0 = Debug|arm64
		{EDD4B74D-92F0-401A-A4CA-9E4937AE71A0}.Debug|x64.ActiveCfg = Debug|x64
		{EDD4B74D-92F0-401A-A4CA-9E4937AE71A0}.Debug|x64.Build.0 = Debug|x64
		{EDD4B74D-92F0-401A-A4CA-9E4937AE71A0}.Debug|x64.Deploy.0 = Debug|x64
		{EDD4B74D-92F0-401A-A4CA-9E4937AE71A0}.Debug|x86.ActiveCfg = Debug|x86
		{EDD4B74D-92F0-401A-A4CA-9E4937AE71A0}.Debug|x86.Build.0 = Debug|x86
		{EDD4B74D-92F0-401A-A4CA-9E4937AE71A0}.Debug|x86.Deploy.0 = Debug|x86
		{EDD4B74D-92F0-401A-A4CA-9E4937AE71A0}.Release|Any CPU.ActiveCfg = Release|x86
		{EDD4B74D-92F0-401A-A4CA-9E4937AE71A0}.Release|arm64.ActiveCfg = Release|arm64
		{EDD4B74D-92F0-401A-A4CA-9E4937AE71A0}.Release|arm64.Build.0 = Release|arm64
		{EDD4B74D-92F0-401A-A4CA-9E4937AE71A0}.Release|arm64.Deploy.0 = Release|arm64
		{EDD4B74D-92F0-401A-A4CA-9E4937AE71A0}.Release|x64.ActiveCfg = Release|x64
		{EDD4B74D-92F0-401A-A4CA-9E4937AE71A0}.Release|x64.Build.0 = Release|x64
		{EDD4B74D-92F0-401A-A4CA-9E4937AE71A0}.Release|x64.Deploy.0 = Release|x64
		{EDD4B74D-92F0-401A-A4CA-9E4937AE71A0}.Release|x86.ActiveCfg = Release|x86
		{EDD4B74D-92F0-401A-A4CA-9E4937AE71A0}.Release|x86.Build.0 = Release|x86
		{EDD4B74D-92F0-401A-A4CA-9E4937AE71A0}.Release|x86.Deploy.0 = Release|x86
	EndGlobalSection
	GlobalSection(SolutionProperties) = preSolution
		HideSolutionNode = FALSE
	EndGlobalSection
	GlobalSection(ExtensibilityGlobals) = postSolution
		SolutionGuid = {325B0370-2A2B-40FB-9F87-298437D3ADBD}
	EndGlobalSection
EndGlobal
