
Microsoft Visual Studio Solution File, Format Version 12.00
# Visual Studio Version 16
VisualStudioVersion = 16.0.30804.86
MinimumVisualStudioVersion = 10.0.40219.1
Project("{FAE04EC0-301F-11D3-BF4B-00C04F79EFBC}") = "WebAppWithAppInsights", "WebAppWithAppInsights\WebAppWithAppInsights.csproj", "{3F58C209-BF1F-44AA-8F18-E18020F29DAD}"
EndProject
Global
	GlobalSection(SolutionConfigurationPlatforms) = preSolution
		Debug|Any CPU = Debug|Any CPU
		Release|Any CPU = Release|Any CPU
	EndGlobalSection
	GlobalSection(ProjectConfigurationPlatforms) = postSolution
		{3F58C209-BF1F-44AA-8F18-E18020F29DAD}.Debug|Any CPU.ActiveCfg = Debug|Any CPU
		{3F58C209-BF1F-44AA-8F18-E18020F29DAD}.Debug|Any CPU.Build.0 = Debug|Any CPU
		{3F58C209-BF1F-44AA-8F18-E18020F29DAD}.Release|Any CPU.ActiveCfg = Release|Any CPU
		{3F58C209-BF1F-44AA-8F18-E18020F29DAD}.Release|Any CPU.Build.0 = Release|Any CPU
	EndGlobalSection
	GlobalSection(SolutionProperties) = preSolution
		HideSolutionNode = FALSE
	EndGlobalSection
	GlobalSection(ExtensibilityGlobals) = postSolution
		SolutionGuid = {4B6C6577-8154-4916-9C61-14D6B732D9AB}
	EndGlobalSection
EndGlobal
