Microsoft Visual Studio Solution File, Format Version 12.00
# Visual Studio Version 16
VisualStudioVersion = 16.0.30717.126
MinimumVisualStudioVersion = 10.0.40219.1
Project("{9A19103F-16F7-4668-BE54-9A1E7A4F7556}") = "ForLoop", "ForLoop\ForLoop.csproj", "{0E437187-EF2C-4D65-BD31-BD5BEC525260}"
EndProject
Project("{9A19103F-16F7-4668-BE54-9A1E7A4F7556}") = "StringSample", "StringSample\StringSample.csproj", "{F5D497F6-A89C-4031-A932-71BE811106F3}"
EndProject
Project("{9A19103F-16F7-4668-BE54-9A1E7A4F7556}") = "VariableScopeSample", "VariableScopeSample\VariableScopeSample.csproj", "{DEC97933-9C6E-4B59-A821-6C7505800BFB}"
EndProject
Project("{9A19103F-16F7-4668-BE54-9A1E7A4F7556}") = "VariablesSample", "VariablesSample\VariablesSample.csproj", "{CB78BCCC-31EC-4B67-AA6E-FA65AC136A90}"
EndProject
Project("{9A19103F-16F7-4668-BE54-9A1E7A4F7556}") = "VariableScopeSample2", "VariableScopeSample2\VariableScopeSample2.csproj", "{1DA18881-24AB-4B55-A76C-7A2FCD9C40D6}"
EndProject
Project("{9A19103F-16F7-4668-BE54-9A1E7A4F7556}") = "UsingNumbers", "UsingNumbers\UsingNumbers.csproj", "{E56C3A2A-28B1-487C-838E-27458CE8B48B}"
EndProject
Project("{9A19103F-16F7-4668-BE54-9A1E7A4F7556}") = "TopLevelStatements", "TopLevelStatements\TopLevelStatements.csproj", "{7F3166F6-DD50-46E4-98A7-F1414689C60F}"
EndProject
Project("{9A19103F-16F7-4668-BE54-9A1E7A4F7556}") = "CommandLineArgs", "CommandLineArgs\CommandLineArgs.csproj", "{0E0A54B4-1DD5-4CAE-86FA-115861590822}"
EndProject
Project("{9A19103F-16F7-4668-BE54-9A1E7A4F7556}") = "NullableValueTypes", "NullableValueTypes\NullableValueTypes.csproj", "{34F42ADE-1BE0-40FD-A32B-056595169863}"
EndProject
Project("{9A19103F-16F7-4668-BE54-9A1E7A4F7556}") = "NullableReferenceTypes", "NullableReferenceTypes\NullableReferenceTypes.csproj", "{FDFDBB78-48B3-4825-B2CC-298EE7129DAE}"
EndProject
Project("{9A19103F-16F7-4668-BE54-9A1E7A4F7556}") = "SwitchExpression", "SwitchExpression\SwitchExpression.csproj", "{87389D40-254C-4BCB-B465-702B5DF55CDA}"
EndProject
Project("{9A19103F-16F7-4668-BE54-9A1E7A4F7556}") = "ProgramFlow", "ProgramFlow\ProgramFlow.csproj", "{51193B29-D9AD-4CA1-8672-45D881B1FB8A}"
EndProject
Project("{2150E333-8FDC-42A3-9474-1A3956D46DE8}") = "Solution Items", "Solution Items", "{8EF40E98-3937-4A3E-8339-C5DFA7F6A4CD}"
EndProject
Project("{9A19103F-16F7-4668-BE54-9A1E7A4F7556}") = "SwitchStatement", "SwitchStatement\SwitchStatement.csproj", "{45CD8BAE-2D0A-46D4-828D-7156566906A0}"
EndProject
Project("{FAE04EC0-301F-11D3-BF4B-00C04F79EFBC}") = "Math", "MathLib\Math.csproj", "{5DC79453-DFB1-43ED-988A-4AD9C15E6C05}"
EndProject
Global
	GlobalSection(SolutionConfigurationPlatforms) = preSolution
		Debug|Any CPU = Debug|Any CPU
		Debug|x64 = Debug|x64
		Debug|x86 = Debug|x86
		Release|Any CPU = Release|Any CPU
		Release|x64 = Release|x64
		Release|x86 = Release|x86
	EndGlobalSection
	GlobalSection(ProjectConfigurationPlatforms) = postSolution
		{0E437187-EF2C-4D65-BD31-BD5BEC525260}.Debug|Any CPU.ActiveCfg = Debug|Any CPU
		{0E437187-EF2C-4D65-BD31-BD5BEC525260}.Debug|Any CPU.Build.0 = Debug|Any CPU
		{0E437187-EF2C-4D65-BD31-BD5BEC525260}.Debug|x64.ActiveCfg = Debug|Any CPU
		{0E437187-EF2C-4D65-BD31-BD5BEC525260}.Debug|x64.Build.0 = Debug|Any CPU
		{0E437187-EF2C-4D65-BD31-BD5BEC525260}.Debug|x86.ActiveCfg = Debug|Any CPU
		{0E437187-EF2C-4D65-BD31-BD5BEC525260}.Debug|x86.Build.0 = Debug|Any CPU
		{0E437187-EF2C-4D65-BD31-BD5BEC525260}.Release|Any CPU.ActiveCfg = Debug|Any CPU
		{0E437187-EF2C-4D65-BD31-BD5BEC525260}.Release|Any CPU.Build.0 = Debug|Any CPU
		{0E437187-EF2C-4D65-BD31-BD5BEC525260}.Release|x64.ActiveCfg = Release|Any CPU
		{0E437187-EF2C-4D65-BD31-BD5BEC525260}.Release|x64.Build.0 = Release|Any CPU
		{0E437187-EF2C-4D65-BD31-BD5BEC525260}.Release|x86.ActiveCfg = Release|Any CPU
		{0E437187-EF2C-4D65-BD31-BD5BEC525260}.Release|x86.Build.0 = Release|Any CPU
		{F5D497F6-A89C-4031-A932-71BE811106F3}.Debug|Any CPU.ActiveCfg = Debug|Any CPU
		{F5D497F6-A89C-4031-A932-71BE811106F3}.Debug|Any CPU.Build.0 = Debug|Any CPU
		{F5D497F6-A89C-4031-A932-71BE811106F3}.Debug|x64.ActiveCfg = Debug|Any CPU
		{F5D497F6-A89C-4031-A932-71BE811106F3}.Debug|x64.Build.0 = Debug|Any CPU
		{F5D497F6-A89C-4031-A932-71BE811106F3}.Debug|x86.ActiveCfg = Debug|Any CPU
		{F5D497F6-A89C-4031-A932-71BE811106F3}.Debug|x86.Build.0 = Debug|Any CPU
		{F5D497F6-A89C-4031-A932-71BE811106F3}.Release|Any CPU.ActiveCfg = Debug|Any CPU
		{F5D497F6-A89C-4031-A932-71BE811106F3}.Release|Any CPU.Build.0 = Debug|Any CPU
		{F5D497F6-A89C-4031-A932-71BE811106F3}.Release|x64.ActiveCfg = Release|Any CPU
		{F5D497F6-A89C-4031-A932-71BE811106F3}.Release|x64.Build.0 = Release|Any CPU
		{F5D497F6-A89C-4031-A932-71BE811106F3}.Release|x86.ActiveCfg = Release|Any CPU
		{F5D497F6-A89C-4031-A932-71BE811106F3}.Release|x86.Build.0 = Release|Any CPU
		{DEC97933-9C6E-4B59-A821-6C7505800BFB}.Debug|Any CPU.ActiveCfg = Debug|Any CPU
		{DEC97933-9C6E-4B59-A821-6C7505800BFB}.Debug|Any CPU.Build.0 = Debug|Any CPU
		{DEC97933-9C6E-4B59-A821-6C7505800BFB}.Debug|x64.ActiveCfg = Debug|Any CPU
		{DEC97933-9C6E-4B59-A821-6C7505800BFB}.Debug|x64.Build.0 = Debug|Any CPU
		{DEC97933-9C6E-4B59-A821-6C7505800BFB}.Debug|x86.ActiveCfg = Debug|Any CPU
		{DEC97933-9C6E-4B59-A821-6C7505800BFB}.Debug|x86.Build.0 = Debug|Any CPU
		{DEC97933-9C6E-4B59-A821-6C7505800BFB}.Release|Any CPU.ActiveCfg = Debug|Any CPU
		{DEC97933-9C6E-4B59-A821-6C7505800BFB}.Release|Any CPU.Build.0 = Debug|Any CPU
		{DEC97933-9C6E-4B59-A821-6C7505800BFB}.Release|x64.ActiveCfg = Release|Any CPU
		{DEC97933-9C6E-4B59-A821-6C7505800BFB}.Release|x64.Build.0 = Release|Any CPU
		{DEC97933-9C6E-4B59-A821-6C7505800BFB}.Release|x86.ActiveCfg = Release|Any CPU
		{DEC97933-9C6E-4B59-A821-6C7505800BFB}.Release|x86.Build.0 = Release|Any CPU
		{CB78BCCC-31EC-4B67-AA6E-FA65AC136A90}.Debug|Any CPU.ActiveCfg = Debug|Any CPU
		{CB78BCCC-31EC-4B67-AA6E-FA65AC136A90}.Debug|Any CPU.Build.0 = Debug|Any CPU
		{CB78BCCC-31EC-4B67-AA6E-FA65AC136A90}.Debug|x64.ActiveCfg = Debug|Any CPU
		{CB78BCCC-31EC-4B67-AA6E-FA65AC136A90}.Debug|x64.Build.0 = Debug|Any CPU
		{CB78BCCC-31EC-4B67-AA6E-FA65AC136A90}.Debug|x86.ActiveCfg = Debug|Any CPU
		{CB78BCCC-31EC-4B67-AA6E-FA65AC136A90}.Debug|x86.Build.0 = Debug|Any CPU
		{CB78BCCC-31EC-4B67-AA6E-FA65AC136A90}.Release|Any CPU.ActiveCfg = Debug|Any CPU
		{CB78BCCC-31EC-4B67-AA6E-FA65AC136A90}.Release|Any CPU.Build.0 = Debug|Any CPU
		{CB78BCCC-31EC-4B67-AA6E-FA65AC136A90}.Release|x64.ActiveCfg = Release|Any CPU
		{CB78BCCC-31EC-4B67-AA6E-FA65AC136A90}.Release|x64.Build.0 = Release|Any CPU
		{CB78BCCC-31EC-4B67-AA6E-FA65AC136A90}.Release|x86.ActiveCfg = Release|Any CPU
		{CB78BCCC-31EC-4B67-AA6E-FA65AC136A90}.Release|x86.Build.0 = Release|Any CPU
		{1DA18881-24AB-4B55-A76C-7A2FCD9C40D6}.Debug|Any CPU.ActiveCfg = Debug|Any CPU
		{1DA18881-24AB-4B55-A76C-7A2FCD9C40D6}.Debug|Any CPU.Build.0 = Debug|Any CPU
		{1DA18881-24AB-4B55-A76C-7A2FCD9C40D6}.Debug|x64.ActiveCfg = Debug|Any CPU
		{1DA18881-24AB-4B55-A76C-7A2FCD9C40D6}.Debug|x64.Build.0 = Debug|Any CPU
		{1DA18881-24AB-4B55-A76C-7A2FCD9C40D6}.Debug|x86.ActiveCfg = Debug|Any CPU
		{1DA18881-24AB-4B55-A76C-7A2FCD9C40D6}.Debug|x86.Build.0 = Debug|Any CPU
		{1DA18881-24AB-4B55-A76C-7A2FCD9C40D6}.Release|Any CPU.ActiveCfg = Debug|Any CPU
		{1DA18881-24AB-4B55-A76C-7A2FCD9C40D6}.Release|Any CPU.Build.0 = Debug|Any CPU
		{1DA18881-24AB-4B55-A76C-7A2FCD9C40D6}.Release|x64.ActiveCfg = Release|Any CPU
		{1DA18881-24AB-4B55-A76C-7A2FCD9C40D6}.Release|x64.Build.0 = Release|Any CPU
		{1DA18881-24AB-4B55-A76C-7A2FCD9C40D6}.Release|x86.ActiveCfg = Release|Any CPU
		{1DA18881-24AB-4B55-A76C-7A2FCD9C40D6}.Release|x86.Build.0 = Release|Any CPU
		{E56C3A2A-28B1-487C-838E-27458CE8B48B}.Debug|Any CPU.ActiveCfg = Debug|Any CPU
		{E56C3A2A-28B1-487C-838E-27458CE8B48B}.Debug|Any CPU.Build.0 = Debug|Any CPU
		{E56C3A2A-28B1-487C-838E-27458CE8B48B}.Debug|x64.ActiveCfg = Debug|Any CPU
		{E56C3A2A-28B1-487C-838E-27458CE8B48B}.Debug|x64.Build.0 = Debug|Any CPU
		{E56C3A2A-28B1-487C-838E-27458CE8B48B}.Debug|x86.ActiveCfg = Debug|Any CPU
		{E56C3A2A-28B1-487C-838E-27458CE8B48B}.Debug|x86.Build.0 = Debug|Any CPU
		{E56C3A2A-28B1-487C-838E-27458CE8B48B}.Release|Any CPU.ActiveCfg = Release|Any CPU
		{E56C3A2A-28B1-487C-838E-27458CE8B48B}.Release|Any CPU.Build.0 = Release|Any CPU
		{E56C3A2A-28B1-487C-838E-27458CE8B48B}.Release|x64.ActiveCfg = Release|Any CPU
		{E56C3A2A-28B1-487C-838E-27458CE8B48B}.Release|x64.Build.0 = Release|Any CPU
		{E56C3A2A-28B1-487C-838E-27458CE8B48B}.Release|x86.ActiveCfg = Release|Any CPU
		{E56C3A2A-28B1-487C-838E-27458CE8B48B}.Release|x86.Build.0 = Release|Any CPU
		{7F3166F6-DD50-46E4-98A7-F1414689C60F}.Debug|Any CPU.ActiveCfg = Debug|Any CPU
		{7F3166F6-DD50-46E4-98A7-F1414689C60F}.Debug|Any CPU.Build.0 = Debug|Any CPU
		{7F3166F6-DD50-46E4-98A7-F1414689C60F}.Debug|x64.ActiveCfg = Debug|Any CPU
		{7F3166F6-DD50-46E4-98A7-F1414689C60F}.Debug|x64.Build.0 = Debug|Any CPU
		{7F3166F6-DD50-46E4-98A7-F1414689C60F}.Debug|x86.ActiveCfg = Debug|Any CPU
		{7F3166F6-DD50-46E4-98A7-F1414689C60F}.Debug|x86.Build.0 = Debug|Any CPU
		{7F3166F6-DD50-46E4-98A7-F1414689C60F}.Release|Any CPU.ActiveCfg = Release|Any CPU
		{7F3166F6-DD50-46E4-98A7-F1414689C60F}.Release|Any CPU.Build.0 = Release|Any CPU
		{7F3166F6-DD50-46E4-98A7-F1414689C60F}.Release|x64.ActiveCfg = Release|Any CPU
		{7F3166F6-DD50-46E4-98A7-F1414689C60F}.Release|x64.Build.0 = Release|Any CPU
		{7F3166F6-DD50-46E4-98A7-F1414689C60F}.Release|x86.ActiveCfg = Release|Any CPU
		{7F3166F6-DD50-46E4-98A7-F1414689C60F}.Release|x86.Build.0 = Release|Any CPU
		{0E0A54B4-1DD5-4CAE-86FA-115861590822}.Debug|Any CPU.ActiveCfg = Debug|Any CPU
		{0E0A54B4-1DD5-4CAE-86FA-115861590822}.Debug|Any CPU.Build.0 = Debug|Any CPU
		{0E0A54B4-1DD5-4CAE-86FA-115861590822}.Debug|x64.ActiveCfg = Debug|Any CPU
		{0E0A54B4-1DD5-4CAE-86FA-115861590822}.Debug|x64.Build.0 = Debug|Any CPU
		{0E0A54B4-1DD5-4CAE-86FA-115861590822}.Debug|x86.ActiveCfg = Debug|Any CPU
		{0E0A54B4-1DD5-4CAE-86FA-115861590822}.Debug|x86.Build.0 = Debug|Any CPU
		{0E0A54B4-1DD5-4CAE-86FA-115861590822}.Release|Any CPU.ActiveCfg = Release|Any CPU
		{0E0A54B4-1DD5-4CAE-86FA-115861590822}.Release|Any CPU.Build.0 = Release|Any CPU
		{0E0A54B4-1DD5-4CAE-86FA-115861590822}.Release|x64.ActiveCfg = Release|Any CPU
		{0E0A54B4-1DD5-4CAE-86FA-115861590822}.Release|x64.Build.0 = Release|Any CPU
		{0E0A54B4-1DD5-4CAE-86FA-115861590822}.Release|x86.ActiveCfg = Release|Any CPU
		{0E0A54B4-1DD5-4CAE-86FA-115861590822}.Release|x86.Build.0 = Release|Any CPU
		{34F42ADE-1BE0-40FD-A32B-056595169863}.Debug|Any CPU.ActiveCfg = Debug|Any CPU
		{34F42ADE-1BE0-40FD-A32B-056595169863}.Debug|Any CPU.Build.0 = Debug|Any CPU
		{34F42ADE-1BE0-40FD-A32B-056595169863}.Debug|x64.ActiveCfg = Debug|Any CPU
		{34F42ADE-1BE0-40FD-A32B-056595169863}.Debug|x64.Build.0 = Debug|Any CPU
		{34F42ADE-1BE0-40FD-A32B-056595169863}.Debug|x86.ActiveCfg = Debug|Any CPU
		{34F42ADE-1BE0-40FD-A32B-056595169863}.Debug|x86.Build.0 = Debug|Any CPU
		{34F42ADE-1BE0-40FD-A32B-056595169863}.Release|Any CPU.ActiveCfg = Release|Any CPU
		{34F42ADE-1BE0-40FD-A32B-056595169863}.Release|Any CPU.Build.0 = Release|Any CPU
		{34F42ADE-1BE0-40FD-A32B-056595169863}.Release|x64.ActiveCfg = Release|Any CPU
		{34F42ADE-1BE0-40FD-A32B-056595169863}.Release|x64.Build.0 = Release|Any CPU
		{34F42ADE-1BE0-40FD-A32B-056595169863}.Release|x86.ActiveCfg = Release|Any CPU
		{34F42ADE-1BE0-40FD-A32B-056595169863}.Release|x86.Build.0 = Release|Any CPU
		{FDFDBB78-48B3-4825-B2CC-298EE7129DAE}.Debug|Any CPU.ActiveCfg = Debug|Any CPU
		{FDFDBB78-48B3-4825-B2CC-298EE7129DAE}.Debug|Any CPU.Build.0 = Debug|Any CPU
		{FDFDBB78-48B3-4825-B2CC-298EE7129DAE}.Debug|x64.ActiveCfg = Debug|Any CPU
		{FDFDBB78-48B3-4825-B2CC-298EE7129DAE}.Debug|x64.Build.0 = Debug|Any CPU
		{FDFDBB78-48B3-4825-B2CC-298EE7129DAE}.Debug|x86.ActiveCfg = Debug|Any CPU
		{FDFDBB78-48B3-4825-B2CC-298EE7129DAE}.Debug|x86.Build.0 = Debug|Any CPU
		{FDFDBB78-48B3-4825-B2CC-298EE7129DAE}.Release|Any CPU.ActiveCfg = Release|Any CPU
		{FDFDBB78-48B3-4825-B2CC-298EE7129DAE}.Release|Any CPU.Build.0 = Release|Any CPU
		{FDFDBB78-48B3-4825-B2CC-298EE7129DAE}.Release|x64.ActiveCfg = Release|Any CPU
		{FDFDBB78-48B3-4825-B2CC-298EE7129DAE}.Release|x64.Build.0 = Release|Any CPU
		{FDFDBB78-48B3-4825-B2CC-298EE7129DAE}.Release|x86.ActiveCfg = Release|Any CPU
		{FDFDBB78-48B3-4825-B2CC-298EE7129DAE}.Release|x86.Build.0 = Release|Any CPU
		{87389D40-254C-4BCB-B465-702B5DF55CDA}.Debug|Any CPU.ActiveCfg = Debug|Any CPU
		{87389D40-254C-4BCB-B465-702B5DF55CDA}.Debug|Any CPU.Build.0 = Debug|Any CPU
		{87389D40-254C-4BCB-B465-702B5DF55CDA}.Debug|x64.ActiveCfg = Debug|Any CPU
		{87389D40-254C-4BCB-B465-702B5DF55CDA}.Debug|x64.Build.0 = Debug|Any CPU
		{87389D40-254C-4BCB-B465-702B5DF55CDA}.Debug|x86.ActiveCfg = Debug|Any CPU
		{87389D40-254C-4BCB-B465-702B5DF55CDA}.Debug|x86.Build.0 = Debug|Any CPU
		{87389D40-254C-4BCB-B465-702B5DF55CDA}.Release|Any CPU.ActiveCfg = Release|Any CPU
		{87389D40-254C-4BCB-B465-702B5DF55CDA}.Release|Any CPU.Build.0 = Release|Any CPU
		{87389D40-254C-4BCB-B465-702B5DF55CDA}.Release|x64.ActiveCfg = Release|Any CPU
		{87389D40-254C-4BCB-B465-702B5DF55CDA}.Release|x64.Build.0 = Release|Any CPU
		{87389D40-254C-4BCB-B465-702B5DF55CDA}.Release|x86.ActiveCfg = Release|Any CPU
		{87389D40-254C-4BCB-B465-702B5DF55CDA}.Release|x86.Build.0 = Release|Any CPU
		{51193B29-D9AD-4CA1-8672-45D881B1FB8A}.Debug|Any CPU.ActiveCfg = Debug|Any CPU
		{51193B29-D9AD-4CA1-8672-45D881B1FB8A}.Debug|Any CPU.Build.0 = Debug|Any CPU
		{51193B29-D9AD-4CA1-8672-45D881B1FB8A}.Debug|x64.ActiveCfg = Debug|Any CPU
		{51193B29-D9AD-4CA1-8672-45D881B1FB8A}.Debug|x64.Build.0 = Debug|Any CPU
		{51193B29-D9AD-4CA1-8672-45D881B1FB8A}.Debug|x86.ActiveCfg = Debug|Any CPU
		{51193B29-D9AD-4CA1-8672-45D881B1FB8A}.Debug|x86.Build.0 = Debug|Any CPU
		{51193B29-D9AD-4CA1-8672-45D881B1FB8A}.Release|Any CPU.ActiveCfg = Release|Any CPU
		{51193B29-D9AD-4CA1-8672-45D881B1FB8A}.Release|Any CPU.Build.0 = Release|Any CPU
		{51193B29-D9AD-4CA1-8672-45D881B1FB8A}.Release|x64.ActiveCfg = Release|Any CPU
		{51193B29-D9AD-4CA1-8672-45D881B1FB8A}.Release|x64.Build.0 = Release|Any CPU
		{51193B29-D9AD-4CA1-8672-45D881B1FB8A}.Release|x86.ActiveCfg = Release|Any CPU
		{51193B29-D9AD-4CA1-8672-45D881B1FB8A}.Release|x86.Build.0 = Release|Any CPU
		{45CD8BAE-2D0A-46D4-828D-7156566906A0}.Debug|Any CPU.ActiveCfg = Debug|Any CPU
		{45CD8BAE-2D0A-46D4-828D-7156566906A0}.Debug|Any CPU.Build.0 = Debug|Any CPU
		{45CD8BAE-2D0A-46D4-828D-7156566906A0}.Debug|x64.ActiveCfg = Debug|Any CPU
		{45CD8BAE-2D0A-46D4-828D-7156566906A0}.Debug|x64.Build.0 = Debug|Any CPU
		{45CD8BAE-2D0A-46D4-828D-7156566906A0}.Debug|x86.ActiveCfg = Debug|Any CPU
		{45CD8BAE-2D0A-46D4-828D-7156566906A0}.Debug|x86.Build.0 = Debug|Any CPU
		{45CD8BAE-2D0A-46D4-828D-7156566906A0}.Release|Any CPU.ActiveCfg = Release|Any CPU
		{45CD8BAE-2D0A-46D4-828D-7156566906A0}.Release|Any CPU.Build.0 = Release|Any CPU
		{45CD8BAE-2D0A-46D4-828D-7156566906A0}.Release|x64.ActiveCfg = Release|Any CPU
		{45CD8BAE-2D0A-46D4-828D-7156566906A0}.Release|x64.Build.0 = Release|Any CPU
		{45CD8BAE-2D0A-46D4-828D-7156566906A0}.Release|x86.ActiveCfg = Release|Any CPU
		{45CD8BAE-2D0A-46D4-828D-7156566906A0}.Release|x86.Build.0 = Release|Any CPU
		{5DC79453-DFB1-43ED-988A-4AD9C15E6C05}.Debug|Any CPU.ActiveCfg = Debug|Any CPU
		{5DC79453-DFB1-43ED-988A-4AD9C15E6C05}.Debug|Any CPU.Build.0 = Debug|Any CPU
		{5DC79453-DFB1-43ED-988A-4AD9C15E6C05}.Debug|x64.ActiveCfg = Debug|Any CPU
		{5DC79453-DFB1-43ED-988A-4AD9C15E6C05}.Debug|x64.Build.0 = Debug|Any CPU
		{5DC79453-DFB1-43ED-988A-4AD9C15E6C05}.Debug|x86.ActiveCfg = Debug|Any CPU
		{5DC79453-DFB1-43ED-988A-4AD9C15E6C05}.Debug|x86.Build.0 = Debug|Any CPU
		{5DC79453-DFB1-43ED-988A-4AD9C15E6C05}.Release|Any CPU.ActiveCfg = Release|Any CPU
		{5DC79453-DFB1-43ED-988A-4AD9C15E6C05}.Release|Any CPU.Build.0 = Release|Any CPU
		{5DC79453-DFB1-43ED-988A-4AD9C15E6C05}.Release|x64.ActiveCfg = Release|Any CPU
		{5DC79453-DFB1-43ED-988A-4AD9C15E6C05}.Release|x64.Build.0 = Release|Any CPU
		{5DC79453-DFB1-43ED-988A-4AD9C15E6C05}.Release|x86.ActiveCfg = Release|Any CPU
		{5DC79453-DFB1-43ED-988A-4AD9C15E6C05}.Release|x86.Build.0 = Release|Any CPU
	EndGlobalSection
	GlobalSection(SolutionProperties) = preSolution
		HideSolutionNode = FALSE
	EndGlobalSection
	GlobalSection(ExtensibilityGlobals) = postSolution
		SolutionGuid = {E8DA7BF8-836B-4A79-9463-3916FDC94E97}
	EndGlobalSection
EndGlobal
