
Microsoft Visual Studio Solution File, Format Version 12.00
# Visual Studio Version 17
VisualStudioVersion = 17.2.32616.157
MinimumVisualStudioVersion = 10.0.40219.1
Project("{9A19103F-16F7-4668-BE54-9A1E7A4F7556}") = "AngularSample", "AngularSample.csproj", "{FCD356C6-22DD-498C-9E69-FE6AB65EF773}"
EndProject
Global
	GlobalSection(SolutionConfigurationPlatforms) = preSolution
		Debug|Any CPU = Debug|Any CPU
		Release|Any CPU = Release|Any CPU
	EndGlobalSection
	GlobalSection(ProjectConfigurationPlatforms) = postSolution
		{FCD356C6-22DD-498C-9E69-FE6AB65EF773}.Debug|Any CPU.ActiveCfg = Debug|Any CPU
		{FCD356C6-22DD-498C-9E69-FE6AB65EF773}.Debug|Any CPU.Build.0 = Debug|Any CPU
		{FCD356C6-22DD-498C-9E69-FE6AB65EF773}.Release|Any CPU.ActiveCfg = Release|Any CPU
		{FCD356C6-22DD-498C-9E69-FE6AB65EF773}.Release|Any CPU.Build.0 = Release|Any CPU
	EndGlobalSection
	GlobalSection(SolutionProperties) = preSolution
		HideSolutionNode = FALSE
	EndGlobalSection
	GlobalSection(ExtensibilityGlobals) = postSolution
		SolutionGuid = {351E9B3E-F7BD-4035-8395-AAA8401B0D9D}
	EndGlobalSection
EndGlobal
