
Microsoft Visual Studio Solution File, Format Version 12.00
# Visual Studio Version 17
VisualStudioVersion = 17.6.33617.297
MinimumVisualStudioVersion = 10.0.40219.1
Project("{9A19103F-16F7-4668-BE54-9A1E7A4F7556}") = "AngularSample", "AngularSample.csproj", "{5B72061C-D51E-4811-A866-8D1844E76F56}"
EndProject
Global
	GlobalSection(SolutionConfigurationPlatforms) = preSolution
		Debug|Any CPU = Debug|Any CPU
		Release|Any CPU = Release|Any CPU
	EndGlobalSection
	GlobalSection(ProjectConfigurationPlatforms) = postSolution
		{5B72061C-D51E-4811-A866-8D1844E76F56}.Debug|Any CPU.ActiveCfg = Debug|Any CPU
		{5B72061C-D51E-4811-A866-8D1844E76F56}.Debug|Any CPU.Build.0 = Debug|Any CPU
		{5B72061C-D51E-4811-A866-8D1844E76F56}.Release|Any CPU.ActiveCfg = Release|Any CPU
		{5B72061C-D51E-4811-A866-8D1844E76F56}.Release|Any CPU.Build.0 = Release|Any CPU
	EndGlobalSection
	GlobalSection(SolutionProperties) = preSolution
		HideSolutionNode = FALSE
	EndGlobalSection
	GlobalSection(ExtensibilityGlobals) = postSolution
		SolutionGuid = {3598DF52-EA84-4111-A8E7-91BBCC7DD4B4}
	EndGlobalSection
EndGlobal
