
Microsoft Visual Studio Solution File, Format Version 12.00
# Visual Studio Version 16
VisualStudioVersion = 16.0.31220.234
MinimumVisualStudioVersion = 10.0.40219.1
Project("{9A19103F-16F7-4668-BE54-9A1E7A4F7556}") = "Blazor.ComponentsSample", "Blazor.ComponentsSample.csproj", "{2ABF3B32-3DB9-4A52-8924-C7707C8E97BB}"
EndProject
Global
	GlobalSection(SolutionConfigurationPlatforms) = preSolution
		Debug|Any CPU = Debug|Any CPU
		Release|Any CPU = Release|Any CPU
	EndGlobalSection
	GlobalSection(ProjectConfigurationPlatforms) = postSolution
		{2ABF3B32-3DB9-4A52-8924-C7707C8E97BB}.Debug|Any CPU.ActiveCfg = Debug|Any CPU
		{2ABF3B32-3DB9-4A52-8924-C7707C8E97BB}.Debug|Any CPU.Build.0 = Debug|Any CPU
		{2ABF3B32-3DB9-4A52-8924-C7707C8E97BB}.Release|Any CPU.ActiveCfg = Release|Any CPU
		{2ABF3B32-3DB9-4A52-8924-C7707C8E97BB}.Release|Any CPU.Build.0 = Release|Any CPU
	EndGlobalSection
	GlobalSection(SolutionProperties) = preSolution
		HideSolutionNode = FALSE
	EndGlobalSection
	GlobalSection(ExtensibilityGlobals) = postSolution
		SolutionGuid = {88222BBD-7EED-475D-BFAC-373D55FA1039}
	EndGlobalSection
EndGlobal
