
Microsoft Visual Studio Solution File, Format Version 12.00
# Visual Studio Version 16
VisualStudioVersion = 16.0.31025.218
MinimumVisualStudioVersion = 10.0.40219.1
Project("{C7167F0D-BC9F-4E6E-AFE1-012C56B48DB5}") = "Shapes (Package)", "Shapes (Package)\Shapes (Package).wapproj", "{A9E4A74B-2699-4EBA-BD16-4021776E4A64}"
EndProject
Project("{FAE04EC0-301F-11D3-BF4B-00C04F79EFBC}") = "Shapes", "Shapes\Shapes.csproj", "{A8732E93-A1F2-4F36-979C-0DB4088F1A17}"
EndProject
Global
	GlobalSection(SolutionConfigurationPlatforms) = preSolution
		Debug|arm64 = Debug|arm64
		Debug|x64 = Debug|x64
		Debug|x86 = Debug|x86
		Release|arm64 = Release|arm64
		Release|x64 = Release|x64
		Release|x86 = Release|x86
	EndGlobalSection
	GlobalSection(ProjectConfigurationPlatforms) = postSolution
		{A9E4A74B-2699-4EBA-BD16-4021776E4A64}.Debug|arm64.ActiveCfg = Debug|arm64
		{A9E4A74B-2699-4EBA-BD16-4021776E4A64}.Debug|arm64.Build.0 = Debug|arm64
		{A9E4A74B-2699-4EBA-BD16-4021776E4A64}.Debug|arm64.Deploy.0 = Debug|arm64
		{A9E4A74B-2699-4EBA-BD16-4021776E4A64}.Debug|x64.ActiveCfg = Debug|x64
		{A9E4A74B-2699-4EBA-BD16-4021776E4A64}.Debug|x64.Build.0 = Debug|x64
		{A9E4A74B-2699-4EBA-BD16-4021776E4A64}.Debug|x64.Deploy.0 = Debug|x64
		{A9E4A74B-2699-4EBA-BD16-4021776E4A64}.Debug|x86.ActiveCfg = Debug|x86
		{A9E4A74B-2699-4EBA-BD16-4021776E4A64}.Debug|x86.Build.0 = Debug|x86
		{A9E4A74B-2699-4EBA-BD16-4021776E4A64}.Debug|x86.Deploy.0 = Debug|x86
		{A9E4A74B-2699-4EBA-BD16-4021776E4A64}.Release|arm64.ActiveCfg = Release|arm64
		{A9E4A74B-2699-4EBA-BD16-4021776E4A64}.Release|arm64.Build.0 = Release|arm64
		{A9E4A74B-2699-4EBA-BD16-4021776E4A64}.Release|arm64.Deploy.0 = Release|arm64
		{A9E4A74B-2699-4EBA-BD16-4021776E4A64}.Release|x64.ActiveCfg = Release|x64
		{A9E4A74B-2699-4EBA-BD16-4021776E4A64}.Release|x64.Build.0 = Release|x64
		{A9E4A74B-2699-4EBA-BD16-4021776E4A64}.Release|x64.Deploy.0 = Release|x64
		{A9E4A74B-2699-4EBA-BD16-4021776E4A64}.Release|x86.ActiveCfg = Release|x86
		{A9E4A74B-2699-4EBA-BD16-4021776E4A64}.Release|x86.Build.0 = Release|x86
		{A9E4A74B-2699-4EBA-BD16-4021776E4A64}.Release|x86.Deploy.0 = Release|x86
		{A8732E93-A1F2-4F36-979C-0DB4088F1A17}.Debug|arm64.ActiveCfg = Debug|arm64
		{A8732E93-A1F2-4F36-979C-0DB4088F1A17}.Debug|arm64.Build.0 = Debug|arm64
		{A8732E93-A1F2-4F36-979C-0DB4088F1A17}.Debug|x64.ActiveCfg = Debug|x64
		{A8732E93-A1F2-4F36-979C-0DB4088F1A17}.Debug|x64.Build.0 = Debug|x64
		{A8732E93-A1F2-4F36-979C-0DB4088F1A17}.Debug|x86.ActiveCfg = Debug|x86
		{A8732E93-A1F2-4F36-979C-0DB4088F1A17}.Debug|x86.Build.0 = Debug|x86
		{A8732E93-A1F2-4F36-979C-0DB4088F1A17}.Release|arm64.ActiveCfg = Release|arm64
		{A8732E93-A1F2-4F36-979C-0DB4088F1A17}.Release|arm64.Build.0 = Release|arm64
		{A8732E93-A1F2-4F36-979C-0DB4088F1A17}.Release|x64.ActiveCfg = Release|x64
		{A8732E93-A1F2-4F36-979C-0DB4088F1A17}.Release|x64.Build.0 = Release|x64
		{A8732E93-A1F2-4F36-979C-0DB4088F1A17}.Release|x86.ActiveCfg = Release|x86
		{A8732E93-A1F2-4F36-979C-0DB4088F1A17}.Release|x86.Build.0 = Release|x86
	EndGlobalSection
	GlobalSection(SolutionProperties) = preSolution
		HideSolutionNode = FALSE
	EndGlobalSection
	GlobalSection(ExtensibilityGlobals) = postSolution
		SolutionGuid = {101C0D86-2D45-44D9-9279-52AAA7BD352E}
	EndGlobalSection
EndGlobal
