
Microsoft Visual Studio Solution File, Format Version 12.00
# Visual Studio Version 16
VisualStudioVersion = 16.0.31105.61
MinimumVisualStudioVersion = 10.0.40219.1
Project("{9A19103F-16F7-4668-BE54-9A1E7A4F7556}") = "SimpleHost", "SimpleHost.csproj", "{C69F1EFB-CECE-40A1-9987-3B109B2CCB0B}"
EndProject
Global
	GlobalSection(SolutionConfigurationPlatforms) = preSolution
		Debug|Any CPU = Debug|Any CPU
		Release|Any CPU = Release|Any CPU
	EndGlobalSection
	GlobalSection(ProjectConfigurationPlatforms) = postSolution
		{C69F1EFB-CECE-40A1-9987-3B109B2CCB0B}.Debug|Any CPU.ActiveCfg = Debug|Any CPU
		{C69F1EFB-CECE-40A1-9987-3B109B2CCB0B}.Debug|Any CPU.Build.0 = Debug|Any CPU
		{C69F1EFB-CECE-40A1-9987-3B109B2CCB0B}.Release|Any CPU.ActiveCfg = Release|Any CPU
		{C69F1EFB-CECE-40A1-9987-3B109B2CCB0B}.Release|Any CPU.Build.0 = Release|Any CPU
	EndGlobalSection
	GlobalSection(SolutionProperties) = preSolution
		HideSolutionNode = FALSE
	EndGlobalSection
	GlobalSection(ExtensibilityGlobals) = postSolution
		SolutionGuid = {34382972-CA26-45E9-AFA3-9CF981E89630}
	EndGlobalSection
EndGlobal
