
Microsoft Visual Studio Solution File, Format Version 12.00
# Visual Studio 15
VisualStudioVersion = 15.0.26124.0
MinimumVisualStudioVersion = 15.0.26124.0
Project("{FAE04EC0-301F-11D3-BF4B-00C04F79EFBC}") = "Intro", "Intro\Intro.csproj", "{72328517-116B-45CC-9BD9-6B6AB9F103E7}"
EndProject
Project("{FAE04EC0-301F-11D3-BF4B-00C04F79EFBC}") = "Models", "Models\Models.csproj", "{26ED6585-7BE9-4264-9068-EDAE9A9A6BD4}"
EndProject
Global
	GlobalSection(SolutionConfigurationPlatforms) = preSolution
		Debug|Any CPU = Debug|Any CPU
		Debug|x64 = Debug|x64
		Debug|x86 = Debug|x86
		Release|Any CPU = Release|Any CPU
		Release|x64 = Release|x64
		Release|x86 = Release|x86
	EndGlobalSection
	GlobalSection(SolutionProperties) = preSolution
		HideSolutionNode = FALSE
	EndGlobalSection
	GlobalSection(ProjectConfigurationPlatforms) = postSolution
		{72328517-116B-45CC-9BD9-6B6AB9F103E7}.Debug|Any CPU.ActiveCfg = Debug|Any CPU
		{72328517-116B-45CC-9BD9-6B6AB9F103E7}.Debug|Any CPU.Build.0 = Debug|Any CPU
		{72328517-116B-45CC-9BD9-6B6AB9F103E7}.Debug|x64.ActiveCfg = Debug|Any CPU
		{72328517-116B-45CC-9BD9-6B6AB9F103E7}.Debug|x64.Build.0 = Debug|Any CPU
		{72328517-116B-45CC-9BD9-6B6AB9F103E7}.Debug|x86.ActiveCfg = Debug|Any CPU
		{72328517-116B-45CC-9BD9-6B6AB9F103E7}.Debug|x86.Build.0 = Debug|Any CPU
		{72328517-116B-45CC-9BD9-6B6AB9F103E7}.Release|Any CPU.ActiveCfg = Release|Any CPU
		{72328517-116B-45CC-9BD9-6B6AB9F103E7}.Release|Any CPU.Build.0 = Release|Any CPU
		{72328517-116B-45CC-9BD9-6B6AB9F103E7}.Release|x64.ActiveCfg = Release|Any CPU
		{72328517-116B-45CC-9BD9-6B6AB9F103E7}.Release|x64.Build.0 = Release|Any CPU
		{72328517-116B-45CC-9BD9-6B6AB9F103E7}.Release|x86.ActiveCfg = Release|Any CPU
		{72328517-116B-45CC-9BD9-6B6AB9F103E7}.Release|x86.Build.0 = Release|Any CPU
		{26ED6585-7BE9-4264-9068-EDAE9A9A6BD4}.Debug|Any CPU.ActiveCfg = Debug|Any CPU
		{26ED6585-7BE9-4264-9068-EDAE9A9A6BD4}.Debug|Any CPU.Build.0 = Debug|Any CPU
		{26ED6585-7BE9-4264-9068-EDAE9A9A6BD4}.Debug|x64.ActiveCfg = Debug|Any CPU
		{26ED6585-7BE9-4264-9068-EDAE9A9A6BD4}.Debug|x64.Build.0 = Debug|Any CPU
		{26ED6585-7BE9-4264-9068-EDAE9A9A6BD4}.Debug|x86.ActiveCfg = Debug|Any CPU
		{26ED6585-7BE9-4264-9068-EDAE9A9A6BD4}.Debug|x86.Build.0 = Debug|Any CPU
		{26ED6585-7BE9-4264-9068-EDAE9A9A6BD4}.Release|Any CPU.ActiveCfg = Release|Any CPU
		{26ED6585-7BE9-4264-9068-EDAE9A9A6BD4}.Release|Any CPU.Build.0 = Release|Any CPU
		{26ED6585-7BE9-4264-9068-EDAE9A9A6BD4}.Release|x64.ActiveCfg = Release|Any CPU
		{26ED6585-7BE9-4264-9068-EDAE9A9A6BD4}.Release|x64.Build.0 = Release|Any CPU
		{26ED6585-7BE9-4264-9068-EDAE9A9A6BD4}.Release|x86.ActiveCfg = Release|Any CPU
		{26ED6585-7BE9-4264-9068-EDAE9A9A6BD4}.Release|x86.Build.0 = Release|Any CPU
	EndGlobalSection
EndGlobal
