
Microsoft Visual Studio Solution File, Format Version 12.00
# Visual Studio Version 16
VisualStudioVersion = 16.0.30907.101
MinimumVisualStudioVersion = 15.0.26124.0
Project("{9A19103F-16F7-4668-BE54-9A1E7A4F7556}") = "Intro", "Intro\Intro.csproj", "{72328517-116B-45CC-9BD9-6B6AB9F103E7}"
EndProject
Project("{9A19103F-16F7-4668-BE54-9A1E7A4F7556}") = "Models", "Models\Models.csproj", "{26ED6585-7BE9-4264-9068-EDAE9A9A6BD4}"
EndProject
Project("{9A19103F-16F7-4668-BE54-9A1E7A4F7556}") = "LazyLoading", "LazyLoading\LazyLoading.csproj", "{5B9F05BB-57CE-4CA7-9308-083F07C9C7F6}"
EndProject
Project("{9A19103F-16F7-4668-BE54-9A1E7A4F7556}") = "Transactions", "Transactions\Transactions.csproj", "{C3E740B8-A3CF-459F-AC06-1CAE529DA074}"
EndProject
Project("{2150E333-8FDC-42A3-9474-1A3956D46DE8}") = "Relations", "Relations", "{C347F09D-4FD5-489C-A36C-D5B5A30A459F}"
EndProject
Project("{9A19103F-16F7-4668-BE54-9A1E7A4F7556}") = "OwnedEntities", "OwnedEntities\OwnedEntities.csproj", "{6EE0686F-00DE-46FC-83E2-7CAC0EAC2507}"
EndProject
Project("{9A19103F-16F7-4668-BE54-9A1E7A4F7556}") = "TablePerHierarchy", "..\TablePerHierarchy\TablePerHierarchy.csproj", "{05F33FD3-4C80-467E-9EA9-1B6228BAE650}"
EndProject
Project("{9A19103F-16F7-4668-BE54-9A1E7A4F7556}") = "TableSplitting", "..\TableSplitting\TableSplitting.csproj", "{342AEC96-565C-412E-A1BC-5C8E0C947C9F}"
EndProject
Project("{9A19103F-16F7-4668-BE54-9A1E7A4F7556}") = "ModelsWithRelations", "ModelsWithRelations\ModelsWithRelations.csproj", "{9859E2AA-D609-4065-85E6-416B755D16B0}"
EndProject
Project("{9A19103F-16F7-4668-BE54-9A1E7A4F7556}") = "ScaffoldSample", "ScaffoldSample\ScaffoldSample.csproj", "{5937161E-B636-4726-9A29-D728503B1C07}"
EndProject
Project("{2150E333-8FDC-42A3-9474-1A3956D46DE8}") = "Migrations", "Migrations", "{30A06D32-A73C-4E1A-B23F-DD27D6436AB8}"
EndProject
Project("{9A19103F-16F7-4668-BE54-9A1E7A4F7556}") = "MigrationApp", "MigrationApp\MigrationApp.csproj", "{C32DEE02-BB58-424A-9864-4B64C84D3180}"
EndProject
Project("{9A19103F-16F7-4668-BE54-9A1E7A4F7556}") = "BooksLib", "BooksLib\BooksLib.csproj", "{A5466FC0-1538-4768-AA8B-72F09B7B68FC}"
EndProject
Project("{9A19103F-16F7-4668-BE54-9A1E7A4F7556}") = "ConflictHandling-LastWins", "ConflictHandling-LastWins\ConflictHandling-LastWins.csproj", "{21C4F08B-7381-4D50-B3C7-7E0CFE7BFAC7}"
EndProject
Project("{9A19103F-16F7-4668-BE54-9A1E7A4F7556}") = "ConflictHandling-FirstWins", "ConflictHandling-FirstWins\ConflictHandling-FirstWins.csproj", "{B148571D-A503-4CA7-A449-97B9763E6BF7}"
EndProject
Project("{9A19103F-16F7-4668-BE54-9A1E7A4F7556}") = "RelationsSample", "RelationsSample\RelationsSample.csproj", "{E940F2E3-DCB5-4E0B-886F-2EF9F061ADB4}"
EndProject
Project("{9A19103F-16F7-4668-BE54-9A1E7A4F7556}") = "LoadingRelatedData", "LoadingRelatedData\LoadingRelatedData.csproj", "{F35FF5E0-9931-4635-A9F8-EF684BDFAFF0}"
EndProject
Project("{9A19103F-16F7-4668-BE54-9A1E7A4F7556}") = "Queries", "Queries\Queries.csproj", "{5E4BD0AE-03EE-4A3F-8F84-8110D64D81BC}"
EndProject
Global
	GlobalSection(SolutionConfigurationPlatforms) = preSolution
		Debug|Any CPU = Debug|Any CPU
		Debug|x64 = Debug|x64
		Debug|x86 = Debug|x86
		Release|Any CPU = Release|Any CPU
		Release|x64 = Release|x64
		Release|x86 = Release|x86
	EndGlobalSection
	GlobalSection(ProjectConfigurationPlatforms) = postSolution
		{72328517-116B-45CC-9BD9-6B6AB9F103E7}.Debug|Any CPU.ActiveCfg = Debug|Any CPU
		{72328517-116B-45CC-9BD9-6B6AB9F103E7}.Debug|Any CPU.Build.0 = Debug|Any CPU
		{72328517-116B-45CC-9BD9-6B6AB9F103E7}.Debug|x64.ActiveCfg = Debug|Any CPU
		{72328517-116B-45CC-9BD9-6B6AB9F103E7}.Debug|x64.Build.0 = Debug|Any CPU
		{72328517-116B-45CC-9BD9-6B6AB9F103E7}.Debug|x86.ActiveCfg = Debug|Any CPU
		{72328517-116B-45CC-9BD9-6B6AB9F103E7}.Debug|x86.Build.0 = Debug|Any CPU
		{72328517-116B-45CC-9BD9-6B6AB9F103E7}.Release|Any CPU.ActiveCfg = Release|Any CPU
		{72328517-116B-45CC-9BD9-6B6AB9F103E7}.Release|Any CPU.Build.0 = Release|Any CPU
		{72328517-116B-45CC-9BD9-6B6AB9F103E7}.Release|x64.ActiveCfg = Release|Any CPU
		{72328517-116B-45CC-9BD9-6B6AB9F103E7}.Release|x64.Build.0 = Release|Any CPU
		{72328517-116B-45CC-9BD9-6B6AB9F103E7}.Release|x86.ActiveCfg = Release|Any CPU
		{72328517-116B-45CC-9BD9-6B6AB9F103E7}.Release|x86.Build.0 = Release|Any CPU
		{26ED6585-7BE9-4264-9068-EDAE9A9A6BD4}.Debug|Any CPU.ActiveCfg = Debug|Any CPU
		{26ED6585-7BE9-4264-9068-EDAE9A9A6BD4}.Debug|Any CPU.Build.0 = Debug|Any CPU
		{26ED6585-7BE9-4264-9068-EDAE9A9A6BD4}.Debug|x64.ActiveCfg = Debug|Any CPU
		{26ED6585-7BE9-4264-9068-EDAE9A9A6BD4}.Debug|x64.Build.0 = Debug|Any CPU
		{26ED6585-7BE9-4264-9068-EDAE9A9A6BD4}.Debug|x86.ActiveCfg = Debug|Any CPU
		{26ED6585-7BE9-4264-9068-EDAE9A9A6BD4}.Debug|x86.Build.0 = Debug|Any CPU
		{26ED6585-7BE9-4264-9068-EDAE9A9A6BD4}.Release|Any CPU.ActiveCfg = Release|Any CPU
		{26ED6585-7BE9-4264-9068-EDAE9A9A6BD4}.Release|Any CPU.Build.0 = Release|Any CPU
		{26ED6585-7BE9-4264-9068-EDAE9A9A6BD4}.Release|x64.ActiveCfg = Release|Any CPU
		{26ED6585-7BE9-4264-9068-EDAE9A9A6BD4}.Release|x64.Build.0 = Release|Any CPU
		{26ED6585-7BE9-4264-9068-EDAE9A9A6BD4}.Release|x86.ActiveCfg = Release|Any CPU
		{26ED6585-7BE9-4264-9068-EDAE9A9A6BD4}.Release|x86.Build.0 = Release|Any CPU
		{5B9F05BB-57CE-4CA7-9308-083F07C9C7F6}.Debug|Any CPU.ActiveCfg = Debug|Any CPU
		{5B9F05BB-57CE-4CA7-9308-083F07C9C7F6}.Debug|Any CPU.Build.0 = Debug|Any CPU
		{5B9F05BB-57CE-4CA7-9308-083F07C9C7F6}.Debug|x64.ActiveCfg = Debug|Any CPU
		{5B9F05BB-57CE-4CA7-9308-083F07C9C7F6}.Debug|x64.Build.0 = Debug|Any CPU
		{5B9F05BB-57CE-4CA7-9308-083F07C9C7F6}.Debug|x86.ActiveCfg = Debug|Any CPU
		{5B9F05BB-57CE-4CA7-9308-083F07C9C7F6}.Debug|x86.Build.0 = Debug|Any CPU
		{5B9F05BB-57CE-4CA7-9308-083F07C9C7F6}.Release|Any CPU.ActiveCfg = Release|Any CPU
		{5B9F05BB-57CE-4CA7-9308-083F07C9C7F6}.Release|Any CPU.Build.0 = Release|Any CPU
		{5B9F05BB-57CE-4CA7-9308-083F07C9C7F6}.Release|x64.ActiveCfg = Release|Any CPU
		{5B9F05BB-57CE-4CA7-9308-083F07C9C7F6}.Release|x64.Build.0 = Release|Any CPU
		{5B9F05BB-57CE-4CA7-9308-083F07C9C7F6}.Release|x86.ActiveCfg = Release|Any CPU
		{5B9F05BB-57CE-4CA7-9308-083F07C9C7F6}.Release|x86.Build.0 = Release|Any CPU
		{C3E740B8-A3CF-459F-AC06-1CAE529DA074}.Debug|Any CPU.ActiveCfg = Debug|Any CPU
		{C3E740B8-A3CF-459F-AC06-1CAE529DA074}.Debug|Any CPU.Build.0 = Debug|Any CPU
		{C3E740B8-A3CF-459F-AC06-1CAE529DA074}.Debug|x64.ActiveCfg = Debug|Any CPU
		{C3E740B8-A3CF-459F-AC06-1CAE529DA074}.Debug|x64.Build.0 = Debug|Any CPU
		{C3E740B8-A3CF-459F-AC06-1CAE529DA074}.Debug|x86.ActiveCfg = Debug|Any CPU
		{C3E740B8-A3CF-459F-AC06-1CAE529DA074}.Debug|x86.Build.0 = Debug|Any CPU
		{C3E740B8-A3CF-459F-AC06-1CAE529DA074}.Release|Any CPU.ActiveCfg = Release|Any CPU
		{C3E740B8-A3CF-459F-AC06-1CAE529DA074}.Release|Any CPU.Build.0 = Release|Any CPU
		{C3E740B8-A3CF-459F-AC06-1CAE529DA074}.Release|x64.ActiveCfg = Release|Any CPU
		{C3E740B8-A3CF-459F-AC06-1CAE529DA074}.Release|x64.Build.0 = Release|Any CPU
		{C3E740B8-A3CF-459F-AC06-1CAE529DA074}.Release|x86.ActiveCfg = Release|Any CPU
		{C3E740B8-A3CF-459F-AC06-1CAE529DA074}.Release|x86.Build.0 = Release|Any CPU
		{6EE0686F-00DE-46FC-83E2-7CAC0EAC2507}.Debug|Any CPU.ActiveCfg = Debug|Any CPU
		{6EE0686F-00DE-46FC-83E2-7CAC0EAC2507}.Debug|Any CPU.Build.0 = Debug|Any CPU
		{6EE0686F-00DE-46FC-83E2-7CAC0EAC2507}.Debug|x64.ActiveCfg = Debug|Any CPU
		{6EE0686F-00DE-46FC-83E2-7CAC0EAC2507}.Debug|x64.Build.0 = Debug|Any CPU
		{6EE0686F-00DE-46FC-83E2-7CAC0EAC2507}.Debug|x86.ActiveCfg = Debug|Any CPU
		{6EE0686F-00DE-46FC-83E2-7CAC0EAC2507}.Debug|x86.Build.0 = Debug|Any CPU
		{6EE0686F-00DE-46FC-83E2-7CAC0EAC2507}.Release|Any CPU.ActiveCfg = Release|Any CPU
		{6EE0686F-00DE-46FC-83E2-7CAC0EAC2507}.Release|Any CPU.Build.0 = Release|Any CPU
		{6EE0686F-00DE-46FC-83E2-7CAC0EAC2507}.Release|x64.ActiveCfg = Release|Any CPU
		{6EE0686F-00DE-46FC-83E2-7CAC0EAC2507}.Release|x64.Build.0 = Release|Any CPU
		{6EE0686F-00DE-46FC-83E2-7CAC0EAC2507}.Release|x86.ActiveCfg = Release|Any CPU
		{6EE0686F-00DE-46FC-83E2-7CAC0EAC2507}.Release|x86.Build.0 = Release|Any CPU
		{05F33FD3-4C80-467E-9EA9-1B6228BAE650}.Debug|Any CPU.ActiveCfg = Debug|Any CPU
		{05F33FD3-4C80-467E-9EA9-1B6228BAE650}.Debug|Any CPU.Build.0 = Debug|Any CPU
		{05F33FD3-4C80-467E-9EA9-1B6228BAE650}.Debug|x64.ActiveCfg = Debug|Any CPU
		{05F33FD3-4C80-467E-9EA9-1B6228BAE650}.Debug|x64.Build.0 = Debug|Any CPU
		{05F33FD3-4C80-467E-9EA9-1B6228BAE650}.Debug|x86.ActiveCfg = Debug|Any CPU
		{05F33FD3-4C80-467E-9EA9-1B6228BAE650}.Debug|x86.Build.0 = Debug|Any CPU
		{05F33FD3-4C80-467E-9EA9-1B6228BAE650}.Release|Any CPU.ActiveCfg = Release|Any CPU
		{05F33FD3-4C80-467E-9EA9-1B6228BAE650}.Release|Any CPU.Build.0 = Release|Any CPU
		{05F33FD3-4C80-467E-9EA9-1B6228BAE650}.Release|x64.ActiveCfg = Release|Any CPU
		{05F33FD3-4C80-467E-9EA9-1B6228BAE650}.Release|x64.Build.0 = Release|Any CPU
		{05F33FD3-4C80-467E-9EA9-1B6228BAE650}.Release|x86.ActiveCfg = Release|Any CPU
		{05F33FD3-4C80-467E-9EA9-1B6228BAE650}.Release|x86.Build.0 = Release|Any CPU
		{342AEC96-565C-412E-A1BC-5C8E0C947C9F}.Debug|Any CPU.ActiveCfg = Debug|Any CPU
		{342AEC96-565C-412E-A1BC-5C8E0C947C9F}.Debug|Any CPU.Build.0 = Debug|Any CPU
		{342AEC96-565C-412E-A1BC-5C8E0C947C9F}.Debug|x64.ActiveCfg = Debug|Any CPU
		{342AEC96-565C-412E-A1BC-5C8E0C947C9F}.Debug|x64.Build.0 = Debug|Any CPU
		{342AEC96-565C-412E-A1BC-5C8E0C947C9F}.Debug|x86.ActiveCfg = Debug|Any CPU
		{342AEC96-565C-412E-A1BC-5C8E0C947C9F}.Debug|x86.Build.0 = Debug|Any CPU
		{342AEC96-565C-412E-A1BC-5C8E0C947C9F}.Release|Any CPU.ActiveCfg = Release|Any CPU
		{342AEC96-565C-412E-A1BC-5C8E0C947C9F}.Release|Any CPU.Build.0 = Release|Any CPU
		{342AEC96-565C-412E-A1BC-5C8E0C947C9F}.Release|x64.ActiveCfg = Release|Any CPU
		{342AEC96-565C-412E-A1BC-5C8E0C947C9F}.Release|x64.Build.0 = Release|Any CPU
		{342AEC96-565C-412E-A1BC-5C8E0C947C9F}.Release|x86.ActiveCfg = Release|Any CPU
		{342AEC96-565C-412E-A1BC-5C8E0C947C9F}.Release|x86.Build.0 = Release|Any CPU
		{9859E2AA-D609-4065-85E6-416B755D16B0}.Debug|Any CPU.ActiveCfg = Debug|Any CPU
		{9859E2AA-D609-4065-85E6-416B755D16B0}.Debug|Any CPU.Build.0 = Debug|Any CPU
		{9859E2AA-D609-4065-85E6-416B755D16B0}.Debug|x64.ActiveCfg = Debug|Any CPU
		{9859E2AA-D609-4065-85E6-416B755D16B0}.Debug|x64.Build.0 = Debug|Any CPU
		{9859E2AA-D609-4065-85E6-416B755D16B0}.Debug|x86.ActiveCfg = Debug|Any CPU
		{9859E2AA-D609-4065-85E6-416B755D16B0}.Debug|x86.Build.0 = Debug|Any CPU
		{9859E2AA-D609-4065-85E6-416B755D16B0}.Release|Any CPU.ActiveCfg = Release|Any CPU
		{9859E2AA-D609-4065-85E6-416B755D16B0}.Release|Any CPU.Build.0 = Release|Any CPU
		{9859E2AA-D609-4065-85E6-416B755D16B0}.Release|x64.ActiveCfg = Release|Any CPU
		{9859E2AA-D609-4065-85E6-416B755D16B0}.Release|x64.Build.0 = Release|Any CPU
		{9859E2AA-D609-4065-85E6-416B755D16B0}.Release|x86.ActiveCfg = Release|Any CPU
		{9859E2AA-D609-4065-85E6-416B755D16B0}.Release|x86.Build.0 = Release|Any CPU
		{5937161E-B636-4726-9A29-D728503B1C07}.Debug|Any CPU.ActiveCfg = Debug|Any CPU
		{5937161E-B636-4726-9A29-D728503B1C07}.Debug|Any CPU.Build.0 = Debug|Any CPU
		{5937161E-B636-4726-9A29-D728503B1C07}.Debug|x64.ActiveCfg = Debug|Any CPU
		{5937161E-B636-4726-9A29-D728503B1C07}.Debug|x64.Build.0 = Debug|Any CPU
		{5937161E-B636-4726-9A29-D728503B1C07}.Debug|x86.ActiveCfg = Debug|Any CPU
		{5937161E-B636-4726-9A29-D728503B1C07}.Debug|x86.Build.0 = Debug|Any CPU
		{5937161E-B636-4726-9A29-D728503B1C07}.Release|Any CPU.ActiveCfg = Release|Any CPU
		{5937161E-B636-4726-9A29-D728503B1C07}.Release|Any CPU.Build.0 = Release|Any CPU
		{5937161E-B636-4726-9A29-D728503B1C07}.Release|x64.ActiveCfg = Release|Any CPU
		{5937161E-B636-4726-9A29-D728503B1C07}.Release|x64.Build.0 = Release|Any CPU
		{5937161E-B636-4726-9A29-D728503B1C07}.Release|x86.ActiveCfg = Release|Any CPU
		{5937161E-B636-4726-9A29-D728503B1C07}.Release|x86.Build.0 = Release|Any CPU
		{C32DEE02-BB58-424A-9864-4B64C84D3180}.Debug|Any CPU.ActiveCfg = Debug|Any CPU
		{C32DEE02-BB58-424A-9864-4B64C84D3180}.Debug|Any CPU.Build.0 = Debug|Any CPU
		{C32DEE02-BB58-424A-9864-4B64C84D3180}.Debug|x64.ActiveCfg = Debug|Any CPU
		{C32DEE02-BB58-424A-9864-4B64C84D3180}.Debug|x64.Build.0 = Debug|Any CPU
		{C32DEE02-BB58-424A-9864-4B64C84D3180}.Debug|x86.ActiveCfg = Debug|Any CPU
		{C32DEE02-BB58-424A-9864-4B64C84D3180}.Debug|x86.Build.0 = Debug|Any CPU
		{C32DEE02-BB58-424A-9864-4B64C84D3180}.Release|Any CPU.ActiveCfg = Release|Any CPU
		{C32DEE02-BB58-424A-9864-4B64C84D3180}.Release|Any CPU.Build.0 = Release|Any CPU
		{C32DEE02-BB58-424A-9864-4B64C84D3180}.Release|x64.ActiveCfg = Release|Any CPU
		{C32DEE02-BB58-424A-9864-4B64C84D3180}.Release|x64.Build.0 = Release|Any CPU
		{C32DEE02-BB58-424A-9864-4B64C84D3180}.Release|x86.ActiveCfg = Release|Any CPU
		{C32DEE02-BB58-424A-9864-4B64C84D3180}.Release|x86.Build.0 = Release|Any CPU
		{A5466FC0-1538-4768-AA8B-72F09B7B68FC}.Debug|Any CPU.ActiveCfg = Debug|Any CPU
		{A5466FC0-1538-4768-AA8B-72F09B7B68FC}.Debug|Any CPU.Build.0 = Debug|Any CPU
		{A5466FC0-1538-4768-AA8B-72F09B7B68FC}.Debug|x64.ActiveCfg = Debug|Any CPU
		{A5466FC0-1538-4768-AA8B-72F09B7B68FC}.Debug|x64.Build.0 = Debug|Any CPU
		{A5466FC0-1538-4768-AA8B-72F09B7B68FC}.Debug|x86.ActiveCfg = Debug|Any CPU
		{A5466FC0-1538-4768-AA8B-72F09B7B68FC}.Debug|x86.Build.0 = Debug|Any CPU
		{A5466FC0-1538-4768-AA8B-72F09B7B68FC}.Release|Any CPU.ActiveCfg = Release|Any CPU
		{A5466FC0-1538-4768-AA8B-72F09B7B68FC}.Release|Any CPU.Build.0 = Release|Any CPU
		{A5466FC0-1538-4768-AA8B-72F09B7B68FC}.Release|x64.ActiveCfg = Release|Any CPU
		{A5466FC0-1538-4768-AA8B-72F09B7B68FC}.Release|x64.Build.0 = Release|Any CPU
		{A5466FC0-1538-4768-AA8B-72F09B7B68FC}.Release|x86.ActiveCfg = Release|Any CPU
		{A5466FC0-1538-4768-AA8B-72F09B7B68FC}.Release|x86.Build.0 = Release|Any CPU
		{21C4F08B-7381-4D50-B3C7-7E0CFE7BFAC7}.Debug|Any CPU.ActiveCfg = Debug|Any CPU
		{21C4F08B-7381-4D50-B3C7-7E0CFE7BFAC7}.Debug|Any CPU.Build.0 = Debug|Any CPU
		{21C4F08B-7381-4D50-B3C7-7E0CFE7BFAC7}.Debug|x64.ActiveCfg = Debug|Any CPU
		{21C4F08B-7381-4D50-B3C7-7E0CFE7BFAC7}.Debug|x64.Build.0 = Debug|Any CPU
		{21C4F08B-7381-4D50-B3C7-7E0CFE7BFAC7}.Debug|x86.ActiveCfg = Debug|Any CPU
		{21C4F08B-7381-4D50-B3C7-7E0CFE7BFAC7}.Debug|x86.Build.0 = Debug|Any CPU
		{21C4F08B-7381-4D50-B3C7-7E0CFE7BFAC7}.Release|Any CPU.ActiveCfg = Release|Any CPU
		{21C4F08B-7381-4D50-B3C7-7E0CFE7BFAC7}.Release|Any CPU.Build.0 = Release|Any CPU
		{21C4F08B-7381-4D50-B3C7-7E0CFE7BFAC7}.Release|x64.ActiveCfg = Release|Any CPU
		{21C4F08B-7381-4D50-B3C7-7E0CFE7BFAC7}.Release|x64.Build.0 = Release|Any CPU
		{21C4F08B-7381-4D50-B3C7-7E0CFE7BFAC7}.Release|x86.ActiveCfg = Release|Any CPU
		{21C4F08B-7381-4D50-B3C7-7E0CFE7BFAC7}.Release|x86.Build.0 = Release|Any CPU
		{B148571D-A503-4CA7-A449-97B9763E6BF7}.Debug|Any CPU.ActiveCfg = Debug|Any CPU
		{B148571D-A503-4CA7-A449-97B9763E6BF7}.Debug|Any CPU.Build.0 = Debug|Any CPU
		{B148571D-A503-4CA7-A449-97B9763E6BF7}.Debug|x64.ActiveCfg = Debug|Any CPU
		{B148571D-A503-4CA7-A449-97B9763E6BF7}.Debug|x64.Build.0 = Debug|Any CPU
		{B148571D-A503-4CA7-A449-97B9763E6BF7}.Debug|x86.ActiveCfg = Debug|Any CPU
		{B148571D-A503-4CA7-A449-97B9763E6BF7}.Debug|x86.Build.0 = Debug|Any CPU
		{B148571D-A503-4CA7-A449-97B9763E6BF7}.Release|Any CPU.ActiveCfg = Release|Any CPU
		{B148571D-A503-4CA7-A449-97B9763E6BF7}.Release|Any CPU.Build.0 = Release|Any CPU
		{B148571D-A503-4CA7-A449-97B9763E6BF7}.Release|x64.ActiveCfg = Release|Any CPU
		{B148571D-A503-4CA7-A449-97B9763E6BF7}.Release|x64.Build.0 = Release|Any CPU
		{B148571D-A503-4CA7-A449-97B9763E6BF7}.Release|x86.ActiveCfg = Release|Any CPU
		{B148571D-A503-4CA7-A449-97B9763E6BF7}.Release|x86.Build.0 = Release|Any CPU
		{E940F2E3-DCB5-4E0B-886F-2EF9F061ADB4}.Debug|Any CPU.ActiveCfg = Debug|Any CPU
		{E940F2E3-DCB5-4E0B-886F-2EF9F061ADB4}.Debug|Any CPU.Build.0 = Debug|Any CPU
		{E940F2E3-DCB5-4E0B-886F-2EF9F061ADB4}.Debug|x64.ActiveCfg = Debug|Any CPU
		{E940F2E3-DCB5-4E0B-886F-2EF9F061ADB4}.Debug|x64.Build.0 = Debug|Any CPU
		{E940F2E3-DCB5-4E0B-886F-2EF9F061ADB4}.Debug|x86.ActiveCfg = Debug|Any CPU
		{E940F2E3-DCB5-4E0B-886F-2EF9F061ADB4}.Debug|x86.Build.0 = Debug|Any CPU
		{E940F2E3-DCB5-4E0B-886F-2EF9F061ADB4}.Release|Any CPU.ActiveCfg = Release|Any CPU
		{E940F2E3-DCB5-4E0B-886F-2EF9F061ADB4}.Release|Any CPU.Build.0 = Release|Any CPU
		{E940F2E3-DCB5-4E0B-886F-2EF9F061ADB4}.Release|x64.ActiveCfg = Release|Any CPU
		{E940F2E3-DCB5-4E0B-886F-2EF9F061ADB4}.Release|x64.Build.0 = Release|Any CPU
		{E940F2E3-DCB5-4E0B-886F-2EF9F061ADB4}.Release|x86.ActiveCfg = Release|Any CPU
		{E940F2E3-DCB5-4E0B-886F-2EF9F061ADB4}.Release|x86.Build.0 = Release|Any CPU
		{F35FF5E0-9931-4635-A9F8-EF684BDFAFF0}.Debug|Any CPU.ActiveCfg = Debug|Any CPU
		{F35FF5E0-9931-4635-A9F8-EF684BDFAFF0}.Debug|Any CPU.Build.0 = Debug|Any CPU
		{F35FF5E0-9931-4635-A9F8-EF684BDFAFF0}.Debug|x64.ActiveCfg = Debug|Any CPU
		{F35FF5E0-9931-4635-A9F8-EF684BDFAFF0}.Debug|x64.Build.0 = Debug|Any CPU
		{F35FF5E0-9931-4635-A9F8-EF684BDFAFF0}.Debug|x86.ActiveCfg = Debug|Any CPU
		{F35FF5E0-9931-4635-A9F8-EF684BDFAFF0}.Debug|x86.Build.0 = Debug|Any CPU
		{F35FF5E0-9931-4635-A9F8-EF684BDFAFF0}.Release|Any CPU.ActiveCfg = Release|Any CPU
		{F35FF5E0-9931-4635-A9F8-EF684BDFAFF0}.Release|Any CPU.Build.0 = Release|Any CPU
		{F35FF5E0-9931-4635-A9F8-EF684BDFAFF0}.Release|x64.ActiveCfg = Release|Any CPU
		{F35FF5E0-9931-4635-A9F8-EF684BDFAFF0}.Release|x64.Build.0 = Release|Any CPU
		{F35FF5E0-9931-4635-A9F8-EF684BDFAFF0}.Release|x86.ActiveCfg = Release|Any CPU
		{F35FF5E0-9931-4635-A9F8-EF684BDFAFF0}.Release|x86.Build.0 = Release|Any CPU
		{5E4BD0AE-03EE-4A3F-8F84-8110D64D81BC}.Debug|Any CPU.ActiveCfg = Debug|Any CPU
		{5E4BD0AE-03EE-4A3F-8F84-8110D64D81BC}.Debug|Any CPU.Build.0 = Debug|Any CPU
		{5E4BD0AE-03EE-4A3F-8F84-8110D64D81BC}.Debug|x64.ActiveCfg = Debug|Any CPU
		{5E4BD0AE-03EE-4A3F-8F84-8110D64D81BC}.Debug|x64.Build.0 = Debug|Any CPU
		{5E4BD0AE-03EE-4A3F-8F84-8110D64D81BC}.Debug|x86.ActiveCfg = Debug|Any CPU
		{5E4BD0AE-03EE-4A3F-8F84-8110D64D81BC}.Debug|x86.Build.0 = Debug|Any CPU
		{5E4BD0AE-03EE-4A3F-8F84-8110D64D81BC}.Release|Any CPU.ActiveCfg = Release|Any CPU
		{5E4BD0AE-03EE-4A3F-8F84-8110D64D81BC}.Release|Any CPU.Build.0 = Release|Any CPU
		{5E4BD0AE-03EE-4A3F-8F84-8110D64D81BC}.Release|x64.ActiveCfg = Release|Any CPU
		{5E4BD0AE-03EE-4A3F-8F84-8110D64D81BC}.Release|x64.Build.0 = Release|Any CPU
		{5E4BD0AE-03EE-4A3F-8F84-8110D64D81BC}.Release|x86.ActiveCfg = Release|Any CPU
		{5E4BD0AE-03EE-4A3F-8F84-8110D64D81BC}.Release|x86.Build.0 = Release|Any CPU
	EndGlobalSection
	GlobalSection(SolutionProperties) = preSolution
		HideSolutionNode = FALSE
	EndGlobalSection
	GlobalSection(NestedProjects) = preSolution
		{6EE0686F-00DE-46FC-83E2-7CAC0EAC2507} = {C347F09D-4FD5-489C-A36C-D5B5A30A459F}
		{05F33FD3-4C80-467E-9EA9-1B6228BAE650} = {C347F09D-4FD5-489C-A36C-D5B5A30A459F}
		{342AEC96-565C-412E-A1BC-5C8E0C947C9F} = {C347F09D-4FD5-489C-A36C-D5B5A30A459F}
		{9859E2AA-D609-4065-85E6-416B755D16B0} = {C347F09D-4FD5-489C-A36C-D5B5A30A459F}
		{C32DEE02-BB58-424A-9864-4B64C84D3180} = {30A06D32-A73C-4E1A-B23F-DD27D6436AB8}
		{A5466FC0-1538-4768-AA8B-72F09B7B68FC} = {30A06D32-A73C-4E1A-B23F-DD27D6436AB8}
	EndGlobalSection
	GlobalSection(ExtensibilityGlobals) = postSolution
		SolutionGuid = {8CF76437-A8CE-4071-8E21-4067012A58A8}
	EndGlobalSection
EndGlobal
