
Microsoft Visual Studio Solution File, Format Version 12.00
# Visual Studio Version 16
VisualStudioVersion = 16.0.30907.101
MinimumVisualStudioVersion = 15.0.26124.0
Project("{9A19103F-16F7-4668-BE54-9A1E7A4F7556}") = "Intro", "Intro\Intro.csproj", "{72328517-116B-45CC-9BD9-6B6AB9F103E7}"
EndProject
Project("{9A19103F-16F7-4668-BE54-9A1E7A4F7556}") = "Models", "Models\Models.csproj", "{26ED6585-7BE9-4264-9068-EDAE9A9A6BD4}"
EndProject
Project("{FAE04EC0-301F-11D3-BF4B-00C04F79EFBC}") = "Relations", "Relations\Relations.csproj", "{6699CBEE-2B3B-44EB-973D-AC6B360E9605}"
EndProject
Project("{9A19103F-16F7-4668-BE54-9A1E7A4F7556}") = "LazyLoading", "LazyLoading\LazyLoading.csproj", "{5B9F05BB-57CE-4CA7-9308-083F07C9C7F6}"
EndProject
Project("{9A19103F-16F7-4668-BE54-9A1E7A4F7556}") = "Transactions", "Transactions\Transactions.csproj", "{C3E740B8-A3CF-459F-AC06-1CAE529DA074}"
EndProject
Project("{9A19103F-16F7-4668-BE54-9A1E7A4F7556}") = "ConflictHandling", "ConflictHandling\ConflictHandling.csproj", "{859465D3-F7BC-43D6-AAF3-BFC14FA1118B}"
EndProject
Global
	GlobalSection(SolutionConfigurationPlatforms) = preSolution
		Debug|Any CPU = Debug|Any CPU
		Debug|x64 = Debug|x64
		Debug|x86 = Debug|x86
		Release|Any CPU = Release|Any CPU
		Release|x64 = Release|x64
		Release|x86 = Release|x86
	EndGlobalSection
	GlobalSection(ProjectConfigurationPlatforms) = postSolution
		{72328517-116B-45CC-9BD9-6B6AB9F103E7}.Debug|Any CPU.ActiveCfg = Debug|Any CPU
		{72328517-116B-45CC-9BD9-6B6AB9F103E7}.Debug|Any CPU.Build.0 = Debug|Any CPU
		{72328517-116B-45CC-9BD9-6B6AB9F103E7}.Debug|x64.ActiveCfg = Debug|Any CPU
		{72328517-116B-45CC-9BD9-6B6AB9F103E7}.Debug|x64.Build.0 = Debug|Any CPU
		{72328517-116B-45CC-9BD9-6B6AB9F103E7}.Debug|x86.ActiveCfg = Debug|Any CPU
		{72328517-116B-45CC-9BD9-6B6AB9F103E7}.Debug|x86.Build.0 = Debug|Any CPU
		{72328517-116B-45CC-9BD9-6B6AB9F103E7}.Release|Any CPU.ActiveCfg = Release|Any CPU
		{72328517-116B-45CC-9BD9-6B6AB9F103E7}.Release|Any CPU.Build.0 = Release|Any CPU
		{72328517-116B-45CC-9BD9-6B6AB9F103E7}.Release|x64.ActiveCfg = Release|Any CPU
		{72328517-116B-45CC-9BD9-6B6AB9F103E7}.Release|x64.Build.0 = Release|Any CPU
		{72328517-116B-45CC-9BD9-6B6AB9F103E7}.Release|x86.ActiveCfg = Release|Any CPU
		{72328517-116B-45CC-9BD9-6B6AB9F103E7}.Release|x86.Build.0 = Release|Any CPU
		{26ED6585-7BE9-4264-9068-EDAE9A9A6BD4}.Debug|Any CPU.ActiveCfg = Debug|Any CPU
		{26ED6585-7BE9-4264-9068-EDAE9A9A6BD4}.Debug|Any CPU.Build.0 = Debug|Any CPU
		{26ED6585-7BE9-4264-9068-EDAE9A9A6BD4}.Debug|x64.ActiveCfg = Debug|Any CPU
		{26ED6585-7BE9-4264-9068-EDAE9A9A6BD4}.Debug|x64.Build.0 = Debug|Any CPU
		{26ED6585-7BE9-4264-9068-EDAE9A9A6BD4}.Debug|x86.ActiveCfg = Debug|Any CPU
		{26ED6585-7BE9-4264-9068-EDAE9A9A6BD4}.Debug|x86.Build.0 = Debug|Any CPU
		{26ED6585-7BE9-4264-9068-EDAE9A9A6BD4}.Release|Any CPU.ActiveCfg = Release|Any CPU
		{26ED6585-7BE9-4264-9068-EDAE9A9A6BD4}.Release|Any CPU.Build.0 = Release|Any CPU
		{26ED6585-7BE9-4264-9068-EDAE9A9A6BD4}.Release|x64.ActiveCfg = Release|Any CPU
		{26ED6585-7BE9-4264-9068-EDAE9A9A6BD4}.Release|x64.Build.0 = Release|Any CPU
		{26ED6585-7BE9-4264-9068-EDAE9A9A6BD4}.Release|x86.ActiveCfg = Release|Any CPU
		{26ED6585-7BE9-4264-9068-EDAE9A9A6BD4}.Release|x86.Build.0 = Release|Any CPU
		{6699CBEE-2B3B-44EB-973D-AC6B360E9605}.Debug|Any CPU.ActiveCfg = Debug|Any CPU
		{6699CBEE-2B3B-44EB-973D-AC6B360E9605}.Debug|Any CPU.Build.0 = Debug|Any CPU
		{6699CBEE-2B3B-44EB-973D-AC6B360E9605}.Debug|x64.ActiveCfg = Debug|Any CPU
		{6699CBEE-2B3B-44EB-973D-AC6B360E9605}.Debug|x64.Build.0 = Debug|Any CPU
		{6699CBEE-2B3B-44EB-973D-AC6B360E9605}.Debug|x86.ActiveCfg = Debug|Any CPU
		{6699CBEE-2B3B-44EB-973D-AC6B360E9605}.Debug|x86.Build.0 = Debug|Any CPU
		{6699CBEE-2B3B-44EB-973D-AC6B360E9605}.Release|Any CPU.ActiveCfg = Release|Any CPU
		{6699CBEE-2B3B-44EB-973D-AC6B360E9605}.Release|Any CPU.Build.0 = Release|Any CPU
		{6699CBEE-2B3B-44EB-973D-AC6B360E9605}.Release|x64.ActiveCfg = Release|Any CPU
		{6699CBEE-2B3B-44EB-973D-AC6B360E9605}.Release|x64.Build.0 = Release|Any CPU
		{6699CBEE-2B3B-44EB-973D-AC6B360E9605}.Release|x86.ActiveCfg = Release|Any CPU
		{6699CBEE-2B3B-44EB-973D-AC6B360E9605}.Release|x86.Build.0 = Release|Any CPU
		{5B9F05BB-57CE-4CA7-9308-083F07C9C7F6}.Debug|Any CPU.ActiveCfg = Debug|Any CPU
		{5B9F05BB-57CE-4CA7-9308-083F07C9C7F6}.Debug|Any CPU.Build.0 = Debug|Any CPU
		{5B9F05BB-57CE-4CA7-9308-083F07C9C7F6}.Debug|x64.ActiveCfg = Debug|Any CPU
		{5B9F05BB-57CE-4CA7-9308-083F07C9C7F6}.Debug|x64.Build.0 = Debug|Any CPU
		{5B9F05BB-57CE-4CA7-9308-083F07C9C7F6}.Debug|x86.ActiveCfg = Debug|Any CPU
		{5B9F05BB-57CE-4CA7-9308-083F07C9C7F6}.Debug|x86.Build.0 = Debug|Any CPU
		{5B9F05BB-57CE-4CA7-9308-083F07C9C7F6}.Release|Any CPU.ActiveCfg = Release|Any CPU
		{5B9F05BB-57CE-4CA7-9308-083F07C9C7F6}.Release|Any CPU.Build.0 = Release|Any CPU
		{5B9F05BB-57CE-4CA7-9308-083F07C9C7F6}.Release|x64.ActiveCfg = Release|Any CPU
		{5B9F05BB-57CE-4CA7-9308-083F07C9C7F6}.Release|x64.Build.0 = Release|Any CPU
		{5B9F05BB-57CE-4CA7-9308-083F07C9C7F6}.Release|x86.ActiveCfg = Release|Any CPU
		{5B9F05BB-57CE-4CA7-9308-083F07C9C7F6}.Release|x86.Build.0 = Release|Any CPU
		{C3E740B8-A3CF-459F-AC06-1CAE529DA074}.Debug|Any CPU.ActiveCfg = Debug|Any CPU
		{C3E740B8-A3CF-459F-AC06-1CAE529DA074}.Debug|Any CPU.Build.0 = Debug|Any CPU
		{C3E740B8-A3CF-459F-AC06-1CAE529DA074}.Debug|x64.ActiveCfg = Debug|Any CPU
		{C3E740B8-A3CF-459F-AC06-1CAE529DA074}.Debug|x64.Build.0 = Debug|Any CPU
		{C3E740B8-A3CF-459F-AC06-1CAE529DA074}.Debug|x86.ActiveCfg = Debug|Any CPU
		{C3E740B8-A3CF-459F-AC06-1CAE529DA074}.Debug|x86.Build.0 = Debug|Any CPU
		{C3E740B8-A3CF-459F-AC06-1CAE529DA074}.Release|Any CPU.ActiveCfg = Release|Any CPU
		{C3E740B8-A3CF-459F-AC06-1CAE529DA074}.Release|Any CPU.Build.0 = Release|Any CPU
		{C3E740B8-A3CF-459F-AC06-1CAE529DA074}.Release|x64.ActiveCfg = Release|Any CPU
		{C3E740B8-A3CF-459F-AC06-1CAE529DA074}.Release|x64.Build.0 = Release|Any CPU
		{C3E740B8-A3CF-459F-AC06-1CAE529DA074}.Release|x86.ActiveCfg = Release|Any CPU
		{C3E740B8-A3CF-459F-AC06-1CAE529DA074}.Release|x86.Build.0 = Release|Any CPU
		{859465D3-F7BC-43D6-AAF3-BFC14FA1118B}.Debug|Any CPU.ActiveCfg = Debug|Any CPU
		{859465D3-F7BC-43D6-AAF3-BFC14FA1118B}.Debug|Any CPU.Build.0 = Debug|Any CPU
		{859465D3-F7BC-43D6-AAF3-BFC14FA1118B}.Debug|x64.ActiveCfg = Debug|Any CPU
		{859465D3-F7BC-43D6-AAF3-BFC14FA1118B}.Debug|x64.Build.0 = Debug|Any CPU
		{859465D3-F7BC-43D6-AAF3-BFC14FA1118B}.Debug|x86.ActiveCfg = Debug|Any CPU
		{859465D3-F7BC-43D6-AAF3-BFC14FA1118B}.Debug|x86.Build.0 = Debug|Any CPU
		{859465D3-F7BC-43D6-AAF3-BFC14FA1118B}.Release|Any CPU.ActiveCfg = Release|Any CPU
		{859465D3-F7BC-43D6-AAF3-BFC14FA1118B}.Release|Any CPU.Build.0 = Release|Any CPU
		{859465D3-F7BC-43D6-AAF3-BFC14FA1118B}.Release|x64.ActiveCfg = Release|Any CPU
		{859465D3-F7BC-43D6-AAF3-BFC14FA1118B}.Release|x64.Build.0 = Release|Any CPU
		{859465D3-F7BC-43D6-AAF3-BFC14FA1118B}.Release|x86.ActiveCfg = Release|Any CPU
		{859465D3-F7BC-43D6-AAF3-BFC14FA1118B}.Release|x86.Build.0 = Release|Any CPU
	EndGlobalSection
	GlobalSection(SolutionProperties) = preSolution
		HideSolutionNode = FALSE
	EndGlobalSection
	GlobalSection(ExtensibilityGlobals) = postSolution
		SolutionGuid = {8CF76437-A8CE-4071-8E21-4067012A58A8}
	EndGlobalSection
EndGlobal
