
Microsoft Visual Studio Solution File, Format Version 12.00
# Visual Studio Version 16
VisualStudioVersion = 16.0.31220.234
MinimumVisualStudioVersion = 10.0.40219.1
Project("{9A19103F-16F7-4668-BE54-9A1E7A4F7556}") = "MVCSample", "MVCSample.csproj", "{C8B0E925-E5A6-4B9D-A400-A956C4D39B38}"
EndProject
Global
	GlobalSection(SolutionConfigurationPlatforms) = preSolution
		Debug|Any CPU = Debug|Any CPU
		Release|Any CPU = Release|Any CPU
	EndGlobalSection
	GlobalSection(ProjectConfigurationPlatforms) = postSolution
		{C8B0E925-E5A6-4B9D-A400-A956C4D39B38}.Debug|Any CPU.ActiveCfg = Debug|Any CPU
		{C8B0E925-E5A6-4B9D-A400-A956C4D39B38}.Debug|Any CPU.Build.0 = Debug|Any CPU
		{C8B0E925-E5A6-4B9D-A400-A956C4D39B38}.Release|Any CPU.ActiveCfg = Release|Any CPU
		{C8B0E925-E5A6-4B9D-A400-A956C4D39B38}.Release|Any CPU.Build.0 = Release|Any CPU
	EndGlobalSection
	GlobalSection(SolutionProperties) = preSolution
		HideSolutionNode = FALSE
	EndGlobalSection
	GlobalSection(ExtensibilityGlobals) = postSolution
		SolutionGuid = {939A9C97-46AB-4D4A-B0D3-9324DC262E69}
	EndGlobalSection
EndGlobal
