
Microsoft Visual Studio Solution File, Format Version 12.00
# Visual Studio Version 16
VisualStudioVersion = 16.0.30717.126
MinimumVisualStudioVersion = 10.0.40219.1
Project("{FAE04EC0-301F-11D3-BF4B-00C04F79EFBC}") = "RouteToCodeSample", "RouteToCodeSample\RouteToCodeSample.csproj", "{F34E371B-1A5E-4189-B78D-73B54E7A5182}"
EndProject
Global
	GlobalSection(SolutionConfigurationPlatforms) = preSolution
		Debug|Any CPU = Debug|Any CPU
		Release|Any CPU = Release|Any CPU
	EndGlobalSection
	GlobalSection(ProjectConfigurationPlatforms) = postSolution
		{F34E371B-1A5E-4189-B78D-73B54E7A5182}.Debug|Any CPU.ActiveCfg = Debug|Any CPU
		{F34E371B-1A5E-4189-B78D-73B54E7A5182}.Debug|Any CPU.Build.0 = Debug|Any CPU
		{F34E371B-1A5E-4189-B78D-73B54E7A5182}.Release|Any CPU.ActiveCfg = Release|Any CPU
		{F34E371B-1A5E-4189-B78D-73B54E7A5182}.Release|Any CPU.Build.0 = Release|Any CPU
	EndGlobalSection
	GlobalSection(SolutionProperties) = preSolution
		HideSolutionNode = FALSE
	EndGlobalSection
	GlobalSection(ExtensibilityGlobals) = postSolution
		SolutionGuid = {E0DE69E3-DB5C-45D6-B4FF-CA0426D3BDC9}
	EndGlobalSection
EndGlobal
