
Microsoft Visual Studio Solution File, Format Version 12.00
# Visual Studio Version 16
VisualStudioVersion = 16.0.30804.86
MinimumVisualStudioVersion = 10.0.40219.1
Project("{FAE04EC0-301F-11D3-BF4B-00C04F79EFBC}") = "WinAppAnalytics", "WinAppAnalytics\WinAppAnalytics.csproj", "{04609EF1-FC17-48E5-ABE7-1C0563E5DDEE}"
EndProject
Project("{FAE04EC0-301F-11D3-BF4B-00C04F79EFBC}") = "WinUIUWPAppAnalytics", "WinUIUWPAppAnalytics\WinUIUWPAppAnalytics.csproj", "{E01EE753-C247-4AE0-A551-7099DE81F707}"
EndProject
Global
	GlobalSection(SolutionConfigurationPlatforms) = preSolution
		Debug|ARM = Debug|ARM
		Debug|arm64 = Debug|arm64
		Debug|x64 = Debug|x64
		Debug|x86 = Debug|x86
		Release|ARM = Release|ARM
		Release|arm64 = Release|arm64
		Release|x64 = Release|x64
		Release|x86 = Release|x86
	EndGlobalSection
	GlobalSection(ProjectConfigurationPlatforms) = postSolution
		{04609EF1-FC17-48E5-ABE7-1C0563E5DDEE}.Debug|ARM.ActiveCfg = Debug|ARM
		{04609EF1-FC17-48E5-ABE7-1C0563E5DDEE}.Debug|ARM.Build.0 = Debug|ARM
		{04609EF1-FC17-48E5-ABE7-1C0563E5DDEE}.Debug|ARM.Deploy.0 = Debug|ARM
		{04609EF1-FC17-48E5-ABE7-1C0563E5DDEE}.Debug|arm64.ActiveCfg = Debug|x86
		{04609EF1-FC17-48E5-ABE7-1C0563E5DDEE}.Debug|x64.ActiveCfg = Debug|x64
		{04609EF1-FC17-48E5-ABE7-1C0563E5DDEE}.Debug|x64.Build.0 = Debug|x64
		{04609EF1-FC17-48E5-ABE7-1C0563E5DDEE}.Debug|x64.Deploy.0 = Debug|x64
		{04609EF1-FC17-48E5-ABE7-1C0563E5DDEE}.Debug|x86.ActiveCfg = Debug|x86
		{04609EF1-FC17-48E5-ABE7-1C0563E5DDEE}.Debug|x86.Build.0 = Debug|x86
		{04609EF1-FC17-48E5-ABE7-1C0563E5DDEE}.Debug|x86.Deploy.0 = Debug|x86
		{04609EF1-FC17-48E5-ABE7-1C0563E5DDEE}.Release|ARM.ActiveCfg = Release|ARM
		{04609EF1-FC17-48E5-ABE7-1C0563E5DDEE}.Release|ARM.Build.0 = Release|ARM
		{04609EF1-FC17-48E5-ABE7-1C0563E5DDEE}.Release|ARM.Deploy.0 = Release|ARM
		{04609EF1-FC17-48E5-ABE7-1C0563E5DDEE}.Release|arm64.ActiveCfg = Release|x86
		{04609EF1-FC17-48E5-ABE7-1C0563E5DDEE}.Release|x64.ActiveCfg = Release|x64
		{04609EF1-FC17-48E5-ABE7-1C0563E5DDEE}.Release|x64.Build.0 = Release|x64
		{04609EF1-FC17-48E5-ABE7-1C0563E5DDEE}.Release|x64.Deploy.0 = Release|x64
		{04609EF1-FC17-48E5-ABE7-1C0563E5DDEE}.Release|x86.ActiveCfg = Release|x86
		{04609EF1-FC17-48E5-ABE7-1C0563E5DDEE}.Release|x86.Build.0 = Release|x86
		{04609EF1-FC17-48E5-ABE7-1C0563E5DDEE}.Release|x86.Deploy.0 = Release|x86
		{E01EE753-C247-4AE0-A551-7099DE81F707}.Debug|ARM.ActiveCfg = Debug|x86
		{E01EE753-C247-4AE0-A551-7099DE81F707}.Debug|arm64.ActiveCfg = Debug|arm64
		{E01EE753-C247-4AE0-A551-7099DE81F707}.Debug|arm64.Build.0 = Debug|arm64
		{E01EE753-C247-4AE0-A551-7099DE81F707}.Debug|arm64.Deploy.0 = Debug|arm64
		{E01EE753-C247-4AE0-A551-7099DE81F707}.Debug|x64.ActiveCfg = Debug|x64
		{E01EE753-C247-4AE0-A551-7099DE81F707}.Debug|x64.Build.0 = Debug|x64
		{E01EE753-C247-4AE0-A551-7099DE81F707}.Debug|x64.Deploy.0 = Debug|x64
		{E01EE753-C247-4AE0-A551-7099DE81F707}.Debug|x86.ActiveCfg = Debug|x86
		{E01EE753-C247-4AE0-A551-7099DE81F707}.Debug|x86.Build.0 = Debug|x86
		{E01EE753-C247-4AE0-A551-7099DE81F707}.Debug|x86.Deploy.0 = Debug|x86
		{E01EE753-C247-4AE0-A551-7099DE81F707}.Release|ARM.ActiveCfg = Release|x86
		{E01EE753-C247-4AE0-A551-7099DE81F707}.Release|arm64.ActiveCfg = Release|arm64
		{E01EE753-C247-4AE0-A551-7099DE81F707}.Release|arm64.Build.0 = Release|arm64
		{E01EE753-C247-4AE0-A551-7099DE81F707}.Release|arm64.Deploy.0 = Release|arm64
		{E01EE753-C247-4AE0-A551-7099DE81F707}.Release|x64.ActiveCfg = Release|x64
		{E01EE753-C247-4AE0-A551-7099DE81F707}.Release|x64.Build.0 = Release|x64
		{E01EE753-C247-4AE0-A551-7099DE81F707}.Release|x64.Deploy.0 = Release|x64
		{E01EE753-C247-4AE0-A551-7099DE81F707}.Release|x86.ActiveCfg = Release|x86
		{E01EE753-C247-4AE0-A551-7099DE81F707}.Release|x86.Build.0 = Release|x86
		{E01EE753-C247-4AE0-A551-7099DE81F707}.Release|x86.Deploy.0 = Release|x86
	EndGlobalSection
	GlobalSection(SolutionProperties) = preSolution
		HideSolutionNode = FALSE
	EndGlobalSection
	GlobalSection(ExtensibilityGlobals) = postSolution
		SolutionGuid = {E62DBBAB-71F6-4FE6-B3E4-D4F74D6F7492}
	EndGlobalSection
EndGlobal
