
Microsoft Visual Studio Solution File, Format Version 12.00
# Visual Studio Version 16
VisualStudioVersion = 16.0.31205.134
MinimumVisualStudioVersion = 10.0.40219.1
Project("{9A19103F-16F7-4668-BE54-9A1E7A4F7556}") = "Blazor.ServerSample", "Blazor.ServerSample.csproj", "{FEE21404-7FDA-499B-8A6C-61462B0673AA}"
EndProject
Global
	GlobalSection(SolutionConfigurationPlatforms) = preSolution
		Debug|Any CPU = Debug|Any CPU
		Release|Any CPU = Release|Any CPU
	EndGlobalSection
	GlobalSection(ProjectConfigurationPlatforms) = postSolution
		{FEE21404-7FDA-499B-8A6C-61462B0673AA}.Debug|Any CPU.ActiveCfg = Debug|Any CPU
		{FEE21404-7FDA-499B-8A6C-61462B0673AA}.Debug|Any CPU.Build.0 = Debug|Any CPU
		{FEE21404-7FDA-499B-8A6C-61462B0673AA}.Release|Any CPU.ActiveCfg = Release|Any CPU
		{FEE21404-7FDA-499B-8A6C-61462B0673AA}.Release|Any CPU.Build.0 = Release|Any CPU
	EndGlobalSection
	GlobalSection(SolutionProperties) = preSolution
		HideSolutionNode = FALSE
	EndGlobalSection
	GlobalSection(ExtensibilityGlobals) = postSolution
		SolutionGuid = {58A2DD0A-5570-4AA2-B040-4750B2F3F213}
	EndGlobalSection
EndGlobal
