
Microsoft Visual Studio Solution File, Format Version 12.00
# Visual Studio Version 16
VisualStudioVersion = 16.0.30420.98
MinimumVisualStudioVersion = 10.0.40219.1
Project("{9A19103F-16F7-4668-BE54-9A1E7A4F7556}") = "HelloWorld", "HelloWorld.csproj", "{BABD439C-FD99-4FD3-BBD1-F3ADAF262FD4}"
EndProject
Global
	GlobalSection(SolutionConfigurationPlatforms) = preSolution
		Debug|Any CPU = Debug|Any CPU
		Release|Any CPU = Release|Any CPU
	EndGlobalSection
	GlobalSection(ProjectConfigurationPlatforms) = postSolution
		{BABD439C-FD99-4FD3-BBD1-F3ADAF262FD4}.Debug|Any CPU.ActiveCfg = Debug|Any CPU
		{BABD439C-FD99-4FD3-BBD1-F3ADAF262FD4}.Debug|Any CPU.Build.0 = Debug|Any CPU
		{BABD439C-FD99-4FD3-BBD1-F3ADAF262FD4}.Release|Any CPU.ActiveCfg = Release|Any CPU
		{BABD439C-FD99-4FD3-BBD1-F3ADAF262FD4}.Release|Any CPU.Build.0 = Release|Any CPU
	EndGlobalSection
	GlobalSection(SolutionProperties) = preSolution
		HideSolutionNode = FALSE
	EndGlobalSection
	GlobalSection(ExtensibilityGlobals) = postSolution
		SolutionGuid = {E9952F46-D63F-413F-B2DA-200274E585FA}
	EndGlobalSection
EndGlobal
