Microsoft Visual Studio Solution File, Format Version 12.00
# Visual Studio Version 16
VisualStudioVersion = 16.0.0.0
MinimumVisualStudioVersion = 16.0.0.0
Project("{9A19103F-16F7-4668-BE54-9A1E7A4F7556}") = "Blazor.WasmSample.Server", "Server\Blazor.WasmSample.Server.csproj", "{83FA656C-88E2-4687-A1DB-85F300FCD7E6}"
EndProject
Project("{9A19103F-16F7-4668-BE54-9A1E7A4F7556}") = "Blazor.WasmSample.Client", "Client\Blazor.WasmSample.Client.csproj", "{AF0C618C-CFCA-49F6-8FBE-BEB1AE9968A6}"
EndProject
Project("{9A19103F-16F7-4668-BE54-9A1E7A4F7556}") = "Blazor.WasmSample.Shared", "Shared\Blazor.WasmSample.Shared.csproj", "{3DFD5876-45F3-429B-A07B-5FF88AB09397}"
EndProject
Global
	GlobalSection(SolutionConfigurationPlatforms) = preSolution
		Debug|Any CPU = Debug|Any CPU
		Debug|x64 = Debug|x64
		Debug|x86 = Debug|x86
		Release|Any CPU = Release|Any CPU
		Release|x64 = Release|x64
		Release|x86 = Release|x86
	EndGlobalSection
	GlobalSection(ProjectConfigurationPlatforms) = postSolution
		{83FA656C-88E2-4687-A1DB-85F300FCD7E6}.Debug|Any CPU.ActiveCfg = Debug|Any CPU
		{83FA656C-88E2-4687-A1DB-85F300FCD7E6}.Debug|Any CPU.Build.0 = Debug|Any CPU
		{83FA656C-88E2-4687-A1DB-85F300FCD7E6}.Debug|x64.ActiveCfg = Debug|Any CPU
		{83FA656C-88E2-4687-A1DB-85F300FCD7E6}.Debug|x64.Build.0 = Debug|Any CPU
		{83FA656C-88E2-4687-A1DB-85F300FCD7E6}.Debug|x86.ActiveCfg = Debug|Any CPU
		{83FA656C-88E2-4687-A1DB-85F300FCD7E6}.Debug|x86.Build.0 = Debug|Any CPU
		{83FA656C-88E2-4687-A1DB-85F300FCD7E6}.Release|Any CPU.ActiveCfg = Release|Any CPU
		{83FA656C-88E2-4687-A1DB-85F300FCD7E6}.Release|Any CPU.Build.0 = Release|Any CPU
		{83FA656C-88E2-4687-A1DB-85F300FCD7E6}.Release|x64.ActiveCfg = Release|Any CPU
		{83FA656C-88E2-4687-A1DB-85F300FCD7E6}.Release|x64.Build.0 = Release|Any CPU
		{83FA656C-88E2-4687-A1DB-85F300FCD7E6}.Release|x86.ActiveCfg = Release|Any CPU
		{83FA656C-88E2-4687-A1DB-85F300FCD7E6}.Release|x86.Build.0 = Release|Any CPU
		{AF0C618C-CFCA-49F6-8FBE-BEB1AE9968A6}.Debug|Any CPU.ActiveCfg = Debug|Any CPU
		{AF0C618C-CFCA-49F6-8FBE-BEB1AE9968A6}.Debug|Any CPU.Build.0 = Debug|Any CPU
		{AF0C618C-CFCA-49F6-8FBE-BEB1AE9968A6}.Debug|x64.ActiveCfg = Debug|Any CPU
		{AF0C618C-CFCA-49F6-8FBE-BEB1AE9968A6}.Debug|x64.Build.0 = Debug|Any CPU
		{AF0C618C-CFCA-49F6-8FBE-BEB1AE9968A6}.Debug|x86.ActiveCfg = Debug|Any CPU
		{AF0C618C-CFCA-49F6-8FBE-BEB1AE9968A6}.Debug|x86.Build.0 = Debug|Any CPU
		{AF0C618C-CFCA-49F6-8FBE-BEB1AE9968A6}.Release|Any CPU.ActiveCfg = Release|Any CPU
		{AF0C618C-CFCA-49F6-8FBE-BEB1AE9968A6}.Release|Any CPU.Build.0 = Release|Any CPU
		{AF0C618C-CFCA-49F6-8FBE-BEB1AE9968A6}.Release|x64.ActiveCfg = Release|Any CPU
		{AF0C618C-CFCA-49F6-8FBE-BEB1AE9968A6}.Release|x64.Build.0 = Release|Any CPU
		{AF0C618C-CFCA-49F6-8FBE-BEB1AE9968A6}.Release|x86.ActiveCfg = Release|Any CPU
		{AF0C618C-CFCA-49F6-8FBE-BEB1AE9968A6}.Release|x86.Build.0 = Release|Any CPU
		{3DFD5876-45F3-429B-A07B-5FF88AB09397}.Debug|Any CPU.ActiveCfg = Debug|Any CPU
		{3DFD5876-45F3-429B-A07B-5FF88AB09397}.Debug|Any CPU.Build.0 = Debug|Any CPU
		{3DFD5876-45F3-429B-A07B-5FF88AB09397}.Debug|x64.ActiveCfg = Debug|Any CPU
		{3DFD5876-45F3-429B-A07B-5FF88AB09397}.Debug|x64.Build.0 = Debug|Any CPU
		{3DFD5876-45F3-429B-A07B-5FF88AB09397}.Debug|x86.ActiveCfg = Debug|Any CPU
		{3DFD5876-45F3-429B-A07B-5FF88AB09397}.Debug|x86.Build.0 = Debug|Any CPU
		{3DFD5876-45F3-429B-A07B-5FF88AB09397}.Release|Any CPU.ActiveCfg = Release|Any CPU
		{3DFD5876-45F3-429B-A07B-5FF88AB09397}.Release|Any CPU.Build.0 = Release|Any CPU
		{3DFD5876-45F3-429B-A07B-5FF88AB09397}.Release|x64.ActiveCfg = Release|Any CPU
		{3DFD5876-45F3-429B-A07B-5FF88AB09397}.Release|x64.Build.0 = Release|Any CPU
		{3DFD5876-45F3-429B-A07B-5FF88AB09397}.Release|x86.ActiveCfg = Release|Any CPU
		{3DFD5876-45F3-429B-A07B-5FF88AB09397}.Release|x86.Build.0 = Release|Any CPU
	EndGlobalSection
	GlobalSection(SolutionProperties) = preSolution
		HideSolutionNode = FALSE
	EndGlobalSection
	GlobalSection(ExtensibilityGlobals) = postSolution
		SolutionGuid = {5A9CDB98-E6B9-44E6-83C2-C423CB14F941}
	EndGlobalSection
EndGlobal
